
Microsoft Visual Studio Solution File, Format Version 12.00
# Visual Studio Version 16
VisualStudioVersion = 16.0.30204.135
MinimumVisualStudioVersion = 10.0.40219.1
Project("{2150E333-8FDC-42A3-9474-1A3956D46DE8}") = "src", "src", "{3D04C4DC-6F8E-4326-9569-92F3E26C6EEB}"
EndProject
Project("{2150E333-8FDC-42A3-9474-1A3956D46DE8}") = "shared", "shared", "{B6984E67-A4D0-459E-B3C9-01CA4DBBE241}"
EndProject
Project("{9A19103F-16F7-4668-BE54-9A1E7A4F7556}") = "Examples.Common", "examples\Examples.Common\Examples.Common.csproj", "{6583F474-9D3B-490D-A289-AACDD1CC5E91}"
EndProject
Project("{2150E333-8FDC-42A3-9474-1A3956D46DE8}") = "echo", "echo", "{BDC167B0-7AB2-4500-B57D-548053980DB6}"
EndProject
Project("{9A19103F-16F7-4668-BE54-9A1E7A4F7556}") = "Echo.Server", "examples\Echo.Server\Echo.Server.csproj", "{A4EC8797-D6E3-4E86-8BEF-900E29CF64A8}"
EndProject
Project("{9A19103F-16F7-4668-BE54-9A1E7A4F7556}") = "Echo.Client", "examples\Echo.Client\Echo.Client.csproj", "{42913C3D-2CD2-49E9-9140-2F18AD4655DD}"
EndProject
Project("{2150E333-8FDC-42A3-9474-1A3956D46DE8}") = "discard", "discard", "{C92DE8BC-2314-469C-A2D1-872E7636BD33}"
EndProject
Project("{9A19103F-16F7-4668-BE54-9A1E7A4F7556}") = "Discard.Client", "examples\Discard.Client\Discard.Client.csproj", "{D479537A-D99D-4552-A839-D2040E516A5D}"
EndProject
Project("{9A19103F-16F7-4668-BE54-9A1E7A4F7556}") = "Discard.Server", "examples\Discard.Server\Discard.Server.csproj", "{A1A4EE55-22BE-4235-B902-FA2F292747A4}"
EndProject
Project("{2150E333-8FDC-42A3-9474-1A3956D46DE8}") = "factorial", "factorial", "{AD4B71FF-5FD4-4CEC-9189-63B66D71D9D8}"
EndProject
Project("{9A19103F-16F7-4668-BE54-9A1E7A4F7556}") = "Factorial", "examples\Factorial\Factorial.csproj", "{FD34E821-FE53-4A3C-A29C-F89DF11D3B87}"
EndProject
Project("{9A19103F-16F7-4668-BE54-9A1E7A4F7556}") = "Factorial.Client", "examples\Factorial.Client\Factorial.Client.csproj", "{83D2745C-8998-4378-9B34-FDD441958E54}"
EndProject
Project("{9A19103F-16F7-4668-BE54-9A1E7A4F7556}") = "Factorial.Server", "examples\Factorial.Server\Factorial.Server.csproj", "{DEC052BA-8B2E-455E-B3F2-201300DFCB9D}"
EndProject
Project("{2150E333-8FDC-42A3-9474-1A3956D46DE8}") = "http", "http", "{33172436-B05B-4B17-974E-56B62AA09324}"
EndProject
Project("{9A19103F-16F7-4668-BE54-9A1E7A4F7556}") = "HttpServer", "examples\HttpServer\HttpServer.csproj", "{C9651EA3-BCBD-4CFA-8FFC-12F6036E0539}"
EndProject
Project("{2150E333-8FDC-42A3-9474-1A3956D46DE8}") = "helloworld", "helloworld", "{0BDC5BE7-6026-49F9-AB57-0CD3933BFEA6}"
EndProject
Project("{2150E333-8FDC-42A3-9474-1A3956D46DE8}") = "upload", "upload", "{9F4E0756-F931-4358-929C-FF8B817D1A88}"
EndProject
Project("{9A19103F-16F7-4668-BE54-9A1E7A4F7556}") = "HttpUpload.Server", "examples\HttpUpload.Server\HttpUpload.Server.csproj", "{75C54426-5238-4BB0-AFFD-CA9F9E4C21E6}"
EndProject
Project("{9A19103F-16F7-4668-BE54-9A1E7A4F7556}") = "HttpUpload.Client", "examples\HttpUpload.Client\HttpUpload.Client.csproj", "{50135C9A-E022-4DE4-8802-391F88E83D94}"
EndProject
Project("{2150E333-8FDC-42A3-9474-1A3956D46DE8}") = "websocketx", "websocketx", "{9EF8A2E6-D549-4552-92F0-B831B35B4F6F}"
EndProject
Project("{9A19103F-16F7-4668-BE54-9A1E7A4F7556}") = "WebSockets.Client", "examples\WebSockets.Client\WebSockets.Client.csproj", "{2BC77068-5CBF-4707-9AC5-90C05588EF0A}"
EndProject
Project("{9A19103F-16F7-4668-BE54-9A1E7A4F7556}") = "WebSockets.Server", "examples\WebSockets.Server\WebSockets.Server.csproj", "{6B242170-8579-4D33-AD72-52898B354BCE}"
EndProject
Project("{2150E333-8FDC-42A3-9474-1A3956D46DE8}") = "http2", "http2", "{CD16AA51-F510-4CEB-97A9-C10C4F6FD7BF}"
EndProject
Project("{2150E333-8FDC-42A3-9474-1A3956D46DE8}") = "telnet", "telnet", "{9E375F92-97EE-41AB-933B-838C01992435}"
EndProject
Project("{9A19103F-16F7-4668-BE54-9A1E7A4F7556}") = "Telnet.Client", "examples\Telnet.Client\Telnet.Client.csproj", "{8A4BDBA7-806E-4E24-98DC-692A175CB2C7}"
EndProject
Project("{9A19103F-16F7-4668-BE54-9A1E7A4F7556}") = "Telnet.Server", "examples\Telnet.Server\Telnet.Server.csproj", "{7FA5384F-5005-4539-92A5-B6DB8165E4E3}"
EndProject
Project("{2150E333-8FDC-42A3-9474-1A3956D46DE8}") = "chat", "chat", "{42477B99-42DB-4A2D-9DDB-8C07403E35AA}"
EndProject
Project("{9A19103F-16F7-4668-BE54-9A1E7A4F7556}") = "SecureChat.Client", "examples\SecureChat.Client\SecureChat.Client.csproj", "{E3F3DD78-C939-415C-A47C-5A2230A8938B}"
EndProject
Project("{9A19103F-16F7-4668-BE54-9A1E7A4F7556}") = "SecureChat.Server", "examples\SecureChat.Server\SecureChat.Server.csproj", "{B11619F8-D246-4AD8-ACBB-217C3ADC2E76}"
EndProject
Project("{2150E333-8FDC-42A3-9474-1A3956D46DE8}") = "qotm", "qotm", "{EFBE4665-FD4E-419A-9FAE-0B4E4498BFB8}"
EndProject
Project("{9A19103F-16F7-4668-BE54-9A1E7A4F7556}") = "QuoteOfTheMoment.Client", "examples\QuoteOfTheMoment.Client\QuoteOfTheMoment.Client.csproj", "{A82F0BD7-67EC-4136-BE06-9C3C2A5DD19E}"
EndProject
Project("{9A19103F-16F7-4668-BE54-9A1E7A4F7556}") = "QuoteOfTheMoment.Server", "examples\QuoteOfTheMoment.Server\QuoteOfTheMoment.Server.csproj", "{F6C88A7E-17B3-4F19-BE20-569114EE5CF9}"
EndProject
Project("{9A19103F-16F7-4668-BE54-9A1E7A4F7556}") = "Http2Tiles", "examples\Http2Tiles\Http2Tiles.csproj", "{5C39D82A-921B-4C18-B69F-3F09097A1DD3}"
EndProject
Project("{2150E333-8FDC-42A3-9474-1A3956D46DE8}") = "server", "server", "{4B8CF856-C389-4448-B7E7-76C9C6182A23}"
EndProject
Project("{9A19103F-16F7-4668-BE54-9A1E7A4F7556}") = "Http2Helloworld.Server", "examples\Http2Helloworld.Server\Http2Helloworld.Server.csproj", "{800DE51E-DEAF-4AAE-8766-6B82ABC7CA8C}"
EndProject
Project("{2150E333-8FDC-42A3-9474-1A3956D46DE8}") = "multiplex", "multiplex", "{CBD0C347-8478-444C-B213-E2566E83AD5D}"
EndProject
Project("{9A19103F-16F7-4668-BE54-9A1E7A4F7556}") = "Http2Helloworld.MultiplexServer", "examples\Http2Helloworld.MultiplexServer\Http2Helloworld.MultiplexServer.csproj", "{6385DAA1-CD60-4BAA-8375-626E9E0C9C04}"
EndProject
Project("{2150E333-8FDC-42A3-9474-1A3956D46DE8}") = "frame", "frame", "{CC410E82-9EB8-4EF6-8D08-50D98D3D670D}"
EndProject
Project("{9A19103F-16F7-4668-BE54-9A1E7A4F7556}") = "Http2Helloworld.FrameServer", "examples\Http2Helloworld.FrameServer\Http2Helloworld.FrameServer.csproj", "{55923E88-7902-4D4A-ADDE-CED7B1EFFA24}"
EndProject
Project("{2150E333-8FDC-42A3-9474-1A3956D46DE8}") = "client", "client", "{B0908A63-FE01-4D14-BC22-DA6392BE3C07}"
EndProject
Project("{9A19103F-16F7-4668-BE54-9A1E7A4F7556}") = "Http2Helloworld.Client", "examples\Http2Helloworld.Client\Http2Helloworld.Client.csproj", "{12783F5C-1E8F-4C4F-9566-6F85FC7D8B6F}"
EndProject
Project("{9A19103F-16F7-4668-BE54-9A1E7A4F7556}") = "Http2Helloworld.FrameClient", "examples\Http2Helloworld.FrameClient\Http2Helloworld.FrameClient.csproj", "{2D7454BF-20D3-447A-B833-E2674AE8FA81}"
EndProject
Global
	GlobalSection(SolutionConfigurationPlatforms) = preSolution
		Debug|Any CPU = Debug|Any CPU
		Debug|ARM = Debug|ARM
		Debug|x64 = Debug|x64
		Debug|x86 = Debug|x86
		Release|Any CPU = Release|Any CPU
		Release|ARM = Release|ARM
		Release|x64 = Release|x64
		Release|x86 = Release|x86
	EndGlobalSection
	GlobalSection(ProjectConfigurationPlatforms) = postSolution
		{6583F474-9D3B-490D-A289-AACDD1CC5E91}.Debug|Any CPU.ActiveCfg = Debug|Any CPU
		{6583F474-9D3B-490D-A289-AACDD1CC5E91}.Debug|Any CPU.Build.0 = Debug|Any CPU
		{6583F474-9D3B-490D-A289-AACDD1CC5E91}.Debug|ARM.ActiveCfg = Debug|Any CPU
		{6583F474-9D3B-490D-A289-AACDD1CC5E91}.Debug|ARM.Build.0 = Debug|Any CPU
		{6583F474-9D3B-490D-A289-AACDD1CC5E91}.Debug|x64.ActiveCfg = Debug|Any CPU
		{6583F474-9D3B-490D-A289-AACDD1CC5E91}.Debug|x64.Build.0 = Debug|Any CPU
		{6583F474-9D3B-490D-A289-AACDD1CC5E91}.Debug|x86.ActiveCfg = Debug|Any CPU
		{6583F474-9D3B-490D-A289-AACDD1CC5E91}.Debug|x86.Build.0 = Debug|Any CPU
		{6583F474-9D3B-490D-A289-AACDD1CC5E91}.Release|Any CPU.ActiveCfg = Release|Any CPU
		{6583F474-9D3B-490D-A289-AACDD1CC5E91}.Release|Any CPU.Build.0 = Release|Any CPU
		{6583F474-9D3B-490D-A289-AACDD1CC5E91}.Release|ARM.ActiveCfg = Release|Any CPU
		{6583F474-9D3B-490D-A289-AACDD1CC5E91}.Release|ARM.Build.0 = Release|Any CPU
		{6583F474-9D3B-490D-A289-AACDD1CC5E91}.Release|x64.ActiveCfg = Release|Any CPU
		{6583F474-9D3B-490D-A289-AACDD1CC5E91}.Release|x64.Build.0 = Release|Any CPU
		{6583F474-9D3B-490D-A289-AACDD1CC5E91}.Release|x86.ActiveCfg = Release|Any CPU
		{6583F474-9D3B-490D-A289-AACDD1CC5E91}.Release|x86.Build.0 = Release|Any CPU
		{A4EC8797-D6E3-4E86-8BEF-900E29CF64A8}.Debug|Any CPU.ActiveCfg = Debug|Any CPU
		{A4EC8797-D6E3-4E86-8BEF-900E29CF64A8}.Debug|Any CPU.Build.0 = Debug|Any CPU
		{A4EC8797-D6E3-4E86-8BEF-900E29CF64A8}.Debug|ARM.ActiveCfg = Debug|Any CPU
		{A4EC8797-D6E3-4E86-8BEF-900E29CF64A8}.Debug|ARM.Build.0 = Debug|Any CPU
		{A4EC8797-D6E3-4E86-8BEF-900E29CF64A8}.Debug|x64.ActiveCfg = Debug|Any CPU
		{A4EC8797-D6E3-4E86-8BEF-900E29CF64A8}.Debug|x64.Build.0 = Debug|Any CPU
		{A4EC8797-D6E3-4E86-8BEF-900E29CF64A8}.Debug|x86.ActiveCfg = Debug|Any CPU
		{A4EC8797-D6E3-4E86-8BEF-900E29CF64A8}.Debug|x86.Build.0 = Debug|Any CPU
		{A4EC8797-D6E3-4E86-8BEF-900E29CF64A8}.Release|Any CPU.ActiveCfg = Release|Any CPU
		{A4EC8797-D6E3-4E86-8BEF-900E29CF64A8}.Release|Any CPU.Build.0 = Release|Any CPU
		{A4EC8797-D6E3-4E86-8BEF-900E29CF64A8}.Release|ARM.ActiveCfg = Release|Any CPU
		{A4EC8797-D6E3-4E86-8BEF-900E29CF64A8}.Release|ARM.Build.0 = Release|Any CPU
		{A4EC8797-D6E3-4E86-8BEF-900E29CF64A8}.Release|x64.ActiveCfg = Release|Any CPU
		{A4EC8797-D6E3-4E86-8BEF-900E29CF64A8}.Release|x64.Build.0 = Release|Any CPU
		{A4EC8797-D6E3-4E86-8BEF-900E29CF64A8}.Release|x86.ActiveCfg = Release|Any CPU
		{A4EC8797-D6E3-4E86-8BEF-900E29CF64A8}.Release|x86.Build.0 = Release|Any CPU
		{42913C3D-2CD2-49E9-9140-2F18AD4655DD}.Debug|Any CPU.ActiveCfg = Debug|Any CPU
		{42913C3D-2CD2-49E9-9140-2F18AD4655DD}.Debug|Any CPU.Build.0 = Debug|Any CPU
		{42913C3D-2CD2-49E9-9140-2F18AD4655DD}.Debug|ARM.ActiveCfg = Debug|Any CPU
		{42913C3D-2CD2-49E9-9140-2F18AD4655DD}.Debug|ARM.Build.0 = Debug|Any CPU
		{42913C3D-2CD2-49E9-9140-2F18AD4655DD}.Debug|x64.ActiveCfg = Debug|Any CPU
		{42913C3D-2CD2-49E9-9140-2F18AD4655DD}.Debug|x64.Build.0 = Debug|Any CPU
		{42913C3D-2CD2-49E9-9140-2F18AD4655DD}.Debug|x86.ActiveCfg = Debug|Any CPU
		{42913C3D-2CD2-49E9-9140-2F18AD4655DD}.Debug|x86.Build.0 = Debug|Any CPU
		{42913C3D-2CD2-49E9-9140-2F18AD4655DD}.Release|Any CPU.ActiveCfg = Release|Any CPU
		{42913C3D-2CD2-49E9-9140-2F18AD4655DD}.Release|Any CPU.Build.0 = Release|Any CPU
		{42913C3D-2CD2-49E9-9140-2F18AD4655DD}.Release|ARM.ActiveCfg = Release|Any CPU
		{42913C3D-2CD2-49E9-9140-2F18AD4655DD}.Release|ARM.Build.0 = Release|Any CPU
		{42913C3D-2CD2-49E9-9140-2F18AD4655DD}.Release|x64.ActiveCfg = Release|Any CPU
		{42913C3D-2CD2-49E9-9140-2F18AD4655DD}.Release|x64.Build.0 = Release|Any CPU
		{42913C3D-2CD2-49E9-9140-2F18AD4655DD}.Release|x86.ActiveCfg = Release|Any CPU
		{42913C3D-2CD2-49E9-9140-2F18AD4655DD}.Release|x86.Build.0 = Release|Any CPU
		{D479537A-D99D-4552-A839-D2040E516A5D}.Debug|Any CPU.ActiveCfg = Debug|Any CPU
		{D479537A-D99D-4552-A839-D2040E516A5D}.Debug|Any CPU.Build.0 = Debug|Any CPU
		{D479537A-D99D-4552-A839-D2040E516A5D}.Debug|ARM.ActiveCfg = Debug|Any CPU
		{D479537A-D99D-4552-A839-D2040E516A5D}.Debug|ARM.Build.0 = Debug|Any CPU
		{D479537A-D99D-4552-A839-D2040E516A5D}.Debug|x64.ActiveCfg = Debug|Any CPU
		{D479537A-D99D-4552-A839-D2040E516A5D}.Debug|x64.Build.0 = Debug|Any CPU
		{D479537A-D99D-4552-A839-D2040E516A5D}.Debug|x86.ActiveCfg = Debug|Any CPU
		{D479537A-D99D-4552-A839-D2040E516A5D}.Debug|x86.Build.0 = Debug|Any CPU
		{D479537A-D99D-4552-A839-D2040E516A5D}.Release|Any CPU.ActiveCfg = Release|Any CPU
		{D479537A-D99D-4552-A839-D2040E516A5D}.Release|Any CPU.Build.0 = Release|Any CPU
		{D479537A-D99D-4552-A839-D2040E516A5D}.Release|ARM.ActiveCfg = Release|Any CPU
		{D479537A-D99D-4552-A839-D2040E516A5D}.Release|ARM.Build.0 = Release|Any CPU
		{D479537A-D99D-4552-A839-D2040E516A5D}.Release|x64.ActiveCfg = Release|Any CPU
		{D479537A-D99D-4552-A839-D2040E516A5D}.Release|x64.Build.0 = Release|Any CPU
		{D479537A-D99D-4552-A839-D2040E516A5D}.Release|x86.ActiveCfg = Release|Any CPU
		{D479537A-D99D-4552-A839-D2040E516A5D}.Release|x86.Build.0 = Release|Any CPU
		{A1A4EE55-22BE-4235-B902-FA2F292747A4}.Debug|Any CPU.ActiveCfg = Debug|Any CPU
		{A1A4EE55-22BE-4235-B902-FA2F292747A4}.Debug|Any CPU.Build.0 = Debug|Any CPU
		{A1A4EE55-22BE-4235-B902-FA2F292747A4}.Debug|ARM.ActiveCfg = Debug|Any CPU
		{A1A4EE55-22BE-4235-B902-FA2F292747A4}.Debug|ARM.Build.0 = Debug|Any CPU
		{A1A4EE55-22BE-4235-B902-FA2F292747A4}.Debug|x64.ActiveCfg = Debug|Any CPU
		{A1A4EE55-22BE-4235-B902-FA2F292747A4}.Debug|x64.Build.0 = Debug|Any CPU
		{A1A4EE55-22BE-4235-B902-FA2F292747A4}.Debug|x86.ActiveCfg = Debug|Any CPU
		{A1A4EE55-22BE-4235-B902-FA2F292747A4}.Debug|x86.Build.0 = Debug|Any CPU
		{A1A4EE55-22BE-4235-B902-FA2F292747A4}.Release|Any CPU.ActiveCfg = Release|Any CPU
		{A1A4EE55-22BE-4235-B902-FA2F292747A4}.Release|Any CPU.Build.0 = Release|Any CPU
		{A1A4EE55-22BE-4235-B902-FA2F292747A4}.Release|ARM.ActiveCfg = Release|Any CPU
		{A1A4EE55-22BE-4235-B902-FA2F292747A4}.Release|ARM.Build.0 = Release|Any CPU
		{A1A4EE55-22BE-4235-B902-FA2F292747A4}.Release|x64.ActiveCfg = Release|Any CPU
		{A1A4EE55-22BE-4235-B902-FA2F292747A4}.Release|x64.Build.0 = Release|Any CPU
		{A1A4EE55-22BE-4235-B902-FA2F292747A4}.Release|x86.ActiveCfg = Release|Any CPU
		{A1A4EE55-22BE-4235-B902-FA2F292747A4}.Release|x86.Build.0 = Release|Any CPU
		{FD34E821-FE53-4A3C-A29C-F89DF11D3B87}.Debug|Any CPU.ActiveCfg = Debug|Any CPU
		{FD34E821-FE53-4A3C-A29C-F89DF11D3B87}.Debug|Any CPU.Build.0 = Debug|Any CPU
		{FD34E821-FE53-4A3C-A29C-F89DF11D3B87}.Debug|ARM.ActiveCfg = Debug|Any CPU
		{FD34E821-FE53-4A3C-A29C-F89DF11D3B87}.Debug|ARM.Build.0 = Debug|Any CPU
		{FD34E821-FE53-4A3C-A29C-F89DF11D3B87}.Debug|x64.ActiveCfg = Debug|Any CPU
		{FD34E821-FE53-4A3C-A29C-F89DF11D3B87}.Debug|x64.Build.0 = Debug|Any CPU
		{FD34E821-FE53-4A3C-A29C-F89DF11D3B87}.Debug|x86.ActiveCfg = Debug|Any CPU
		{FD34E821-FE53-4A3C-A29C-F89DF11D3B87}.Debug|x86.Build.0 = Debug|Any CPU
		{FD34E821-FE53-4A3C-A29C-F89DF11D3B87}.Release|Any CPU.ActiveCfg = Release|Any CPU
		{FD34E821-FE53-4A3C-A29C-F89DF11D3B87}.Release|Any CPU.Build.0 = Release|Any CPU
		{FD34E821-FE53-4A3C-A29C-F89DF11D3B87}.Release|ARM.ActiveCfg = Release|Any CPU
		{FD34E821-FE53-4A3C-A29C-F89DF11D3B87}.Release|ARM.Build.0 = Release|Any CPU
		{FD34E821-FE53-4A3C-A29C-F89DF11D3B87}.Release|x64.ActiveCfg = Release|Any CPU
		{FD34E821-FE53-4A3C-A29C-F89DF11D3B87}.Release|x64.Build.0 = Release|Any CPU
		{FD34E821-FE53-4A3C-A29C-F89DF11D3B87}.Release|x86.ActiveCfg = Release|Any CPU
		{FD34E821-FE53-4A3C-A29C-F89DF11D3B87}.Release|x86.Build.0 = Release|Any CPU
		{83D2745C-8998-4378-9B34-FDD441958E54}.Debug|Any CPU.ActiveCfg = Debug|Any CPU
		{83D2745C-8998-4378-9B34-FDD441958E54}.Debug|Any CPU.Build.0 = Debug|Any CPU
		{83D2745C-8998-4378-9B34-FDD441958E54}.Debug|ARM.ActiveCfg = Debug|Any CPU
		{83D2745C-8998-4378-9B34-FDD441958E54}.Debug|ARM.Build.0 = Debug|Any CPU
		{83D2745C-8998-4378-9B34-FDD441958E54}.Debug|x64.ActiveCfg = Debug|Any CPU
		{83D2745C-8998-4378-9B34-FDD441958E54}.Debug|x64.Build.0 = Debug|Any CPU
		{83D2745C-8998-4378-9B34-FDD441958E54}.Debug|x86.ActiveCfg = Debug|Any CPU
		{83D2745C-8998-4378-9B34-FDD441958E54}.Debug|x86.Build.0 = Debug|Any CPU
		{83D2745C-8998-4378-9B34-FDD441958E54}.Release|Any CPU.ActiveCfg = Release|Any CPU
		{83D2745C-8998-4378-9B34-FDD441958E54}.Release|Any CPU.Build.0 = Release|Any CPU
		{83D2745C-8998-4378-9B34-FDD441958E54}.Release|ARM.ActiveCfg = Release|Any CPU
		{83D2745C-8998-4378-9B34-FDD441958E54}.Release|ARM.Build.0 = Release|Any CPU
		{83D2745C-8998-4378-9B34-FDD441958E54}.Release|x64.ActiveCfg = Release|Any CPU
		{83D2745C-8998-4378-9B34-FDD441958E54}.Release|x64.Build.0 = Release|Any CPU
		{83D2745C-8998-4378-9B34-FDD441958E54}.Release|x86.ActiveCfg = Release|Any CPU
		{83D2745C-8998-4378-9B34-FDD441958E54}.Release|x86.Build.0 = Release|Any CPU
		{DEC052BA-8B2E-455E-B3F2-201300DFCB9D}.Debug|Any CPU.ActiveCfg = Debug|Any CPU
		{DEC052BA-8B2E-455E-B3F2-201300DFCB9D}.Debug|Any CPU.Build.0 = Debug|Any CPU
		{DEC052BA-8B2E-455E-B3F2-201300DFCB9D}.Debug|ARM.ActiveCfg = Debug|Any CPU
		{DEC052BA-8B2E-455E-B3F2-201300DFCB9D}.Debug|ARM.Build.0 = Debug|Any CPU
		{DEC052BA-8B2E-455E-B3F2-201300DFCB9D}.Debug|x64.ActiveCfg = Debug|Any CPU
		{DEC052BA-8B2E-455E-B3F2-201300DFCB9D}.Debug|x64.Build.0 = Debug|Any CPU
		{DEC052BA-8B2E-455E-B3F2-201300DFCB9D}.Debug|x86.ActiveCfg = Debug|Any CPU
		{DEC052BA-8B2E-455E-B3F2-201300DFCB9D}.Debug|x86.Build.0 = Debug|Any CPU
		{DEC052BA-8B2E-455E-B3F2-201300DFCB9D}.Release|Any CPU.ActiveCfg = Release|Any CPU
		{DEC052BA-8B2E-455E-B3F2-201300DFCB9D}.Release|Any CPU.Build.0 = Release|Any CPU
		{DEC052BA-8B2E-455E-B3F2-201300DFCB9D}.Release|ARM.ActiveCfg = Release|Any CPU
		{DEC052BA-8B2E-455E-B3F2-201300DFCB9D}.Release|ARM.Build.0 = Release|Any CPU
		{DEC052BA-8B2E-455E-B3F2-201300DFCB9D}.Release|x64.ActiveCfg = Release|Any CPU
		{DEC052BA-8B2E-455E-B3F2-201300DFCB9D}.Release|x64.Build.0 = Release|Any CPU
		{DEC052BA-8B2E-455E-B3F2-201300DFCB9D}.Release|x86.ActiveCfg = Release|Any CPU
		{DEC052BA-8B2E-455E-B3F2-201300DFCB9D}.Release|x86.Build.0 = Release|Any CPU
		{C9651EA3-BCBD-4CFA-8FFC-12F6036E0539}.Debug|Any CPU.ActiveCfg = Debug|Any CPU
		{C9651EA3-BCBD-4CFA-8FFC-12F6036E0539}.Debug|Any CPU.Build.0 = Debug|Any CPU
		{C9651EA3-BCBD-4CFA-8FFC-12F6036E0539}.Debug|ARM.ActiveCfg = Debug|Any CPU
		{C9651EA3-BCBD-4CFA-8FFC-12F6036E0539}.Debug|ARM.Build.0 = Debug|Any CPU
		{C9651EA3-BCBD-4CFA-8FFC-12F6036E0539}.Debug|x64.ActiveCfg = Debug|Any CPU
		{C9651EA3-BCBD-4CFA-8FFC-12F6036E0539}.Debug|x64.Build.0 = Debug|Any CPU
		{C9651EA3-BCBD-4CFA-8FFC-12F6036E0539}.Debug|x86.ActiveCfg = Debug|Any CPU
		{C9651EA3-BCBD-4CFA-8FFC-12F6036E0539}.Debug|x86.Build.0 = Debug|Any CPU
		{C9651EA3-BCBD-4CFA-8FFC-12F6036E0539}.Release|Any CPU.ActiveCfg = Release|Any CPU
		{C9651EA3-BCBD-4CFA-8FFC-12F6036E0539}.Release|Any CPU.Build.0 = Release|Any CPU
		{C9651EA3-BCBD-4CFA-8FFC-12F6036E0539}.Release|ARM.ActiveCfg = Release|Any CPU
		{C9651EA3-BCBD-4CFA-8FFC-12F6036E0539}.Release|ARM.Build.0 = Release|Any CPU
		{C9651EA3-BCBD-4CFA-8FFC-12F6036E0539}.Release|x64.ActiveCfg = Release|Any CPU
		{C9651EA3-BCBD-4CFA-8FFC-12F6036E0539}.Release|x64.Build.0 = Release|Any CPU
		{C9651EA3-BCBD-4CFA-8FFC-12F6036E0539}.Release|x86.ActiveCfg = Release|Any CPU
		{C9651EA3-BCBD-4CFA-8FFC-12F6036E0539}.Release|x86.Build.0 = Release|Any CPU
		{75C54426-5238-4BB0-AFFD-CA9F9E4C21E6}.Debug|Any CPU.ActiveCfg = Debug|Any CPU
		{75C54426-5238-4BB0-AFFD-CA9F9E4C21E6}.Debug|Any CPU.Build.0 = Debug|Any CPU
		{75C54426-5238-4BB0-AFFD-CA9F9E4C21E6}.Debug|ARM.ActiveCfg = Debug|Any CPU
		{75C54426-5238-4BB0-AFFD-CA9F9E4C21E6}.Debug|ARM.Build.0 = Debug|Any CPU
		{75C54426-5238-4BB0-AFFD-CA9F9E4C21E6}.Debug|x64.ActiveCfg = Debug|Any CPU
		{75C54426-5238-4BB0-AFFD-CA9F9E4C21E6}.Debug|x64.Build.0 = Debug|Any CPU
		{75C54426-5238-4BB0-AFFD-CA9F9E4C21E6}.Debug|x86.ActiveCfg = Debug|Any CPU
		{75C54426-5238-4BB0-AFFD-CA9F9E4C21E6}.Debug|x86.Build.0 = Debug|Any CPU
		{75C54426-5238-4BB0-AFFD-CA9F9E4C21E6}.Release|Any CPU.ActiveCfg = Release|Any CPU
		{75C54426-5238-4BB0-AFFD-CA9F9E4C21E6}.Release|Any CPU.Build.0 = Release|Any CPU
		{75C54426-5238-4BB0-AFFD-CA9F9E4C21E6}.Release|ARM.ActiveCfg = Release|Any CPU
		{75C54426-5238-4BB0-AFFD-CA9F9E4C21E6}.Release|ARM.Build.0 = Release|Any CPU
		{75C54426-5238-4BB0-AFFD-CA9F9E4C21E6}.Release|x64.ActiveCfg = Release|Any CPU
		{75C54426-5238-4BB0-AFFD-CA9F9E4C21E6}.Release|x64.Build.0 = Release|Any CPU
		{75C54426-5238-4BB0-AFFD-CA9F9E4C21E6}.Release|x86.ActiveCfg = Release|Any CPU
		{75C54426-5238-4BB0-AFFD-CA9F9E4C21E6}.Release|x86.Build.0 = Release|Any CPU
		{50135C9A-E022-4DE4-8802-391F88E83D94}.Debug|Any CPU.ActiveCfg = Debug|Any CPU
		{50135C9A-E022-4DE4-8802-391F88E83D94}.Debug|Any CPU.Build.0 = Debug|Any CPU
		{50135C9A-E022-4DE4-8802-391F88E83D94}.Debug|ARM.ActiveCfg = Debug|Any CPU
		{50135C9A-E022-4DE4-8802-391F88E83D94}.Debug|ARM.Build.0 = Debug|Any CPU
		{50135C9A-E022-4DE4-8802-391F88E83D94}.Debug|x64.ActiveCfg = Debug|Any CPU
		{50135C9A-E022-4DE4-8802-391F88E83D94}.Debug|x64.Build.0 = Debug|Any CPU
		{50135C9A-E022-4DE4-8802-391F88E83D94}.Debug|x86.ActiveCfg = Debug|Any CPU
		{50135C9A-E022-4DE4-8802-391F88E83D94}.Debug|x86.Build.0 = Debug|Any CPU
		{50135C9A-E022-4DE4-8802-391F88E83D94}.Release|Any CPU.ActiveCfg = Release|Any CPU
		{50135C9A-E022-4DE4-8802-391F88E83D94}.Release|Any CPU.Build.0 = Release|Any CPU
		{50135C9A-E022-4DE4-8802-391F88E83D94}.Release|ARM.ActiveCfg = Release|Any CPU
		{50135C9A-E022-4DE4-8802-391F88E83D94}.Release|ARM.Build.0 = Release|Any CPU
		{50135C9A-E022-4DE4-8802-391F88E83D94}.Release|x64.ActiveCfg = Release|Any CPU
		{50135C9A-E022-4DE4-8802-391F88E83D94}.Release|x64.Build.0 = Release|Any CPU
		{50135C9A-E022-4DE4-8802-391F88E83D94}.Release|x86.ActiveCfg = Release|Any CPU
		{50135C9A-E022-4DE4-8802-391F88E83D94}.Release|x86.Build.0 = Release|Any CPU
		{2BC77068-5CBF-4707-9AC5-90C05588EF0A}.Debug|Any CPU.ActiveCfg = Debug|Any CPU
		{2BC77068-5CBF-4707-9AC5-90C05588EF0A}.Debug|Any CPU.Build.0 = Debug|Any CPU
		{2BC77068-5CBF-4707-9AC5-90C05588EF0A}.Debug|ARM.ActiveCfg = Debug|Any CPU
		{2BC77068-5CBF-4707-9AC5-90C05588EF0A}.Debug|ARM.Build.0 = Debug|Any CPU
		{2BC77068-5CBF-4707-9AC5-90C05588EF0A}.Debug|x64.ActiveCfg = Debug|Any CPU
		{2BC77068-5CBF-4707-9AC5-90C05588EF0A}.Debug|x64.Build.0 = Debug|Any CPU
		{2BC77068-5CBF-4707-9AC5-90C05588EF0A}.Debug|x86.ActiveCfg = Debug|Any CPU
		{2BC77068-5CBF-4707-9AC5-90C05588EF0A}.Debug|x86.Build.0 = Debug|Any CPU
		{2BC77068-5CBF-4707-9AC5-90C05588EF0A}.Release|Any CPU.ActiveCfg = Release|Any CPU
		{2BC77068-5CBF-4707-9AC5-90C05588EF0A}.Release|Any CPU.Build.0 = Release|Any CPU
		{2BC77068-5CBF-4707-9AC5-90C05588EF0A}.Release|ARM.ActiveCfg = Release|Any CPU
		{2BC77068-5CBF-4707-9AC5-90C05588EF0A}.Release|ARM.Build.0 = Release|Any CPU
		{2BC77068-5CBF-4707-9AC5-90C05588EF0A}.Release|x64.ActiveCfg = Release|Any CPU
		{2BC77068-5CBF-4707-9AC5-90C05588EF0A}.Release|x64.Build.0 = Release|Any CPU
		{2BC77068-5CBF-4707-9AC5-90C05588EF0A}.Release|x86.ActiveCfg = Release|Any CPU
		{2BC77068-5CBF-4707-9AC5-90C05588EF0A}.Release|x86.Build.0 = Release|Any CPU
		{6B242170-8579-4D33-AD72-52898B354BCE}.Debug|Any CPU.ActiveCfg = Debug|Any CPU
		{6B242170-8579-4D33-AD72-52898B354BCE}.Debug|Any CPU.Build.0 = Debug|Any CPU
		{6B242170-8579-4D33-AD72-52898B354BCE}.Debug|ARM.ActiveCfg = Debug|Any CPU
		{6B242170-8579-4D33-AD72-52898B354BCE}.Debug|ARM.Build.0 = Debug|Any CPU
		{6B242170-8579-4D33-AD72-52898B354BCE}.Debug|x64.ActiveCfg = Debug|Any CPU
		{6B242170-8579-4D33-AD72-52898B354BCE}.Debug|x64.Build.0 = Debug|Any CPU
		{6B242170-8579-4D33-AD72-52898B354BCE}.Debug|x86.ActiveCfg = Debug|Any CPU
		{6B242170-8579-4D33-AD72-52898B354BCE}.Debug|x86.Build.0 = Debug|Any CPU
		{6B242170-8579-4D33-AD72-52898B354BCE}.Release|Any CPU.ActiveCfg = Release|Any CPU
		{6B242170-8579-4D33-AD72-52898B354BCE}.Release|Any CPU.Build.0 = Release|Any CPU
		{6B242170-8579-4D33-AD72-52898B354BCE}.Release|ARM.ActiveCfg = Release|Any CPU
		{6B242170-8579-4D33-AD72-52898B354BCE}.Release|ARM.Build.0 = Release|Any CPU
		{6B242170-8579-4D33-AD72-52898B354BCE}.Release|x64.ActiveCfg = Release|Any CPU
		{6B242170-8579-4D33-AD72-52898B354BCE}.Release|x64.Build.0 = Release|Any CPU
		{6B242170-8579-4D33-AD72-52898B354BCE}.Release|x86.ActiveCfg = Release|Any CPU
		{6B242170-8579-4D33-AD72-52898B354BCE}.Release|x86.Build.0 = Release|Any CPU
		{8A4BDBA7-806E-4E24-98DC-692A175CB2C7}.Debug|Any CPU.ActiveCfg = Debug|Any CPU
		{8A4BDBA7-806E-4E24-98DC-692A175CB2C7}.Debug|Any CPU.Build.0 = Debug|Any CPU
		{8A4BDBA7-806E-4E24-98DC-692A175CB2C7}.Debug|ARM.ActiveCfg = Debug|Any CPU
		{8A4BDBA7-806E-4E24-98DC-692A175CB2C7}.Debug|ARM.Build.0 = Debug|Any CPU
		{8A4BDBA7-806E-4E24-98DC-692A175CB2C7}.Debug|x64.ActiveCfg = Debug|Any CPU
		{8A4BDBA7-806E-4E24-98DC-692A175CB2C7}.Debug|x64.Build.0 = Debug|Any CPU
		{8A4BDBA7-806E-4E24-98DC-692A175CB2C7}.Debug|x86.ActiveCfg = Debug|Any CPU
		{8A4BDBA7-806E-4E24-98DC-692A175CB2C7}.Debug|x86.Build.0 = Debug|Any CPU
		{8A4BDBA7-806E-4E24-98DC-692A175CB2C7}.Release|Any CPU.ActiveCfg = Release|Any CPU
		{8A4BDBA7-806E-4E24-98DC-692A175CB2C7}.Release|Any CPU.Build.0 = Release|Any CPU
		{8A4BDBA7-806E-4E24-98DC-692A175CB2C7}.Release|ARM.ActiveCfg = Release|Any CPU
		{8A4BDBA7-806E-4E24-98DC-692A175CB2C7}.Release|ARM.Build.0 = Release|Any CPU
		{8A4BDBA7-806E-4E24-98DC-692A175CB2C7}.Release|x64.ActiveCfg = Release|Any CPU
		{8A4BDBA7-806E-4E24-98DC-692A175CB2C7}.Release|x64.Build.0 = Release|Any CPU
		{8A4BDBA7-806E-4E24-98DC-692A175CB2C7}.Release|x86.ActiveCfg = Release|Any CPU
		{8A4BDBA7-806E-4E24-98DC-692A175CB2C7}.Release|x86.Build.0 = Release|Any CPU
		{7FA5384F-5005-4539-92A5-B6DB8165E4E3}.Debug|Any CPU.ActiveCfg = Debug|Any CPU
		{7FA5384F-5005-4539-92A5-B6DB8165E4E3}.Debug|Any CPU.Build.0 = Debug|Any CPU
		{7FA5384F-5005-4539-92A5-B6DB8165E4E3}.Debug|ARM.ActiveCfg = Debug|Any CPU
		{7FA5384F-5005-4539-92A5-B6DB8165E4E3}.Debug|ARM.Build.0 = Debug|Any CPU
		{7FA5384F-5005-4539-92A5-B6DB8165E4E3}.Debug|x64.ActiveCfg = Debug|Any CPU
		{7FA5384F-5005-4539-92A5-B6DB8165E4E3}.Debug|x64.Build.0 = Debug|Any CPU
		{7FA5384F-5005-4539-92A5-B6DB8165E4E3}.Debug|x86.ActiveCfg = Debug|Any CPU
		{7FA5384F-5005-4539-92A5-B6DB8165E4E3}.Debug|x86.Build.0 = Debug|Any CPU
		{7FA5384F-5005-4539-92A5-B6DB8165E4E3}.Release|Any CPU.ActiveCfg = Release|Any CPU
		{7FA5384F-5005-4539-92A5-B6DB8165E4E3}.Release|Any CPU.Build.0 = Release|Any CPU
		{7FA5384F-5005-4539-92A5-B6DB8165E4E3}.Release|ARM.ActiveCfg = Release|Any CPU
		{7FA5384F-5005-4539-92A5-B6DB8165E4E3}.Release|ARM.Build.0 = Release|Any CPU
		{7FA5384F-5005-4539-92A5-B6DB8165E4E3}.Release|x64.ActiveCfg = Release|Any CPU
		{7FA5384F-5005-4539-92A5-B6DB8165E4E3}.Release|x64.Build.0 = Release|Any CPU
		{7FA5384F-5005-4539-92A5-B6DB8165E4E3}.Release|x86.ActiveCfg = Release|Any CPU
		{7FA5384F-5005-4539-92A5-B6DB8165E4E3}.Release|x86.Build.0 = Release|Any CPU
		{E3F3DD78-C939-415C-A47C-5A2230A8938B}.Debug|Any CPU.ActiveCfg = Debug|Any CPU
		{E3F3DD78-C939-415C-A47C-5A2230A8938B}.Debug|Any CPU.Build.0 = Debug|Any CPU
		{E3F3DD78-C939-415C-A47C-5A2230A8938B}.Debug|ARM.ActiveCfg = Debug|Any CPU
		{E3F3DD78-C939-415C-A47C-5A2230A8938B}.Debug|ARM.Build.0 = Debug|Any CPU
		{E3F3DD78-C939-415C-A47C-5A2230A8938B}.Debug|x64.ActiveCfg = Debug|Any CPU
		{E3F3DD78-C939-415C-A47C-5A2230A8938B}.Debug|x64.Build.0 = Debug|Any CPU
		{E3F3DD78-C939-415C-A47C-5A2230A8938B}.Debug|x86.ActiveCfg = Debug|Any CPU
		{E3F3DD78-C939-415C-A47C-5A2230A8938B}.Debug|x86.Build.0 = Debug|Any CPU
		{E3F3DD78-C939-415C-A47C-5A2230A8938B}.Release|Any CPU.ActiveCfg = Release|Any CPU
		{E3F3DD78-C939-415C-A47C-5A2230A8938B}.Release|Any CPU.Build.0 = Release|Any CPU
		{E3F3DD78-C939-415C-A47C-5A2230A8938B}.Release|ARM.ActiveCfg = Release|Any CPU
		{E3F3DD78-C939-415C-A47C-5A2230A8938B}.Release|ARM.Build.0 = Release|Any CPU
		{E3F3DD78-C939-415C-A47C-5A2230A8938B}.Release|x64.ActiveCfg = Release|Any CPU
		{E3F3DD78-C939-415C-A47C-5A2230A8938B}.Release|x64.Build.0 = Release|Any CPU
		{E3F3DD78-C939-415C-A47C-5A2230A8938B}.Release|x86.ActiveCfg = Release|Any CPU
		{E3F3DD78-C939-415C-A47C-5A2230A8938B}.Release|x86.Build.0 = Release|Any CPU
		{B11619F8-D246-4AD8-ACBB-217C3ADC2E76}.Debug|Any CPU.ActiveCfg = Debug|Any CPU
		{B11619F8-D246-4AD8-ACBB-217C3ADC2E76}.Debug|Any CPU.Build.0 = Debug|Any CPU
		{B11619F8-D246-4AD8-ACBB-217C3ADC2E76}.Debug|ARM.ActiveCfg = Debug|Any CPU
		{B11619F8-D246-4AD8-ACBB-217C3ADC2E76}.Debug|ARM.Build.0 = Debug|Any CPU
		{B11619F8-D246-4AD8-ACBB-217C3ADC2E76}.Debug|x64.ActiveCfg = Debug|Any CPU
		{B11619F8-D246-4AD8-ACBB-217C3ADC2E76}.Debug|x64.Build.0 = Debug|Any CPU
		{B11619F8-D246-4AD8-ACBB-217C3ADC2E76}.Debug|x86.ActiveCfg = Debug|Any CPU
		{B11619F8-D246-4AD8-ACBB-217C3ADC2E76}.Debug|x86.Build.0 = Debug|Any CPU
		{B11619F8-D246-4AD8-ACBB-217C3ADC2E76}.Release|Any CPU.ActiveCfg = Release|Any CPU
		{B11619F8-D246-4AD8-ACBB-217C3ADC2E76}.Release|Any CPU.Build.0 = Release|Any CPU
		{B11619F8-D246-4AD8-ACBB-217C3ADC2E76}.Release|ARM.ActiveCfg = Release|Any CPU
		{B11619F8-D246-4AD8-ACBB-217C3ADC2E76}.Release|ARM.Build.0 = Release|Any CPU
		{B11619F8-D246-4AD8-ACBB-217C3ADC2E76}.Release|x64.ActiveCfg = Release|Any CPU
		{B11619F8-D246-4AD8-ACBB-217C3ADC2E76}.Release|x64.Build.0 = Release|Any CPU
		{B11619F8-D246-4AD8-ACBB-217C3ADC2E76}.Release|x86.ActiveCfg = Release|Any CPU
		{B11619F8-D246-4AD8-ACBB-217C3ADC2E76}.Release|x86.Build.0 = Release|Any CPU
		{A82F0BD7-67EC-4136-BE06-9C3C2A5DD19E}.Debug|Any CPU.ActiveCfg = Debug|Any CPU
		{A82F0BD7-67EC-4136-BE06-9C3C2A5DD19E}.Debug|Any CPU.Build.0 = Debug|Any CPU
		{A82F0BD7-67EC-4136-BE06-9C3C2A5DD19E}.Debug|ARM.ActiveCfg = Debug|Any CPU
		{A82F0BD7-67EC-4136-BE06-9C3C2A5DD19E}.Debug|ARM.Build.0 = Debug|Any CPU
		{A82F0BD7-67EC-4136-BE06-9C3C2A5DD19E}.Debug|x64.ActiveCfg = Debug|Any CPU
		{A82F0BD7-67EC-4136-BE06-9C3C2A5DD19E}.Debug|x64.Build.0 = Debug|Any CPU
		{A82F0BD7-67EC-4136-BE06-9C3C2A5DD19E}.Debug|x86.ActiveCfg = Debug|Any CPU
		{A82F0BD7-67EC-4136-BE06-9C3C2A5DD19E}.Debug|x86.Build.0 = Debug|Any CPU
		{A82F0BD7-67EC-4136-BE06-9C3C2A5DD19E}.Release|Any CPU.ActiveCfg = Release|Any CPU
		{A82F0BD7-67EC-4136-BE06-9C3C2A5DD19E}.Release|Any CPU.Build.0 = Release|Any CPU
		{A82F0BD7-67EC-4136-BE06-9C3C2A5DD19E}.Release|ARM.ActiveCfg = Release|Any CPU
		{A82F0BD7-67EC-4136-BE06-9C3C2A5DD19E}.Release|ARM.Build.0 = Release|Any CPU
		{A82F0BD7-67EC-4136-BE06-9C3C2A5DD19E}.Release|x64.ActiveCfg = Release|Any CPU
		{A82F0BD7-67EC-4136-BE06-9C3C2A5DD19E}.Release|x64.Build.0 = Release|Any CPU
		{A82F0BD7-67EC-4136-BE06-9C3C2A5DD19E}.Release|x86.ActiveCfg = Release|Any CPU
		{A82F0BD7-67EC-4136-BE06-9C3C2A5DD19E}.Release|x86.Build.0 = Release|Any CPU
		{F6C88A7E-17B3-4F19-BE20-569114EE5CF9}.Debug|Any CPU.ActiveCfg = Debug|Any CPU
		{F6C88A7E-17B3-4F19-BE20-569114EE5CF9}.Debug|Any CPU.Build.0 = Debug|Any CPU
		{F6C88A7E-17B3-4F19-BE20-569114EE5CF9}.Debug|ARM.ActiveCfg = Debug|Any CPU
		{F6C88A7E-17B3-4F19-BE20-569114EE5CF9}.Debug|ARM.Build.0 = Debug|Any CPU
		{F6C88A7E-17B3-4F19-BE20-569114EE5CF9}.Debug|x64.ActiveCfg = Debug|Any CPU
		{F6C88A7E-17B3-4F19-BE20-569114EE5CF9}.Debug|x64.Build.0 = Debug|Any CPU
		{F6C88A7E-17B3-4F19-BE20-569114EE5CF9}.Debug|x86.ActiveCfg = Debug|Any CPU
		{F6C88A7E-17B3-4F19-BE20-569114EE5CF9}.Debug|x86.Build.0 = Debug|Any CPU
		{F6C88A7E-17B3-4F19-BE20-569114EE5CF9}.Release|Any CPU.ActiveCfg = Release|Any CPU
		{F6C88A7E-17B3-4F19-BE20-569114EE5CF9}.Release|Any CPU.Build.0 = Release|Any CPU
		{F6C88A7E-17B3-4F19-BE20-569114EE5CF9}.Release|ARM.ActiveCfg = Release|Any CPU
		{F6C88A7E-17B3-4F19-BE20-569114EE5CF9}.Release|ARM.Build.0 = Release|Any CPU
		{F6C88A7E-17B3-4F19-BE20-569114EE5CF9}.Release|x64.ActiveCfg = Release|Any CPU
		{F6C88A7E-17B3-4F19-BE20-569114EE5CF9}.Release|x64.Build.0 = Release|Any CPU
		{F6C88A7E-17B3-4F19-BE20-569114EE5CF9}.Release|x86.ActiveCfg = Release|Any CPU
		{F6C88A7E-17B3-4F19-BE20-569114EE5CF9}.Release|x86.Build.0 = Release|Any CPU
		{5C39D82A-921B-4C18-B69F-3F09097A1DD3}.Debug|Any CPU.ActiveCfg = Debug|Any CPU
		{5C39D82A-921B-4C18-B69F-3F09097A1DD3}.Debug|Any CPU.Build.0 = Debug|Any CPU
		{5C39D82A-921B-4C18-B69F-3F09097A1DD3}.Debug|ARM.ActiveCfg = Debug|Any CPU
		{5C39D82A-921B-4C18-B69F-3F09097A1DD3}.Debug|ARM.Build.0 = Debug|Any CPU
		{5C39D82A-921B-4C18-B69F-3F09097A1DD3}.Debug|x64.ActiveCfg = Debug|Any CPU
		{5C39D82A-921B-4C18-B69F-3F09097A1DD3}.Debug|x64.Build.0 = Debug|Any CPU
		{5C39D82A-921B-4C18-B69F-3F09097A1DD3}.Debug|x86.ActiveCfg = Debug|Any CPU
		{5C39D82A-921B-4C18-B69F-3F09097A1DD3}.Debug|x86.Build.0 = Debug|Any CPU
		{5C39D82A-921B-4C18-B69F-3F09097A1DD3}.Release|Any CPU.ActiveCfg = Release|Any CPU
		{5C39D82A-921B-4C18-B69F-3F09097A1DD3}.Release|Any CPU.Build.0 = Release|Any CPU
		{5C39D82A-921B-4C18-B69F-3F09097A1DD3}.Release|ARM.ActiveCfg = Release|Any CPU
		{5C39D82A-921B-4C18-B69F-3F09097A1DD3}.Release|ARM.Build.0 = Release|Any CPU
		{5C39D82A-921B-4C18-B69F-3F09097A1DD3}.Release|x64.ActiveCfg = Release|Any CPU
		{5C39D82A-921B-4C18-B69F-3F09097A1DD3}.Release|x64.Build.0 = Release|Any CPU
		{5C39D82A-921B-4C18-B69F-3F09097A1DD3}.Release|x86.ActiveCfg = Release|Any CPU
		{5C39D82A-921B-4C18-B69F-3F09097A1DD3}.Release|x86.Build.0 = Release|Any CPU
		{800DE51E-DEAF-4AAE-8766-6B82ABC7CA8C}.Debug|Any CPU.ActiveCfg = Debug|Any CPU
		{800DE51E-DEAF-4AAE-8766-6B82ABC7CA8C}.Debug|Any CPU.Build.0 = Debug|Any CPU
		{800DE51E-DEAF-4AAE-8766-6B82ABC7CA8C}.Debug|ARM.ActiveCfg = Debug|Any CPU
		{800DE51E-DEAF-4AAE-8766-6B82ABC7CA8C}.Debug|ARM.Build.0 = Debug|Any CPU
		{800DE51E-DEAF-4AAE-8766-6B82ABC7CA8C}.Debug|x64.ActiveCfg = Debug|Any CPU
		{800DE51E-DEAF-4AAE-8766-6B82ABC7CA8C}.Debug|x64.Build.0 = Debug|Any CPU
		{800DE51E-DEAF-4AAE-8766-6B82ABC7CA8C}.Debug|x86.ActiveCfg = Debug|Any CPU
		{800DE51E-DEAF-4AAE-8766-6B82ABC7CA8C}.Debug|x86.Build.0 = Debug|Any CPU
		{800DE51E-DEAF-4AAE-8766-6B82ABC7CA8C}.Release|Any CPU.ActiveCfg = Release|Any CPU
		{800DE51E-DEAF-4AAE-8766-6B82ABC7CA8C}.Release|Any CPU.Build.0 = Release|Any CPU
		{800DE51E-DEAF-4AAE-8766-6B82ABC7CA8C}.Release|ARM.ActiveCfg = Release|Any CPU
		{800DE51E-DEAF-4AAE-8766-6B82ABC7CA8C}.Release|ARM.Build.0 = Release|Any CPU
		{800DE51E-DEAF-4AAE-8766-6B82ABC7CA8C}.Release|x64.ActiveCfg = Release|Any CPU
		{800DE51E-DEAF-4AAE-8766-6B82ABC7CA8C}.Release|x64.Build.0 = Release|Any CPU
		{800DE51E-DEAF-4AAE-8766-6B82ABC7CA8C}.Release|x86.ActiveCfg = Release|Any CPU
		{800DE51E-DEAF-4AAE-8766-6B82ABC7CA8C}.Release|x86.Build.0 = Release|Any CPU
		{6385DAA1-CD60-4BAA-8375-626E9E0C9C04}.Debug|Any CPU.ActiveCfg = Debug|Any CPU
		{6385DAA1-CD60-4BAA-8375-626E9E0C9C04}.Debug|Any CPU.Build.0 = Debug|Any CPU
		{6385DAA1-CD60-4BAA-8375-626E9E0C9C04}.Debug|ARM.ActiveCfg = Debug|Any CPU
		{6385DAA1-CD60-4BAA-8375-626E9E0C9C04}.Debug|ARM.Build.0 = Debug|Any CPU
		{6385DAA1-CD60-4BAA-8375-626E9E0C9C04}.Debug|x64.ActiveCfg = Debug|Any CPU
		{6385DAA1-CD60-4BAA-8375-626E9E0C9C04}.Debug|x64.Build.0 = Debug|Any CPU
		{6385DAA1-CD60-4BAA-8375-626E9E0C9C04}.Debug|x86.ActiveCfg = Debug|Any CPU
		{6385DAA1-CD60-4BAA-8375-626E9E0C9C04}.Debug|x86.Build.0 = Debug|Any CPU
		{6385DAA1-CD60-4BAA-8375-626E9E0C9C04}.Release|Any CPU.ActiveCfg = Release|Any CPU
		{6385DAA1-CD60-4BAA-8375-626E9E0C9C04}.Release|Any CPU.Build.0 = Release|Any CPU
		{6385DAA1-CD60-4BAA-8375-626E9E0C9C04}.Release|ARM.ActiveCfg = Release|Any CPU
		{6385DAA1-CD60-4BAA-8375-626E9E0C9C04}.Release|ARM.Build.0 = Release|Any CPU
		{6385DAA1-CD60-4BAA-8375-626E9E0C9C04}.Release|x64.ActiveCfg = Release|Any CPU
		{6385DAA1-CD60-4BAA-8375-626E9E0C9C04}.Release|x64.Build.0 = Release|Any CPU
		{6385DAA1-CD60-4BAA-8375-626E9E0C9C04}.Release|x86.ActiveCfg = Release|Any CPU
		{6385DAA1-CD60-4BAA-8375-626E9E0C9C04}.Release|x86.Build.0 = Release|Any CPU
		{55923E88-7902-4D4A-ADDE-CED7B1EFFA24}.Debug|Any CPU.ActiveCfg = Debug|Any CPU
		{55923E88-7902-4D4A-ADDE-CED7B1EFFA24}.Debug|Any CPU.Build.0 = Debug|Any CPU
		{55923E88-7902-4D4A-ADDE-CED7B1EFFA24}.Debug|ARM.ActiveCfg = Debug|Any CPU
		{55923E88-7902-4D4A-ADDE-CED7B1EFFA24}.Debug|ARM.Build.0 = Debug|Any CPU
		{55923E88-7902-4D4A-ADDE-CED7B1EFFA24}.Debug|x64.ActiveCfg = Debug|Any CPU
		{55923E88-7902-4D4A-ADDE-CED7B1EFFA24}.Debug|x64.Build.0 = Debug|Any CPU
		{55923E88-7902-4D4A-ADDE-CED7B1EFFA24}.Debug|x86.ActiveCfg = Debug|Any CPU
		{55923E88-7902-4D4A-ADDE-CED7B1EFFA24}.Debug|x86.Build.0 = Debug|Any CPU
		{55923E88-7902-4D4A-ADDE-CED7B1EFFA24}.Release|Any CPU.ActiveCfg = Release|Any CPU
		{55923E88-7902-4D4A-ADDE-CED7B1EFFA24}.Release|Any CPU.Build.0 = Release|Any CPU
		{55923E88-7902-4D4A-ADDE-CED7B1EFFA24}.Release|ARM.ActiveCfg = Release|Any CPU
		{55923E88-7902-4D4A-ADDE-CED7B1EFFA24}.Release|ARM.Build.0 = Release|Any CPU
		{55923E88-7902-4D4A-ADDE-CED7B1EFFA24}.Release|x64.ActiveCfg = Release|Any CPU
		{55923E88-7902-4D4A-ADDE-CED7B1EFFA24}.Release|x64.Build.0 = Release|Any CPU
		{55923E88-7902-4D4A-ADDE-CED7B1EFFA24}.Release|x86.ActiveCfg = Release|Any CPU
		{55923E88-7902-4D4A-ADDE-CED7B1EFFA24}.Release|x86.Build.0 = Release|Any CPU
		{12783F5C-1E8F-4C4F-9566-6F85FC7D8B6F}.Debug|Any CPU.ActiveCfg = Debug|Any CPU
		{12783F5C-1E8F-4C4F-9566-6F85FC7D8B6F}.Debug|Any CPU.Build.0 = Debug|Any CPU
		{12783F5C-1E8F-4C4F-9566-6F85FC7D8B6F}.Debug|ARM.ActiveCfg = Debug|Any CPU
		{12783F5C-1E8F-4C4F-9566-6F85FC7D8B6F}.Debug|ARM.Build.0 = Debug|Any CPU
		{12783F5C-1E8F-4C4F-9566-6F85FC7D8B6F}.Debug|x64.ActiveCfg = Debug|Any CPU
		{12783F5C-1E8F-4C4F-9566-6F85FC7D8B6F}.Debug|x64.Build.0 = Debug|Any CPU
		{12783F5C-1E8F-4C4F-9566-6F85FC7D8B6F}.Debug|x86.ActiveCfg = Debug|Any CPU
		{12783F5C-1E8F-4C4F-9566-6F85FC7D8B6F}.Debug|x86.Build.0 = Debug|Any CPU
		{12783F5C-1E8F-4C4F-9566-6F85FC7D8B6F}.Release|Any CPU.ActiveCfg = Release|Any CPU
		{12783F5C-1E8F-4C4F-9566-6F85FC7D8B6F}.Release|Any CPU.Build.0 = Release|Any CPU
		{12783F5C-1E8F-4C4F-9566-6F85FC7D8B6F}.Release|ARM.ActiveCfg = Release|Any CPU
		{12783F5C-1E8F-4C4F-9566-6F85FC7D8B6F}.Release|ARM.Build.0 = Release|Any CPU
		{12783F5C-1E8F-4C4F-9566-6F85FC7D8B6F}.Release|x64.ActiveCfg = Release|Any CPU
		{12783F5C-1E8F-4C4F-9566-6F85FC7D8B6F}.Release|x64.Build.0 = Release|Any CPU
		{12783F5C-1E8F-4C4F-9566-6F85FC7D8B6F}.Release|x86.ActiveCfg = Release|Any CPU
		{12783F5C-1E8F-4C4F-9566-6F85FC7D8B6F}.Release|x86.Build.0 = Release|Any CPU
		{2D7454BF-20D3-447A-B833-E2674AE8FA81}.Debug|Any CPU.ActiveCfg = Debug|Any CPU
		{2D7454BF-20D3-447A-B833-E2674AE8FA81}.Debug|Any CPU.Build.0 = Debug|Any CPU
		{2D7454BF-20D3-447A-B833-E2674AE8FA81}.Debug|ARM.ActiveCfg = Debug|Any CPU
		{2D7454BF-20D3-447A-B833-E2674AE8FA81}.Debug|ARM.Build.0 = Debug|Any CPU
		{2D7454BF-20D3-447A-B833-E2674AE8FA81}.Debug|x64.ActiveCfg = Debug|Any CPU
		{2D7454BF-20D3-447A-B833-E2674AE8FA81}.Debug|x64.Build.0 = Debug|Any CPU
		{2D7454BF-20D3-447A-B833-E2674AE8FA81}.Debug|x86.ActiveCfg = Debug|Any CPU
		{2D7454BF-20D3-447A-B833-E2674AE8FA81}.Debug|x86.Build.0 = Debug|Any CPU
		{2D7454BF-20D3-447A-B833-E2674AE8FA81}.Release|Any CPU.ActiveCfg = Release|Any CPU
		{2D7454BF-20D3-447A-B833-E2674AE8FA81}.Release|Any CPU.Build.0 = Release|Any CPU
		{2D7454BF-20D3-447A-B833-E2674AE8FA81}.Release|ARM.ActiveCfg = Release|Any CPU
		{2D7454BF-20D3-447A-B833-E2674AE8FA81}.Release|ARM.Build.0 = Release|Any CPU
		{2D7454BF-20D3-447A-B833-E2674AE8FA81}.Release|x64.ActiveCfg = Release|Any CPU
		{2D7454BF-20D3-447A-B833-E2674AE8FA81}.Release|x64.Build.0 = Release|Any CPU
		{2D7454BF-20D3-447A-B833-E2674AE8FA81}.Release|x86.ActiveCfg = Release|Any CPU
		{2D7454BF-20D3-447A-B833-E2674AE8FA81}.Release|x86.Build.0 = Release|Any CPU
	EndGlobalSection
	GlobalSection(SolutionProperties) = preSolution
		HideSolutionNode = FALSE
	EndGlobalSection
	GlobalSection(NestedProjects) = preSolution
		{6583F474-9D3B-490D-A289-AACDD1CC5E91} = {B6984E67-A4D0-459E-B3C9-01CA4DBBE241}
		{BDC167B0-7AB2-4500-B57D-548053980DB6} = {3D04C4DC-6F8E-4326-9569-92F3E26C6EEB}
		{A4EC8797-D6E3-4E86-8BEF-900E29CF64A8} = {BDC167B0-7AB2-4500-B57D-548053980DB6}
		{42913C3D-2CD2-49E9-9140-2F18AD4655DD} = {BDC167B0-7AB2-4500-B57D-548053980DB6}
		{C92DE8BC-2314-469C-A2D1-872E7636BD33} = {3D04C4DC-6F8E-4326-9569-92F3E26C6EEB}
		{D479537A-D99D-4552-A839-D2040E516A5D} = {C92DE8BC-2314-469C-A2D1-872E7636BD33}
		{A1A4EE55-22BE-4235-B902-FA2F292747A4} = {C92DE8BC-2314-469C-A2D1-872E7636BD33}
		{AD4B71FF-5FD4-4CEC-9189-63B66D71D9D8} = {3D04C4DC-6F8E-4326-9569-92F3E26C6EEB}
		{FD34E821-FE53-4A3C-A29C-F89DF11D3B87} = {AD4B71FF-5FD4-4CEC-9189-63B66D71D9D8}
		{83D2745C-8998-4378-9B34-FDD441958E54} = {AD4B71FF-5FD4-4CEC-9189-63B66D71D9D8}
		{DEC052BA-8B2E-455E-B3F2-201300DFCB9D} = {AD4B71FF-5FD4-4CEC-9189-63B66D71D9D8}
		{33172436-B05B-4B17-974E-56B62AA09324} = {3D04C4DC-6F8E-4326-9569-92F3E26C6EEB}
		{C9651EA3-BCBD-4CFA-8FFC-12F6036E0539} = {0BDC5BE7-6026-49F9-AB57-0CD3933BFEA6}
		{0BDC5BE7-6026-49F9-AB57-0CD3933BFEA6} = {33172436-B05B-4B17-974E-56B62AA09324}
		{9F4E0756-F931-4358-929C-FF8B817D1A88} = {33172436-B05B-4B17-974E-56B62AA09324}
		{75C54426-5238-4BB0-AFFD-CA9F9E4C21E6} = {9F4E0756-F931-4358-929C-FF8B817D1A88}
		{50135C9A-E022-4DE4-8802-391F88E83D94} = {9F4E0756-F931-4358-929C-FF8B817D1A88}
		{9EF8A2E6-D549-4552-92F0-B831B35B4F6F} = {33172436-B05B-4B17-974E-56B62AA09324}
		{2BC77068-5CBF-4707-9AC5-90C05588EF0A} = {9EF8A2E6-D549-4552-92F0-B831B35B4F6F}
		{6B242170-8579-4D33-AD72-52898B354BCE} = {9EF8A2E6-D549-4552-92F0-B831B35B4F6F}
		{CD16AA51-F510-4CEB-97A9-C10C4F6FD7BF} = {3D04C4DC-6F8E-4326-9569-92F3E26C6EEB}
		{9E375F92-97EE-41AB-933B-838C01992435} = {3D04C4DC-6F8E-4326-9569-92F3E26C6EEB}
		{8A4BDBA7-806E-4E24-98DC-692A175CB2C7} = {9E375F92-97EE-41AB-933B-838C01992435}
		{7FA5384F-5005-4539-92A5-B6DB8165E4E3} = {9E375F92-97EE-41AB-933B-838C01992435}
		{42477B99-42DB-4A2D-9DDB-8C07403E35AA} = {3D04C4DC-6F8E-4326-9569-92F3E26C6EEB}
		{E3F3DD78-C939-415C-A47C-5A2230A8938B} = {42477B99-42DB-4A2D-9DDB-8C07403E35AA}
		{B11619F8-D246-4AD8-ACBB-217C3ADC2E76} = {42477B99-42DB-4A2D-9DDB-8C07403E35AA}
		{EFBE4665-FD4E-419A-9FAE-0B4E4498BFB8} = {3D04C4DC-6F8E-4326-9569-92F3E26C6EEB}
		{A82F0BD7-67EC-4136-BE06-9C3C2A5DD19E} = {EFBE4665-FD4E-419A-9FAE-0B4E4498BFB8}
		{F6C88A7E-17B3-4F19-BE20-569114EE5CF9} = {EFBE4665-FD4E-419A-9FAE-0B4E4498BFB8}
		{5C39D82A-921B-4C18-B69F-3F09097A1DD3} = {CD16AA51-F510-4CEB-97A9-C10C4F6FD7BF}
		{4B8CF856-C389-4448-B7E7-76C9C6182A23} = {CD16AA51-F510-4CEB-97A9-C10C4F6FD7BF}
		{800DE51E-DEAF-4AAE-8766-6B82ABC7CA8C} = {4B8CF856-C389-4448-B7E7-76C9C6182A23}
		{CBD0C347-8478-444C-B213-E2566E83AD5D} = {CD16AA51-F510-4CEB-97A9-C10C4F6FD7BF}
		{6385DAA1-CD60-4BAA-8375-626E9E0C9C04} = {CBD0C347-8478-444C-B213-E2566E83AD5D}
		{CC410E82-9EB8-4EF6-8D08-50D98D3D670D} = {CD16AA51-F510-4CEB-97A9-C10C4F6FD7BF}
		{55923E88-7902-4D4A-ADDE-CED7B1EFFA24} = {CC410E82-9EB8-4EF6-8D08-50D98D3D670D}
		{B0908A63-FE01-4D14-BC22-DA6392BE3C07} = {CD16AA51-F510-4CEB-97A9-C10C4F6FD7BF}
		{12783F5C-1E8F-4C4F-9566-6F85FC7D8B6F} = {B0908A63-FE01-4D14-BC22-DA6392BE3C07}
		{2D7454BF-20D3-447A-B833-E2674AE8FA81} = {CC410E82-9EB8-4EF6-8D08-50D98D3D670D}
	EndGlobalSection
	GlobalSection(ExtensibilityGlobals) = postSolution
		SolutionGuid = {A659CEFB-DDB3-49BE-AEDD-FF2F1B3297DB}
	EndGlobalSection
EndGlobal
