
Microsoft Visual Studio Solution File, Format Version 12.00
# Visual Studio 15
VisualStudioVersion = 15.0.27130.2026
MinimumVisualStudioVersion = 10.0.40219.1
Project("{2150E333-8FDC-42A3-9474-1A3956D46DE8}") = "Solution Items", "Solution Items", "{013DFD29-E1DB-4968-A67B-C2342E6F5B6E}"
	ProjectSection(SolutionItems) = preProject
		Clean.cmd = Clean.cmd
		Issue.txt = Issue.txt
		NuGet.Config = NuGet.Config
	EndProjectSection
EndProject
Project("{2150E333-8FDC-42A3-9474-1A3956D46DE8}") = "tests", "tests", "{01F3CC7E-F996-411E-AFD6-72673A826549}"
EndProject
Project("{2150E333-8FDC-42A3-9474-1A3956D46DE8}") = "src", "src", "{3D04C4DC-6F8E-4326-9569-92F3E26C6EEB}"
EndProject
Project("{2150E333-8FDC-42A3-9474-1A3956D46DE8}") = "shared", "shared", "{B6984E67-A4D0-459E-B3C9-01CA4DBBE241}"
EndProject
Project("{2150E333-8FDC-42A3-9474-1A3956D46DE8}") = "examples", "examples", "{3511E2D1-F581-420E-8DC4-8F0386947621}"
EndProject
Project("{9A19103F-16F7-4668-BE54-9A1E7A4F7556}") = "DotNetty.Common", "src\DotNetty.Common\DotNetty.Common.csproj", "{3B9613C3-0FE1-4F7A-AD5A-454952629867}"
EndProject
Project("{9A19103F-16F7-4668-BE54-9A1E7A4F7556}") = "DotNetty.Buffers", "src\DotNetty.Buffers\DotNetty.Buffers.csproj", "{0040F4F7-B6F8-4823-A6F6-1ABC16C20098}"
EndProject
Project("{9A19103F-16F7-4668-BE54-9A1E7A4F7556}") = "DotNetty.Transport", "src\DotNetty.Transport\DotNetty.Transport.csproj", "{C2A9F2F6-363A-4AE0-8080-6830CB204996}"
EndProject
Project("{9A19103F-16F7-4668-BE54-9A1E7A4F7556}") = "DotNetty.Codecs", "src\DotNetty.Codecs\DotNetty.Codecs.csproj", "{D02DB5E8-FD54-46C4-8793-F117B7165D7D}"
EndProject
Project("{9A19103F-16F7-4668-BE54-9A1E7A4F7556}") = "DotNetty.Handlers", "src\DotNetty.Handlers\DotNetty.Handlers.csproj", "{B4E683BC-92EA-4ADC-8B99-BA7208507D80}"
EndProject
Project("{9A19103F-16F7-4668-BE54-9A1E7A4F7556}") = "DotNetty.Codecs.Mqtt", "src\DotNetty.Codecs.Mqtt\DotNetty.Codecs.Mqtt.csproj", "{D8AE3ECA-1BE6-44C5-9174-7C92CCFBEFC2}"
EndProject
Project("{9A19103F-16F7-4668-BE54-9A1E7A4F7556}") = "DotNetty.Codecs.Redis", "src\DotNetty.Codecs.Redis\DotNetty.Codecs.Redis.csproj", "{4ED4B313-21BA-473E-ADC0-FF36E64C2DCF}"
EndProject
Project("{9A19103F-16F7-4668-BE54-9A1E7A4F7556}") = "Echo.Server", "examples\Echo.Server\Echo.Server.csproj", "{BA163586-F875-4488-9188-53A4A14DFD34}"
EndProject
Project("{9A19103F-16F7-4668-BE54-9A1E7A4F7556}") = "DotNetty.Tests.Common", "test\DotNetty.Tests.Common\DotNetty.Tests.Common.csproj", "{34952808-CF66-4693-8733-78B543AE94E2}"
EndProject
Project("{9A19103F-16F7-4668-BE54-9A1E7A4F7556}") = "DotNetty.Common.Tests", "test\DotNetty.Common.Tests\DotNetty.Common.Tests.csproj", "{08E7FEC5-EE03-43EA-AC4F-94BE1B5EF555}"
EndProject
Project("{9A19103F-16F7-4668-BE54-9A1E7A4F7556}") = "DotNetty.Handlers.Tests", "test\DotNetty.Handlers.Tests\DotNetty.Handlers.Tests.csproj", "{3F633E1E-CD49-455E-B05F-1DDEE54561D4}"
EndProject
Project("{9A19103F-16F7-4668-BE54-9A1E7A4F7556}") = "DotNetty.Microbench", "test\DotNetty.Microbench\DotNetty.Microbench.csproj", "{5DD65A95-E74E-4885-96A4-CAC8E9CF4907}"
EndProject
Project("{9A19103F-16F7-4668-BE54-9A1E7A4F7556}") = "DotNetty.Codecs.Tests", "test\DotNetty.Codecs.Tests\DotNetty.Codecs.Tests.csproj", "{4DF7D1DB-B3B2-4A73-A46A-1AB995BC2DB8}"
EndProject
Project("{9A19103F-16F7-4668-BE54-9A1E7A4F7556}") = "DotNetty.Tests.End2End", "test\DotNetty.Tests.End2End\DotNetty.Tests.End2End.csproj", "{4EAAC55D-B1C4-418C-A003-C0954095F734}"
EndProject
Project("{9A19103F-16F7-4668-BE54-9A1E7A4F7556}") = "DotNetty.Transport.Tests", "test\DotNetty.Transport.Tests\DotNetty.Transport.Tests.csproj", "{63815732-2108-4C10-B478-2FD40BF41AC0}"
EndProject
Project("{9A19103F-16F7-4668-BE54-9A1E7A4F7556}") = "DotNetty.Buffers.Tests", "test\DotNetty.Buffers.Tests\DotNetty.Buffers.Tests.csproj", "{8843CA84-546C-4B06-8DDC-A66F30D0C3A6}"
EndProject
Project("{9A19103F-16F7-4668-BE54-9A1E7A4F7556}") = "DotNetty.Codecs.Mqtt.Tests", "test\DotNetty.Codecs.Mqtt.Tests\DotNetty.Codecs.Mqtt.Tests.csproj", "{00058D0F-5F0F-4D97-AD04-19B9FBB7F0BD}"
EndProject
Project("{9A19103F-16F7-4668-BE54-9A1E7A4F7556}") = "DotNetty.Codecs.Redis.Tests", "test\DotNetty.Codecs.Redis.Tests\DotNetty.Codecs.Redis.Tests.csproj", "{03A4B573-20B9-44D7-85B4-1016C75E5731}"
EndProject
Project("{9A19103F-16F7-4668-BE54-9A1E7A4F7556}") = "Discard.Server", "examples\Discard.Server\Discard.Server.csproj", "{590ABBD0-BC8D-4807-9049-C011DA4925E8}"
EndProject
Project("{9A19103F-16F7-4668-BE54-9A1E7A4F7556}") = "Discard.Client", "examples\Discard.Client\Discard.Client.csproj", "{D4060423-41B9-43C5-A6C9-D44990863745}"
EndProject
Project("{9A19103F-16F7-4668-BE54-9A1E7A4F7556}") = "Examples.Common", "examples\Examples.Common\Examples.Common.csproj", "{D1CA5CE3-72DF-4FC2-BC00-D6A56E400880}"
EndProject
Project("{9A19103F-16F7-4668-BE54-9A1E7A4F7556}") = "Factorial", "examples\Factorial\Factorial.csproj", "{F56AFBDD-0E50-4BF3-AF9B-760005FBFD14}"
EndProject
Project("{9A19103F-16F7-4668-BE54-9A1E7A4F7556}") = "Factorial.Client", "examples\Factorial.Client\Factorial.Client.csproj", "{4499E6D0-B876-417A-8DC3-022DF7D2939C}"
EndProject
Project("{9A19103F-16F7-4668-BE54-9A1E7A4F7556}") = "Factorial.Server", "examples\Factorial.Server\Factorial.Server.csproj", "{94C21C52-B401-4179-B1C7-DF6767EA8E93}"
EndProject
Project("{9A19103F-16F7-4668-BE54-9A1E7A4F7556}") = "QuoteOfTheMoment.Client", "examples\QuoteOfTheMoment.Client\QuoteOfTheMoment.Client.csproj", "{DE2402AD-7896-4082-B91F-0AA5A2BA7970}"
EndProject
Project("{9A19103F-16F7-4668-BE54-9A1E7A4F7556}") = "QuoteOfTheMoment.Server", "examples\QuoteOfTheMoment.Server\QuoteOfTheMoment.Server.csproj", "{1309B393-C2F1-48C8-B0B1-A0F6EF5F95CB}"
EndProject
Project("{9A19103F-16F7-4668-BE54-9A1E7A4F7556}") = "SecureChat.Client", "examples\SecureChat.Client\SecureChat.Client.csproj", "{E76A0DD6-D1DA-4568-AB7C-63D61E36FDEE}"
EndProject
Project("{9A19103F-16F7-4668-BE54-9A1E7A4F7556}") = "SecureChat.Server", "examples\SecureChat.Server\SecureChat.Server.csproj", "{A42F9535-96B3-4704-B2BE-1D1D71AE1B70}"
EndProject
Project("{9A19103F-16F7-4668-BE54-9A1E7A4F7556}") = "Telnet.Client", "examples\Telnet.Client\Telnet.Client.csproj", "{3BE3000D-84BD-4C47-AD1F-F7CB084066CB}"
EndProject
Project("{9A19103F-16F7-4668-BE54-9A1E7A4F7556}") = "Telnet.Server", "examples\Telnet.Server\Telnet.Server.csproj", "{65834EA1-F800-4FC2-A23F-2419542E5678}"
EndProject
Project("{9A19103F-16F7-4668-BE54-9A1E7A4F7556}") = "DotNetty.Transport.Libuv", "src\DotNetty.Transport.Libuv\DotNetty.Transport.Libuv.csproj", "{F89EE43E-F0AE-4EA1-BEFF-6322C6E8EAF5}"
EndProject
Project("{9A19103F-16F7-4668-BE54-9A1E7A4F7556}") = "Echo.Client", "examples\Echo.Client\Echo.Client.csproj", "{E73F8609-66E0-423D-A434-706264CCF4DA}"
EndProject
Project("{2150E333-8FDC-42A3-9474-1A3956D46DE8}") = "benchmark", "benchmark", "{78B5F58B-549D-42E7-BA3D-9E85B7CBCC78}"
EndProject
Project("{9A19103F-16F7-4668-BE54-9A1E7A4F7556}") = "DotNetty.Codecs.Http", "src\DotNetty.Codecs.Http\DotNetty.Codecs.Http.csproj", "{87DD4EAA-BBCF-439F-A263-59044B6E8930}"
EndProject
Project("{9A19103F-16F7-4668-BE54-9A1E7A4F7556}") = "DotNetty.Codecs.Http.Tests", "test\DotNetty.Codecs.Http.Tests\DotNetty.Codecs.Http.Tests.csproj", "{26A8779A-44B1-46D4-A43E-FA2616EBFD02}"
EndProject
Project("{9A19103F-16F7-4668-BE54-9A1E7A4F7556}") = "HttpServer", "examples\HttpServer\HttpServer.csproj", "{BDDF75B4-4BAB-49DE-97A3-CA191C523636}"
EndProject
Project("{9A19103F-16F7-4668-BE54-9A1E7A4F7556}") = "DotNetty.Transport.Libuv.Tests", "test\DotNetty.Transport.Libuv.Tests\DotNetty.Transport.Libuv.Tests.csproj", "{5938CE7C-61CD-4C70-82B8-B236AC881A14}"
EndProject
Project("{9A19103F-16F7-4668-BE54-9A1E7A4F7556}") = "WebSockets.Server", "examples\WebSockets.Server\WebSockets.Server.csproj", "{F3AA2B9E-0AA7-4F13-B5F5-5BFF34FF8385}"
EndProject
Project("{9A19103F-16F7-4668-BE54-9A1E7A4F7556}") = "WebSockets.Client", "examples\WebSockets.Client\WebSockets.Client.csproj", "{DA148037-5219-49C2-B76F-9B0F2BFC5FA9}"
EndProject
Project("{9A19103F-16F7-4668-BE54-9A1E7A4F7556}") = "HttpUpload.Server", "examples\HttpUpload.Server\HttpUpload.Server.csproj", "{CB072E56-8FA0-4F9B-8FC8-9FC9AD3B0ED9}"
EndProject
Project("{9A19103F-16F7-4668-BE54-9A1E7A4F7556}") = "HttpUpload.Client", "examples\HttpUpload.Client\HttpUpload.Client.csproj", "{374E33F2-658D-473B-A918-08766B3EAFA0}"
EndProject
Project("{D954291E-2A0B-460D-934E-DC6B0785DB48}") = "CuteAnt.Extensions.Reflection.Sources", "shared\CuteAnt.Extensions.Reflection.Sources\CuteAnt.Extensions.Reflection.Sources.shproj", "{C7F8DBE6-77B7-494D-AF00-018F7579548C}"
EndProject
Project("{D954291E-2A0B-460D-934E-DC6B0785DB48}") = "Nito.AsyncEx.ExceptionEnlightenment.Sources", "shared\Nito.AsyncEx.ExceptionEnlightenment.Sources\Nito.AsyncEx.ExceptionEnlightenment.Sources.shproj", "{D90E9B82-6317-4055-82E3-FE8625C143E9}"
EndProject
Project("{9A19103F-16F7-4668-BE54-9A1E7A4F7556}") = "DotNetty.Codecs.Http2", "src\DotNetty.Codecs.Http2\DotNetty.Codecs.Http2.csproj", "{23B1BB20-978A-4747-8AA0-FA009D71B8C3}"
EndProject
Project("{9A19103F-16F7-4668-BE54-9A1E7A4F7556}") = "DotNetty.Codecs.Http2.Tests", "test\DotNetty.Codecs.Http2.Tests\DotNetty.Codecs.Http2.Tests.csproj", "{0EC9B5D2-3E6D-402E-B1AD-D89A827F6ECE}"
EndProject
Project("{9A19103F-16F7-4668-BE54-9A1E7A4F7556}") = "Http2Helloworld.Client", "examples\Http2Helloworld.Client\Http2Helloworld.Client.csproj", "{252F8798-A717-4DDD-9F4F-4CEA55622E03}"
EndProject
Project("{9A19103F-16F7-4668-BE54-9A1E7A4F7556}") = "Http2Helloworld.FrameServer", "examples\Http2Helloworld.FrameServer\Http2Helloworld.FrameServer.csproj", "{03B7CCE8-0E90-4E83-9875-EA0065C5960C}"
EndProject
Project("{9A19103F-16F7-4668-BE54-9A1E7A4F7556}") = "Http2Helloworld.MultiplexServer", "examples\Http2Helloworld.MultiplexServer\Http2Helloworld.MultiplexServer.csproj", "{4346E553-5AFC-41AE-B5DD-F1F9A9642432}"
EndProject
Project("{9A19103F-16F7-4668-BE54-9A1E7A4F7556}") = "Http2Helloworld.Server", "examples\Http2Helloworld.Server\Http2Helloworld.Server.csproj", "{C6614231-9FF8-482E-BDA1-CD2F73D352D9}"
EndProject
Project("{9A19103F-16F7-4668-BE54-9A1E7A4F7556}") = "Http2Tiles", "examples\Http2Tiles\Http2Tiles.csproj", "{D0883904-B597-4F1C-ADB5-60095C0EC5D8}"
EndProject
Project("{9A19103F-16F7-4668-BE54-9A1E7A4F7556}") = "DotNetty.Buffers.ReaderWriter.Tests", "test\DotNetty.Buffers.ReaderWriter.Tests\DotNetty.Buffers.ReaderWriter.Tests.csproj", "{E238A908-56B1-4CFC-8790-DCB4F9C19DF0}"
EndProject
Global
	GlobalSection(SharedMSBuildProjectFiles) = preSolution
		shared\CuteAnt.Extensions.Reflection.Sources\CuteAnt.Extensions.Reflection.Sources.projitems*{c7f8dbe6-77b7-494d-af00-018f7579548c}*SharedItemsImports = 13
		shared\Nito.AsyncEx.ExceptionEnlightenment.Sources\Nito.AsyncEx.ExceptionEnlightenment.Sources.projitems*{d90e9b82-6317-4055-82e3-fe8625c143e9}*SharedItemsImports = 13
	EndGlobalSection
	GlobalSection(SolutionConfigurationPlatforms) = preSolution
		Debug|Any CPU = Debug|Any CPU
		Debug|ARM = Debug|ARM
		Debug|x64 = Debug|x64
		Debug|x86 = Debug|x86
		Release|Any CPU = Release|Any CPU
		Release|ARM = Release|ARM
		Release|x64 = Release|x64
		Release|x86 = Release|x86
	EndGlobalSection
	GlobalSection(ProjectConfigurationPlatforms) = postSolution
		{3B9613C3-0FE1-4F7A-AD5A-454952629867}.Debug|Any CPU.ActiveCfg = Debug|Any CPU
		{3B9613C3-0FE1-4F7A-AD5A-454952629867}.Debug|Any CPU.Build.0 = Debug|Any CPU
		{3B9613C3-0FE1-4F7A-AD5A-454952629867}.Debug|ARM.ActiveCfg = Debug|Any CPU
		{3B9613C3-0FE1-4F7A-AD5A-454952629867}.Debug|ARM.Build.0 = Debug|Any CPU
		{3B9613C3-0FE1-4F7A-AD5A-454952629867}.Debug|x64.ActiveCfg = Debug|Any CPU
		{3B9613C3-0FE1-4F7A-AD5A-454952629867}.Debug|x64.Build.0 = Debug|Any CPU
		{3B9613C3-0FE1-4F7A-AD5A-454952629867}.Debug|x86.ActiveCfg = Debug|Any CPU
		{3B9613C3-0FE1-4F7A-AD5A-454952629867}.Debug|x86.Build.0 = Debug|Any CPU
		{3B9613C3-0FE1-4F7A-AD5A-454952629867}.Release|Any CPU.ActiveCfg = Release|Any CPU
		{3B9613C3-0FE1-4F7A-AD5A-454952629867}.Release|Any CPU.Build.0 = Release|Any CPU
		{3B9613C3-0FE1-4F7A-AD5A-454952629867}.Release|ARM.ActiveCfg = Release|Any CPU
		{3B9613C3-0FE1-4F7A-AD5A-454952629867}.Release|ARM.Build.0 = Release|Any CPU
		{3B9613C3-0FE1-4F7A-AD5A-454952629867}.Release|x64.ActiveCfg = Release|Any CPU
		{3B9613C3-0FE1-4F7A-AD5A-454952629867}.Release|x64.Build.0 = Release|Any CPU
		{3B9613C3-0FE1-4F7A-AD5A-454952629867}.Release|x86.ActiveCfg = Release|Any CPU
		{3B9613C3-0FE1-4F7A-AD5A-454952629867}.Release|x86.Build.0 = Release|Any CPU
		{0040F4F7-B6F8-4823-A6F6-1ABC16C20098}.Debug|Any CPU.ActiveCfg = Debug|Any CPU
		{0040F4F7-B6F8-4823-A6F6-1ABC16C20098}.Debug|Any CPU.Build.0 = Debug|Any CPU
		{0040F4F7-B6F8-4823-A6F6-1ABC16C20098}.Debug|ARM.ActiveCfg = Debug|Any CPU
		{0040F4F7-B6F8-4823-A6F6-1ABC16C20098}.Debug|ARM.Build.0 = Debug|Any CPU
		{0040F4F7-B6F8-4823-A6F6-1ABC16C20098}.Debug|x64.ActiveCfg = Debug|Any CPU
		{0040F4F7-B6F8-4823-A6F6-1ABC16C20098}.Debug|x64.Build.0 = Debug|Any CPU
		{0040F4F7-B6F8-4823-A6F6-1ABC16C20098}.Debug|x86.ActiveCfg = Debug|Any CPU
		{0040F4F7-B6F8-4823-A6F6-1ABC16C20098}.Debug|x86.Build.0 = Debug|Any CPU
		{0040F4F7-B6F8-4823-A6F6-1ABC16C20098}.Release|Any CPU.ActiveCfg = Release|Any CPU
		{0040F4F7-B6F8-4823-A6F6-1ABC16C20098}.Release|Any CPU.Build.0 = Release|Any CPU
		{0040F4F7-B6F8-4823-A6F6-1ABC16C20098}.Release|ARM.ActiveCfg = Release|Any CPU
		{0040F4F7-B6F8-4823-A6F6-1ABC16C20098}.Release|ARM.Build.0 = Release|Any CPU
		{0040F4F7-B6F8-4823-A6F6-1ABC16C20098}.Release|x64.ActiveCfg = Release|Any CPU
		{0040F4F7-B6F8-4823-A6F6-1ABC16C20098}.Release|x64.Build.0 = Release|Any CPU
		{0040F4F7-B6F8-4823-A6F6-1ABC16C20098}.Release|x86.ActiveCfg = Release|Any CPU
		{0040F4F7-B6F8-4823-A6F6-1ABC16C20098}.Release|x86.Build.0 = Release|Any CPU
		{C2A9F2F6-363A-4AE0-8080-6830CB204996}.Debug|Any CPU.ActiveCfg = Debug|Any CPU
		{C2A9F2F6-363A-4AE0-8080-6830CB204996}.Debug|Any CPU.Build.0 = Debug|Any CPU
		{C2A9F2F6-363A-4AE0-8080-6830CB204996}.Debug|ARM.ActiveCfg = Debug|Any CPU
		{C2A9F2F6-363A-4AE0-8080-6830CB204996}.Debug|ARM.Build.0 = Debug|Any CPU
		{C2A9F2F6-363A-4AE0-8080-6830CB204996}.Debug|x64.ActiveCfg = Debug|Any CPU
		{C2A9F2F6-363A-4AE0-8080-6830CB204996}.Debug|x64.Build.0 = Debug|Any CPU
		{C2A9F2F6-363A-4AE0-8080-6830CB204996}.Debug|x86.ActiveCfg = Debug|Any CPU
		{C2A9F2F6-363A-4AE0-8080-6830CB204996}.Debug|x86.Build.0 = Debug|Any CPU
		{C2A9F2F6-363A-4AE0-8080-6830CB204996}.Release|Any CPU.ActiveCfg = Release|Any CPU
		{C2A9F2F6-363A-4AE0-8080-6830CB204996}.Release|Any CPU.Build.0 = Release|Any CPU
		{C2A9F2F6-363A-4AE0-8080-6830CB204996}.Release|ARM.ActiveCfg = Release|Any CPU
		{C2A9F2F6-363A-4AE0-8080-6830CB204996}.Release|ARM.Build.0 = Release|Any CPU
		{C2A9F2F6-363A-4AE0-8080-6830CB204996}.Release|x64.ActiveCfg = Release|Any CPU
		{C2A9F2F6-363A-4AE0-8080-6830CB204996}.Release|x64.Build.0 = Release|Any CPU
		{C2A9F2F6-363A-4AE0-8080-6830CB204996}.Release|x86.ActiveCfg = Release|Any CPU
		{C2A9F2F6-363A-4AE0-8080-6830CB204996}.Release|x86.Build.0 = Release|Any CPU
		{D02DB5E8-FD54-46C4-8793-F117B7165D7D}.Debug|Any CPU.ActiveCfg = Debug|Any CPU
		{D02DB5E8-FD54-46C4-8793-F117B7165D7D}.Debug|Any CPU.Build.0 = Debug|Any CPU
		{D02DB5E8-FD54-46C4-8793-F117B7165D7D}.Debug|ARM.ActiveCfg = Debug|Any CPU
		{D02DB5E8-FD54-46C4-8793-F117B7165D7D}.Debug|ARM.Build.0 = Debug|Any CPU
		{D02DB5E8-FD54-46C4-8793-F117B7165D7D}.Debug|x64.ActiveCfg = Debug|Any CPU
		{D02DB5E8-FD54-46C4-8793-F117B7165D7D}.Debug|x64.Build.0 = Debug|Any CPU
		{D02DB5E8-FD54-46C4-8793-F117B7165D7D}.Debug|x86.ActiveCfg = Debug|Any CPU
		{D02DB5E8-FD54-46C4-8793-F117B7165D7D}.Debug|x86.Build.0 = Debug|Any CPU
		{D02DB5E8-FD54-46C4-8793-F117B7165D7D}.Release|Any CPU.ActiveCfg = Release|Any CPU
		{D02DB5E8-FD54-46C4-8793-F117B7165D7D}.Release|Any CPU.Build.0 = Release|Any CPU
		{D02DB5E8-FD54-46C4-8793-F117B7165D7D}.Release|ARM.ActiveCfg = Release|Any CPU
		{D02DB5E8-FD54-46C4-8793-F117B7165D7D}.Release|ARM.Build.0 = Release|Any CPU
		{D02DB5E8-FD54-46C4-8793-F117B7165D7D}.Release|x64.ActiveCfg = Release|Any CPU
		{D02DB5E8-FD54-46C4-8793-F117B7165D7D}.Release|x64.Build.0 = Release|Any CPU
		{D02DB5E8-FD54-46C4-8793-F117B7165D7D}.Release|x86.ActiveCfg = Release|Any CPU
		{D02DB5E8-FD54-46C4-8793-F117B7165D7D}.Release|x86.Build.0 = Release|Any CPU
		{B4E683BC-92EA-4ADC-8B99-BA7208507D80}.Debug|Any CPU.ActiveCfg = Debug|Any CPU
		{B4E683BC-92EA-4ADC-8B99-BA7208507D80}.Debug|Any CPU.Build.0 = Debug|Any CPU
		{B4E683BC-92EA-4ADC-8B99-BA7208507D80}.Debug|ARM.ActiveCfg = Debug|Any CPU
		{B4E683BC-92EA-4ADC-8B99-BA7208507D80}.Debug|ARM.Build.0 = Debug|Any CPU
		{B4E683BC-92EA-4ADC-8B99-BA7208507D80}.Debug|x64.ActiveCfg = Debug|Any CPU
		{B4E683BC-92EA-4ADC-8B99-BA7208507D80}.Debug|x64.Build.0 = Debug|Any CPU
		{B4E683BC-92EA-4ADC-8B99-BA7208507D80}.Debug|x86.ActiveCfg = Debug|Any CPU
		{B4E683BC-92EA-4ADC-8B99-BA7208507D80}.Debug|x86.Build.0 = Debug|Any CPU
		{B4E683BC-92EA-4ADC-8B99-BA7208507D80}.Release|Any CPU.ActiveCfg = Release|Any CPU
		{B4E683BC-92EA-4ADC-8B99-BA7208507D80}.Release|Any CPU.Build.0 = Release|Any CPU
		{B4E683BC-92EA-4ADC-8B99-BA7208507D80}.Release|ARM.ActiveCfg = Release|Any CPU
		{B4E683BC-92EA-4ADC-8B99-BA7208507D80}.Release|ARM.Build.0 = Release|Any CPU
		{B4E683BC-92EA-4ADC-8B99-BA7208507D80}.Release|x64.ActiveCfg = Release|Any CPU
		{B4E683BC-92EA-4ADC-8B99-BA7208507D80}.Release|x64.Build.0 = Release|Any CPU
		{B4E683BC-92EA-4ADC-8B99-BA7208507D80}.Release|x86.ActiveCfg = Release|Any CPU
		{B4E683BC-92EA-4ADC-8B99-BA7208507D80}.Release|x86.Build.0 = Release|Any CPU
		{D8AE3ECA-1BE6-44C5-9174-7C92CCFBEFC2}.Debug|Any CPU.ActiveCfg = Debug|Any CPU
		{D8AE3ECA-1BE6-44C5-9174-7C92CCFBEFC2}.Debug|Any CPU.Build.0 = Debug|Any CPU
		{D8AE3ECA-1BE6-44C5-9174-7C92CCFBEFC2}.Debug|ARM.ActiveCfg = Debug|Any CPU
		{D8AE3ECA-1BE6-44C5-9174-7C92CCFBEFC2}.Debug|ARM.Build.0 = Debug|Any CPU
		{D8AE3ECA-1BE6-44C5-9174-7C92CCFBEFC2}.Debug|x64.ActiveCfg = Debug|Any CPU
		{D8AE3ECA-1BE6-44C5-9174-7C92CCFBEFC2}.Debug|x64.Build.0 = Debug|Any CPU
		{D8AE3ECA-1BE6-44C5-9174-7C92CCFBEFC2}.Debug|x86.ActiveCfg = Debug|Any CPU
		{D8AE3ECA-1BE6-44C5-9174-7C92CCFBEFC2}.Debug|x86.Build.0 = Debug|Any CPU
		{D8AE3ECA-1BE6-44C5-9174-7C92CCFBEFC2}.Release|Any CPU.ActiveCfg = Release|Any CPU
		{D8AE3ECA-1BE6-44C5-9174-7C92CCFBEFC2}.Release|Any CPU.Build.0 = Release|Any CPU
		{D8AE3ECA-1BE6-44C5-9174-7C92CCFBEFC2}.Release|ARM.ActiveCfg = Release|Any CPU
		{D8AE3ECA-1BE6-44C5-9174-7C92CCFBEFC2}.Release|ARM.Build.0 = Release|Any CPU
		{D8AE3ECA-1BE6-44C5-9174-7C92CCFBEFC2}.Release|x64.ActiveCfg = Release|Any CPU
		{D8AE3ECA-1BE6-44C5-9174-7C92CCFBEFC2}.Release|x64.Build.0 = Release|Any CPU
		{D8AE3ECA-1BE6-44C5-9174-7C92CCFBEFC2}.Release|x86.ActiveCfg = Release|Any CPU
		{D8AE3ECA-1BE6-44C5-9174-7C92CCFBEFC2}.Release|x86.Build.0 = Release|Any CPU
		{4ED4B313-21BA-473E-ADC0-FF36E64C2DCF}.Debug|Any CPU.ActiveCfg = Debug|Any CPU
		{4ED4B313-21BA-473E-ADC0-FF36E64C2DCF}.Debug|Any CPU.Build.0 = Debug|Any CPU
		{4ED4B313-21BA-473E-ADC0-FF36E64C2DCF}.Debug|ARM.ActiveCfg = Debug|Any CPU
		{4ED4B313-21BA-473E-ADC0-FF36E64C2DCF}.Debug|ARM.Build.0 = Debug|Any CPU
		{4ED4B313-21BA-473E-ADC0-FF36E64C2DCF}.Debug|x64.ActiveCfg = Debug|Any CPU
		{4ED4B313-21BA-473E-ADC0-FF36E64C2DCF}.Debug|x64.Build.0 = Debug|Any CPU
		{4ED4B313-21BA-473E-ADC0-FF36E64C2DCF}.Debug|x86.ActiveCfg = Debug|Any CPU
		{4ED4B313-21BA-473E-ADC0-FF36E64C2DCF}.Debug|x86.Build.0 = Debug|Any CPU
		{4ED4B313-21BA-473E-ADC0-FF36E64C2DCF}.Release|Any CPU.ActiveCfg = Release|Any CPU
		{4ED4B313-21BA-473E-ADC0-FF36E64C2DCF}.Release|Any CPU.Build.0 = Release|Any CPU
		{4ED4B313-21BA-473E-ADC0-FF36E64C2DCF}.Release|ARM.ActiveCfg = Release|Any CPU
		{4ED4B313-21BA-473E-ADC0-FF36E64C2DCF}.Release|ARM.Build.0 = Release|Any CPU
		{4ED4B313-21BA-473E-ADC0-FF36E64C2DCF}.Release|x64.ActiveCfg = Release|Any CPU
		{4ED4B313-21BA-473E-ADC0-FF36E64C2DCF}.Release|x64.Build.0 = Release|Any CPU
		{4ED4B313-21BA-473E-ADC0-FF36E64C2DCF}.Release|x86.ActiveCfg = Release|Any CPU
		{4ED4B313-21BA-473E-ADC0-FF36E64C2DCF}.Release|x86.Build.0 = Release|Any CPU
		{BA163586-F875-4488-9188-53A4A14DFD34}.Debug|Any CPU.ActiveCfg = Debug|Any CPU
		{BA163586-F875-4488-9188-53A4A14DFD34}.Debug|Any CPU.Build.0 = Debug|Any CPU
		{BA163586-F875-4488-9188-53A4A14DFD34}.Debug|ARM.ActiveCfg = Debug|Any CPU
		{BA163586-F875-4488-9188-53A4A14DFD34}.Debug|ARM.Build.0 = Debug|Any CPU
		{BA163586-F875-4488-9188-53A4A14DFD34}.Debug|x64.ActiveCfg = Debug|Any CPU
		{BA163586-F875-4488-9188-53A4A14DFD34}.Debug|x64.Build.0 = Debug|Any CPU
		{BA163586-F875-4488-9188-53A4A14DFD34}.Debug|x86.ActiveCfg = Debug|Any CPU
		{BA163586-F875-4488-9188-53A4A14DFD34}.Debug|x86.Build.0 = Debug|Any CPU
		{BA163586-F875-4488-9188-53A4A14DFD34}.Release|Any CPU.ActiveCfg = Release|Any CPU
		{BA163586-F875-4488-9188-53A4A14DFD34}.Release|Any CPU.Build.0 = Release|Any CPU
		{BA163586-F875-4488-9188-53A4A14DFD34}.Release|ARM.ActiveCfg = Release|Any CPU
		{BA163586-F875-4488-9188-53A4A14DFD34}.Release|ARM.Build.0 = Release|Any CPU
		{BA163586-F875-4488-9188-53A4A14DFD34}.Release|x64.ActiveCfg = Release|Any CPU
		{BA163586-F875-4488-9188-53A4A14DFD34}.Release|x64.Build.0 = Release|Any CPU
		{BA163586-F875-4488-9188-53A4A14DFD34}.Release|x86.ActiveCfg = Release|Any CPU
		{BA163586-F875-4488-9188-53A4A14DFD34}.Release|x86.Build.0 = Release|Any CPU
		{34952808-CF66-4693-8733-78B543AE94E2}.Debug|Any CPU.ActiveCfg = Debug|Any CPU
		{34952808-CF66-4693-8733-78B543AE94E2}.Debug|Any CPU.Build.0 = Debug|Any CPU
		{34952808-CF66-4693-8733-78B543AE94E2}.Debug|ARM.ActiveCfg = Debug|Any CPU
		{34952808-CF66-4693-8733-78B543AE94E2}.Debug|ARM.Build.0 = Debug|Any CPU
		{34952808-CF66-4693-8733-78B543AE94E2}.Debug|x64.ActiveCfg = Debug|Any CPU
		{34952808-CF66-4693-8733-78B543AE94E2}.Debug|x64.Build.0 = Debug|Any CPU
		{34952808-CF66-4693-8733-78B543AE94E2}.Debug|x86.ActiveCfg = Debug|Any CPU
		{34952808-CF66-4693-8733-78B543AE94E2}.Debug|x86.Build.0 = Debug|Any CPU
		{34952808-CF66-4693-8733-78B543AE94E2}.Release|Any CPU.ActiveCfg = Release|Any CPU
		{34952808-CF66-4693-8733-78B543AE94E2}.Release|Any CPU.Build.0 = Release|Any CPU
		{34952808-CF66-4693-8733-78B543AE94E2}.Release|ARM.ActiveCfg = Release|Any CPU
		{34952808-CF66-4693-8733-78B543AE94E2}.Release|ARM.Build.0 = Release|Any CPU
		{34952808-CF66-4693-8733-78B543AE94E2}.Release|x64.ActiveCfg = Release|Any CPU
		{34952808-CF66-4693-8733-78B543AE94E2}.Release|x64.Build.0 = Release|Any CPU
		{34952808-CF66-4693-8733-78B543AE94E2}.Release|x86.ActiveCfg = Release|Any CPU
		{34952808-CF66-4693-8733-78B543AE94E2}.Release|x86.Build.0 = Release|Any CPU
		{08E7FEC5-EE03-43EA-AC4F-94BE1B5EF555}.Debug|Any CPU.ActiveCfg = Debug|Any CPU
		{08E7FEC5-EE03-43EA-AC4F-94BE1B5EF555}.Debug|Any CPU.Build.0 = Debug|Any CPU
		{08E7FEC5-EE03-43EA-AC4F-94BE1B5EF555}.Debug|ARM.ActiveCfg = Debug|Any CPU
		{08E7FEC5-EE03-43EA-AC4F-94BE1B5EF555}.Debug|ARM.Build.0 = Debug|Any CPU
		{08E7FEC5-EE03-43EA-AC4F-94BE1B5EF555}.Debug|x64.ActiveCfg = Debug|Any CPU
		{08E7FEC5-EE03-43EA-AC4F-94BE1B5EF555}.Debug|x64.Build.0 = Debug|Any CPU
		{08E7FEC5-EE03-43EA-AC4F-94BE1B5EF555}.Debug|x86.ActiveCfg = Debug|Any CPU
		{08E7FEC5-EE03-43EA-AC4F-94BE1B5EF555}.Debug|x86.Build.0 = Debug|Any CPU
		{08E7FEC5-EE03-43EA-AC4F-94BE1B5EF555}.Release|Any CPU.ActiveCfg = Release|Any CPU
		{08E7FEC5-EE03-43EA-AC4F-94BE1B5EF555}.Release|Any CPU.Build.0 = Release|Any CPU
		{08E7FEC5-EE03-43EA-AC4F-94BE1B5EF555}.Release|ARM.ActiveCfg = Release|Any CPU
		{08E7FEC5-EE03-43EA-AC4F-94BE1B5EF555}.Release|ARM.Build.0 = Release|Any CPU
		{08E7FEC5-EE03-43EA-AC4F-94BE1B5EF555}.Release|x64.ActiveCfg = Release|Any CPU
		{08E7FEC5-EE03-43EA-AC4F-94BE1B5EF555}.Release|x64.Build.0 = Release|Any CPU
		{08E7FEC5-EE03-43EA-AC4F-94BE1B5EF555}.Release|x86.ActiveCfg = Release|Any CPU
		{08E7FEC5-EE03-43EA-AC4F-94BE1B5EF555}.Release|x86.Build.0 = Release|Any CPU
		{3F633E1E-CD49-455E-B05F-1DDEE54561D4}.Debug|Any CPU.ActiveCfg = Debug|Any CPU
		{3F633E1E-CD49-455E-B05F-1DDEE54561D4}.Debug|Any CPU.Build.0 = Debug|Any CPU
		{3F633E1E-CD49-455E-B05F-1DDEE54561D4}.Debug|ARM.ActiveCfg = Debug|Any CPU
		{3F633E1E-CD49-455E-B05F-1DDEE54561D4}.Debug|ARM.Build.0 = Debug|Any CPU
		{3F633E1E-CD49-455E-B05F-1DDEE54561D4}.Debug|x64.ActiveCfg = Debug|Any CPU
		{3F633E1E-CD49-455E-B05F-1DDEE54561D4}.Debug|x64.Build.0 = Debug|Any CPU
		{3F633E1E-CD49-455E-B05F-1DDEE54561D4}.Debug|x86.ActiveCfg = Debug|Any CPU
		{3F633E1E-CD49-455E-B05F-1DDEE54561D4}.Debug|x86.Build.0 = Debug|Any CPU
		{3F633E1E-CD49-455E-B05F-1DDEE54561D4}.Release|Any CPU.ActiveCfg = Release|Any CPU
		{3F633E1E-CD49-455E-B05F-1DDEE54561D4}.Release|Any CPU.Build.0 = Release|Any CPU
		{3F633E1E-CD49-455E-B05F-1DDEE54561D4}.Release|ARM.ActiveCfg = Release|Any CPU
		{3F633E1E-CD49-455E-B05F-1DDEE54561D4}.Release|ARM.Build.0 = Release|Any CPU
		{3F633E1E-CD49-455E-B05F-1DDEE54561D4}.Release|x64.ActiveCfg = Release|Any CPU
		{3F633E1E-CD49-455E-B05F-1DDEE54561D4}.Release|x64.Build.0 = Release|Any CPU
		{3F633E1E-CD49-455E-B05F-1DDEE54561D4}.Release|x86.ActiveCfg = Release|Any CPU
		{3F633E1E-CD49-455E-B05F-1DDEE54561D4}.Release|x86.Build.0 = Release|Any CPU
		{5DD65A95-E74E-4885-96A4-CAC8E9CF4907}.Debug|Any CPU.ActiveCfg = Debug|Any CPU
		{5DD65A95-E74E-4885-96A4-CAC8E9CF4907}.Debug|Any CPU.Build.0 = Debug|Any CPU
		{5DD65A95-E74E-4885-96A4-CAC8E9CF4907}.Debug|ARM.ActiveCfg = Debug|Any CPU
		{5DD65A95-E74E-4885-96A4-CAC8E9CF4907}.Debug|ARM.Build.0 = Debug|Any CPU
		{5DD65A95-E74E-4885-96A4-CAC8E9CF4907}.Debug|x64.ActiveCfg = Debug|Any CPU
		{5DD65A95-E74E-4885-96A4-CAC8E9CF4907}.Debug|x64.Build.0 = Debug|Any CPU
		{5DD65A95-E74E-4885-96A4-CAC8E9CF4907}.Debug|x86.ActiveCfg = Debug|Any CPU
		{5DD65A95-E74E-4885-96A4-CAC8E9CF4907}.Debug|x86.Build.0 = Debug|Any CPU
		{5DD65A95-E74E-4885-96A4-CAC8E9CF4907}.Release|Any CPU.ActiveCfg = Release|Any CPU
		{5DD65A95-E74E-4885-96A4-CAC8E9CF4907}.Release|Any CPU.Build.0 = Release|Any CPU
		{5DD65A95-E74E-4885-96A4-CAC8E9CF4907}.Release|ARM.ActiveCfg = Release|Any CPU
		{5DD65A95-E74E-4885-96A4-CAC8E9CF4907}.Release|ARM.Build.0 = Release|Any CPU
		{5DD65A95-E74E-4885-96A4-CAC8E9CF4907}.Release|x64.ActiveCfg = Release|Any CPU
		{5DD65A95-E74E-4885-96A4-CAC8E9CF4907}.Release|x64.Build.0 = Release|Any CPU
		{5DD65A95-E74E-4885-96A4-CAC8E9CF4907}.Release|x86.ActiveCfg = Release|Any CPU
		{5DD65A95-E74E-4885-96A4-CAC8E9CF4907}.Release|x86.Build.0 = Release|Any CPU
		{4DF7D1DB-B3B2-4A73-A46A-1AB995BC2DB8}.Debug|Any CPU.ActiveCfg = Debug|Any CPU
		{4DF7D1DB-B3B2-4A73-A46A-1AB995BC2DB8}.Debug|Any CPU.Build.0 = Debug|Any CPU
		{4DF7D1DB-B3B2-4A73-A46A-1AB995BC2DB8}.Debug|ARM.ActiveCfg = Debug|Any CPU
		{4DF7D1DB-B3B2-4A73-A46A-1AB995BC2DB8}.Debug|ARM.Build.0 = Debug|Any CPU
		{4DF7D1DB-B3B2-4A73-A46A-1AB995BC2DB8}.Debug|x64.ActiveCfg = Debug|Any CPU
		{4DF7D1DB-B3B2-4A73-A46A-1AB995BC2DB8}.Debug|x64.Build.0 = Debug|Any CPU
		{4DF7D1DB-B3B2-4A73-A46A-1AB995BC2DB8}.Debug|x86.ActiveCfg = Debug|Any CPU
		{4DF7D1DB-B3B2-4A73-A46A-1AB995BC2DB8}.Debug|x86.Build.0 = Debug|Any CPU
		{4DF7D1DB-B3B2-4A73-A46A-1AB995BC2DB8}.Release|Any CPU.ActiveCfg = Release|Any CPU
		{4DF7D1DB-B3B2-4A73-A46A-1AB995BC2DB8}.Release|Any CPU.Build.0 = Release|Any CPU
		{4DF7D1DB-B3B2-4A73-A46A-1AB995BC2DB8}.Release|ARM.ActiveCfg = Release|Any CPU
		{4DF7D1DB-B3B2-4A73-A46A-1AB995BC2DB8}.Release|ARM.Build.0 = Release|Any CPU
		{4DF7D1DB-B3B2-4A73-A46A-1AB995BC2DB8}.Release|x64.ActiveCfg = Release|Any CPU
		{4DF7D1DB-B3B2-4A73-A46A-1AB995BC2DB8}.Release|x64.Build.0 = Release|Any CPU
		{4DF7D1DB-B3B2-4A73-A46A-1AB995BC2DB8}.Release|x86.ActiveCfg = Release|Any CPU
		{4DF7D1DB-B3B2-4A73-A46A-1AB995BC2DB8}.Release|x86.Build.0 = Release|Any CPU
		{4EAAC55D-B1C4-418C-A003-C0954095F734}.Debug|Any CPU.ActiveCfg = Debug|Any CPU
		{4EAAC55D-B1C4-418C-A003-C0954095F734}.Debug|Any CPU.Build.0 = Debug|Any CPU
		{4EAAC55D-B1C4-418C-A003-C0954095F734}.Debug|ARM.ActiveCfg = Debug|Any CPU
		{4EAAC55D-B1C4-418C-A003-C0954095F734}.Debug|ARM.Build.0 = Debug|Any CPU
		{4EAAC55D-B1C4-418C-A003-C0954095F734}.Debug|x64.ActiveCfg = Debug|Any CPU
		{4EAAC55D-B1C4-418C-A003-C0954095F734}.Debug|x64.Build.0 = Debug|Any CPU
		{4EAAC55D-B1C4-418C-A003-C0954095F734}.Debug|x86.ActiveCfg = Debug|Any CPU
		{4EAAC55D-B1C4-418C-A003-C0954095F734}.Debug|x86.Build.0 = Debug|Any CPU
		{4EAAC55D-B1C4-418C-A003-C0954095F734}.Release|Any CPU.ActiveCfg = Release|Any CPU
		{4EAAC55D-B1C4-418C-A003-C0954095F734}.Release|Any CPU.Build.0 = Release|Any CPU
		{4EAAC55D-B1C4-418C-A003-C0954095F734}.Release|ARM.ActiveCfg = Release|Any CPU
		{4EAAC55D-B1C4-418C-A003-C0954095F734}.Release|ARM.Build.0 = Release|Any CPU
		{4EAAC55D-B1C4-418C-A003-C0954095F734}.Release|x64.ActiveCfg = Release|Any CPU
		{4EAAC55D-B1C4-418C-A003-C0954095F734}.Release|x64.Build.0 = Release|Any CPU
		{4EAAC55D-B1C4-418C-A003-C0954095F734}.Release|x86.ActiveCfg = Release|Any CPU
		{4EAAC55D-B1C4-418C-A003-C0954095F734}.Release|x86.Build.0 = Release|Any CPU
		{63815732-2108-4C10-B478-2FD40BF41AC0}.Debug|Any CPU.ActiveCfg = Debug|Any CPU
		{63815732-2108-4C10-B478-2FD40BF41AC0}.Debug|Any CPU.Build.0 = Debug|Any CPU
		{63815732-2108-4C10-B478-2FD40BF41AC0}.Debug|ARM.ActiveCfg = Debug|Any CPU
		{63815732-2108-4C10-B478-2FD40BF41AC0}.Debug|ARM.Build.0 = Debug|Any CPU
		{63815732-2108-4C10-B478-2FD40BF41AC0}.Debug|x64.ActiveCfg = Debug|Any CPU
		{63815732-2108-4C10-B478-2FD40BF41AC0}.Debug|x64.Build.0 = Debug|Any CPU
		{63815732-2108-4C10-B478-2FD40BF41AC0}.Debug|x86.ActiveCfg = Debug|Any CPU
		{63815732-2108-4C10-B478-2FD40BF41AC0}.Debug|x86.Build.0 = Debug|Any CPU
		{63815732-2108-4C10-B478-2FD40BF41AC0}.Release|Any CPU.ActiveCfg = Release|Any CPU
		{63815732-2108-4C10-B478-2FD40BF41AC0}.Release|Any CPU.Build.0 = Release|Any CPU
		{63815732-2108-4C10-B478-2FD40BF41AC0}.Release|ARM.ActiveCfg = Release|Any CPU
		{63815732-2108-4C10-B478-2FD40BF41AC0}.Release|ARM.Build.0 = Release|Any CPU
		{63815732-2108-4C10-B478-2FD40BF41AC0}.Release|x64.ActiveCfg = Release|Any CPU
		{63815732-2108-4C10-B478-2FD40BF41AC0}.Release|x64.Build.0 = Release|Any CPU
		{63815732-2108-4C10-B478-2FD40BF41AC0}.Release|x86.ActiveCfg = Release|Any CPU
		{63815732-2108-4C10-B478-2FD40BF41AC0}.Release|x86.Build.0 = Release|Any CPU
		{8843CA84-546C-4B06-8DDC-A66F30D0C3A6}.Debug|Any CPU.ActiveCfg = Debug|Any CPU
		{8843CA84-546C-4B06-8DDC-A66F30D0C3A6}.Debug|Any CPU.Build.0 = Debug|Any CPU
		{8843CA84-546C-4B06-8DDC-A66F30D0C3A6}.Debug|ARM.ActiveCfg = Debug|Any CPU
		{8843CA84-546C-4B06-8DDC-A66F30D0C3A6}.Debug|ARM.Build.0 = Debug|Any CPU
		{8843CA84-546C-4B06-8DDC-A66F30D0C3A6}.Debug|x64.ActiveCfg = Debug|Any CPU
		{8843CA84-546C-4B06-8DDC-A66F30D0C3A6}.Debug|x64.Build.0 = Debug|Any CPU
		{8843CA84-546C-4B06-8DDC-A66F30D0C3A6}.Debug|x86.ActiveCfg = Debug|Any CPU
		{8843CA84-546C-4B06-8DDC-A66F30D0C3A6}.Debug|x86.Build.0 = Debug|Any CPU
		{8843CA84-546C-4B06-8DDC-A66F30D0C3A6}.Release|Any CPU.ActiveCfg = Release|Any CPU
		{8843CA84-546C-4B06-8DDC-A66F30D0C3A6}.Release|Any CPU.Build.0 = Release|Any CPU
		{8843CA84-546C-4B06-8DDC-A66F30D0C3A6}.Release|ARM.ActiveCfg = Release|Any CPU
		{8843CA84-546C-4B06-8DDC-A66F30D0C3A6}.Release|ARM.Build.0 = Release|Any CPU
		{8843CA84-546C-4B06-8DDC-A66F30D0C3A6}.Release|x64.ActiveCfg = Release|Any CPU
		{8843CA84-546C-4B06-8DDC-A66F30D0C3A6}.Release|x64.Build.0 = Release|Any CPU
		{8843CA84-546C-4B06-8DDC-A66F30D0C3A6}.Release|x86.ActiveCfg = Release|Any CPU
		{8843CA84-546C-4B06-8DDC-A66F30D0C3A6}.Release|x86.Build.0 = Release|Any CPU
		{00058D0F-5F0F-4D97-AD04-19B9FBB7F0BD}.Debug|Any CPU.ActiveCfg = Debug|Any CPU
		{00058D0F-5F0F-4D97-AD04-19B9FBB7F0BD}.Debug|Any CPU.Build.0 = Debug|Any CPU
		{00058D0F-5F0F-4D97-AD04-19B9FBB7F0BD}.Debug|ARM.ActiveCfg = Debug|Any CPU
		{00058D0F-5F0F-4D97-AD04-19B9FBB7F0BD}.Debug|ARM.Build.0 = Debug|Any CPU
		{00058D0F-5F0F-4D97-AD04-19B9FBB7F0BD}.Debug|x64.ActiveCfg = Debug|Any CPU
		{00058D0F-5F0F-4D97-AD04-19B9FBB7F0BD}.Debug|x64.Build.0 = Debug|Any CPU
		{00058D0F-5F0F-4D97-AD04-19B9FBB7F0BD}.Debug|x86.ActiveCfg = Debug|Any CPU
		{00058D0F-5F0F-4D97-AD04-19B9FBB7F0BD}.Debug|x86.Build.0 = Debug|Any CPU
		{00058D0F-5F0F-4D97-AD04-19B9FBB7F0BD}.Release|Any CPU.ActiveCfg = Release|Any CPU
		{00058D0F-5F0F-4D97-AD04-19B9FBB7F0BD}.Release|Any CPU.Build.0 = Release|Any CPU
		{00058D0F-5F0F-4D97-AD04-19B9FBB7F0BD}.Release|ARM.ActiveCfg = Release|Any CPU
		{00058D0F-5F0F-4D97-AD04-19B9FBB7F0BD}.Release|ARM.Build.0 = Release|Any CPU
		{00058D0F-5F0F-4D97-AD04-19B9FBB7F0BD}.Release|x64.ActiveCfg = Release|Any CPU
		{00058D0F-5F0F-4D97-AD04-19B9FBB7F0BD}.Release|x64.Build.0 = Release|Any CPU
		{00058D0F-5F0F-4D97-AD04-19B9FBB7F0BD}.Release|x86.ActiveCfg = Release|Any CPU
		{00058D0F-5F0F-4D97-AD04-19B9FBB7F0BD}.Release|x86.Build.0 = Release|Any CPU
		{03A4B573-20B9-44D7-85B4-1016C75E5731}.Debug|Any CPU.ActiveCfg = Debug|Any CPU
		{03A4B573-20B9-44D7-85B4-1016C75E5731}.Debug|Any CPU.Build.0 = Debug|Any CPU
		{03A4B573-20B9-44D7-85B4-1016C75E5731}.Debug|ARM.ActiveCfg = Debug|Any CPU
		{03A4B573-20B9-44D7-85B4-1016C75E5731}.Debug|ARM.Build.0 = Debug|Any CPU
		{03A4B573-20B9-44D7-85B4-1016C75E5731}.Debug|x64.ActiveCfg = Debug|Any CPU
		{03A4B573-20B9-44D7-85B4-1016C75E5731}.Debug|x64.Build.0 = Debug|Any CPU
		{03A4B573-20B9-44D7-85B4-1016C75E5731}.Debug|x86.ActiveCfg = Debug|Any CPU
		{03A4B573-20B9-44D7-85B4-1016C75E5731}.Debug|x86.Build.0 = Debug|Any CPU
		{03A4B573-20B9-44D7-85B4-1016C75E5731}.Release|Any CPU.ActiveCfg = Release|Any CPU
		{03A4B573-20B9-44D7-85B4-1016C75E5731}.Release|Any CPU.Build.0 = Release|Any CPU
		{03A4B573-20B9-44D7-85B4-1016C75E5731}.Release|ARM.ActiveCfg = Release|Any CPU
		{03A4B573-20B9-44D7-85B4-1016C75E5731}.Release|ARM.Build.0 = Release|Any CPU
		{03A4B573-20B9-44D7-85B4-1016C75E5731}.Release|x64.ActiveCfg = Release|Any CPU
		{03A4B573-20B9-44D7-85B4-1016C75E5731}.Release|x64.Build.0 = Release|Any CPU
		{03A4B573-20B9-44D7-85B4-1016C75E5731}.Release|x86.ActiveCfg = Release|Any CPU
		{03A4B573-20B9-44D7-85B4-1016C75E5731}.Release|x86.Build.0 = Release|Any CPU
		{590ABBD0-BC8D-4807-9049-C011DA4925E8}.Debug|Any CPU.ActiveCfg = Debug|Any CPU
		{590ABBD0-BC8D-4807-9049-C011DA4925E8}.Debug|Any CPU.Build.0 = Debug|Any CPU
		{590ABBD0-BC8D-4807-9049-C011DA4925E8}.Debug|ARM.ActiveCfg = Debug|Any CPU
		{590ABBD0-BC8D-4807-9049-C011DA4925E8}.Debug|ARM.Build.0 = Debug|Any CPU
		{590ABBD0-BC8D-4807-9049-C011DA4925E8}.Debug|x64.ActiveCfg = Debug|Any CPU
		{590ABBD0-BC8D-4807-9049-C011DA4925E8}.Debug|x64.Build.0 = Debug|Any CPU
		{590ABBD0-BC8D-4807-9049-C011DA4925E8}.Debug|x86.ActiveCfg = Debug|Any CPU
		{590ABBD0-BC8D-4807-9049-C011DA4925E8}.Debug|x86.Build.0 = Debug|Any CPU
		{590ABBD0-BC8D-4807-9049-C011DA4925E8}.Release|Any CPU.ActiveCfg = Release|Any CPU
		{590ABBD0-BC8D-4807-9049-C011DA4925E8}.Release|Any CPU.Build.0 = Release|Any CPU
		{590ABBD0-BC8D-4807-9049-C011DA4925E8}.Release|ARM.ActiveCfg = Release|Any CPU
		{590ABBD0-BC8D-4807-9049-C011DA4925E8}.Release|ARM.Build.0 = Release|Any CPU
		{590ABBD0-BC8D-4807-9049-C011DA4925E8}.Release|x64.ActiveCfg = Release|Any CPU
		{590ABBD0-BC8D-4807-9049-C011DA4925E8}.Release|x64.Build.0 = Release|Any CPU
		{590ABBD0-BC8D-4807-9049-C011DA4925E8}.Release|x86.ActiveCfg = Release|Any CPU
		{590ABBD0-BC8D-4807-9049-C011DA4925E8}.Release|x86.Build.0 = Release|Any CPU
		{D4060423-41B9-43C5-A6C9-D44990863745}.Debug|Any CPU.ActiveCfg = Debug|Any CPU
		{D4060423-41B9-43C5-A6C9-D44990863745}.Debug|Any CPU.Build.0 = Debug|Any CPU
		{D4060423-41B9-43C5-A6C9-D44990863745}.Debug|ARM.ActiveCfg = Debug|Any CPU
		{D4060423-41B9-43C5-A6C9-D44990863745}.Debug|ARM.Build.0 = Debug|Any CPU
		{D4060423-41B9-43C5-A6C9-D44990863745}.Debug|x64.ActiveCfg = Debug|Any CPU
		{D4060423-41B9-43C5-A6C9-D44990863745}.Debug|x64.Build.0 = Debug|Any CPU
		{D4060423-41B9-43C5-A6C9-D44990863745}.Debug|x86.ActiveCfg = Debug|Any CPU
		{D4060423-41B9-43C5-A6C9-D44990863745}.Debug|x86.Build.0 = Debug|Any CPU
		{D4060423-41B9-43C5-A6C9-D44990863745}.Release|Any CPU.ActiveCfg = Release|Any CPU
		{D4060423-41B9-43C5-A6C9-D44990863745}.Release|Any CPU.Build.0 = Release|Any CPU
		{D4060423-41B9-43C5-A6C9-D44990863745}.Release|ARM.ActiveCfg = Release|Any CPU
		{D4060423-41B9-43C5-A6C9-D44990863745}.Release|ARM.Build.0 = Release|Any CPU
		{D4060423-41B9-43C5-A6C9-D44990863745}.Release|x64.ActiveCfg = Release|Any CPU
		{D4060423-41B9-43C5-A6C9-D44990863745}.Release|x64.Build.0 = Release|Any CPU
		{D4060423-41B9-43C5-A6C9-D44990863745}.Release|x86.ActiveCfg = Release|Any CPU
		{D4060423-41B9-43C5-A6C9-D44990863745}.Release|x86.Build.0 = Release|Any CPU
		{D1CA5CE3-72DF-4FC2-BC00-D6A56E400880}.Debug|Any CPU.ActiveCfg = Debug|Any CPU
		{D1CA5CE3-72DF-4FC2-BC00-D6A56E400880}.Debug|Any CPU.Build.0 = Debug|Any CPU
		{D1CA5CE3-72DF-4FC2-BC00-D6A56E400880}.Debug|ARM.ActiveCfg = Debug|Any CPU
		{D1CA5CE3-72DF-4FC2-BC00-D6A56E400880}.Debug|ARM.Build.0 = Debug|Any CPU
		{D1CA5CE3-72DF-4FC2-BC00-D6A56E400880}.Debug|x64.ActiveCfg = Debug|Any CPU
		{D1CA5CE3-72DF-4FC2-BC00-D6A56E400880}.Debug|x64.Build.0 = Debug|Any CPU
		{D1CA5CE3-72DF-4FC2-BC00-D6A56E400880}.Debug|x86.ActiveCfg = Debug|Any CPU
		{D1CA5CE3-72DF-4FC2-BC00-D6A56E400880}.Debug|x86.Build.0 = Debug|Any CPU
		{D1CA5CE3-72DF-4FC2-BC00-D6A56E400880}.Release|Any CPU.ActiveCfg = Release|Any CPU
		{D1CA5CE3-72DF-4FC2-BC00-D6A56E400880}.Release|Any CPU.Build.0 = Release|Any CPU
		{D1CA5CE3-72DF-4FC2-BC00-D6A56E400880}.Release|ARM.ActiveCfg = Release|Any CPU
		{D1CA5CE3-72DF-4FC2-BC00-D6A56E400880}.Release|ARM.Build.0 = Release|Any CPU
		{D1CA5CE3-72DF-4FC2-BC00-D6A56E400880}.Release|x64.ActiveCfg = Release|Any CPU
		{D1CA5CE3-72DF-4FC2-BC00-D6A56E400880}.Release|x64.Build.0 = Release|Any CPU
		{D1CA5CE3-72DF-4FC2-BC00-D6A56E400880}.Release|x86.ActiveCfg = Release|Any CPU
		{D1CA5CE3-72DF-4FC2-BC00-D6A56E400880}.Release|x86.Build.0 = Release|Any CPU
		{F56AFBDD-0E50-4BF3-AF9B-760005FBFD14}.Debug|Any CPU.ActiveCfg = Debug|Any CPU
		{F56AFBDD-0E50-4BF3-AF9B-760005FBFD14}.Debug|Any CPU.Build.0 = Debug|Any CPU
		{F56AFBDD-0E50-4BF3-AF9B-760005FBFD14}.Debug|ARM.ActiveCfg = Debug|Any CPU
		{F56AFBDD-0E50-4BF3-AF9B-760005FBFD14}.Debug|ARM.Build.0 = Debug|Any CPU
		{F56AFBDD-0E50-4BF3-AF9B-760005FBFD14}.Debug|x64.ActiveCfg = Debug|Any CPU
		{F56AFBDD-0E50-4BF3-AF9B-760005FBFD14}.Debug|x64.Build.0 = Debug|Any CPU
		{F56AFBDD-0E50-4BF3-AF9B-760005FBFD14}.Debug|x86.ActiveCfg = Debug|Any CPU
		{F56AFBDD-0E50-4BF3-AF9B-760005FBFD14}.Debug|x86.Build.0 = Debug|Any CPU
		{F56AFBDD-0E50-4BF3-AF9B-760005FBFD14}.Release|Any CPU.ActiveCfg = Release|Any CPU
		{F56AFBDD-0E50-4BF3-AF9B-760005FBFD14}.Release|Any CPU.Build.0 = Release|Any CPU
		{F56AFBDD-0E50-4BF3-AF9B-760005FBFD14}.Release|ARM.ActiveCfg = Release|Any CPU
		{F56AFBDD-0E50-4BF3-AF9B-760005FBFD14}.Release|ARM.Build.0 = Release|Any CPU
		{F56AFBDD-0E50-4BF3-AF9B-760005FBFD14}.Release|x64.ActiveCfg = Release|Any CPU
		{F56AFBDD-0E50-4BF3-AF9B-760005FBFD14}.Release|x64.Build.0 = Release|Any CPU
		{F56AFBDD-0E50-4BF3-AF9B-760005FBFD14}.Release|x86.ActiveCfg = Release|Any CPU
		{F56AFBDD-0E50-4BF3-AF9B-760005FBFD14}.Release|x86.Build.0 = Release|Any CPU
		{4499E6D0-B876-417A-8DC3-022DF7D2939C}.Debug|Any CPU.ActiveCfg = Debug|Any CPU
		{4499E6D0-B876-417A-8DC3-022DF7D2939C}.Debug|Any CPU.Build.0 = Debug|Any CPU
		{4499E6D0-B876-417A-8DC3-022DF7D2939C}.Debug|ARM.ActiveCfg = Debug|Any CPU
		{4499E6D0-B876-417A-8DC3-022DF7D2939C}.Debug|ARM.Build.0 = Debug|Any CPU
		{4499E6D0-B876-417A-8DC3-022DF7D2939C}.Debug|x64.ActiveCfg = Debug|Any CPU
		{4499E6D0-B876-417A-8DC3-022DF7D2939C}.Debug|x64.Build.0 = Debug|Any CPU
		{4499E6D0-B876-417A-8DC3-022DF7D2939C}.Debug|x86.ActiveCfg = Debug|Any CPU
		{4499E6D0-B876-417A-8DC3-022DF7D2939C}.Debug|x86.Build.0 = Debug|Any CPU
		{4499E6D0-B876-417A-8DC3-022DF7D2939C}.Release|Any CPU.ActiveCfg = Release|Any CPU
		{4499E6D0-B876-417A-8DC3-022DF7D2939C}.Release|Any CPU.Build.0 = Release|Any CPU
		{4499E6D0-B876-417A-8DC3-022DF7D2939C}.Release|ARM.ActiveCfg = Release|Any CPU
		{4499E6D0-B876-417A-8DC3-022DF7D2939C}.Release|ARM.Build.0 = Release|Any CPU
		{4499E6D0-B876-417A-8DC3-022DF7D2939C}.Release|x64.ActiveCfg = Release|Any CPU
		{4499E6D0-B876-417A-8DC3-022DF7D2939C}.Release|x64.Build.0 = Release|Any CPU
		{4499E6D0-B876-417A-8DC3-022DF7D2939C}.Release|x86.ActiveCfg = Release|Any CPU
		{4499E6D0-B876-417A-8DC3-022DF7D2939C}.Release|x86.Build.0 = Release|Any CPU
		{94C21C52-B401-4179-B1C7-DF6767EA8E93}.Debug|Any CPU.ActiveCfg = Debug|Any CPU
		{94C21C52-B401-4179-B1C7-DF6767EA8E93}.Debug|Any CPU.Build.0 = Debug|Any CPU
		{94C21C52-B401-4179-B1C7-DF6767EA8E93}.Debug|ARM.ActiveCfg = Debug|Any CPU
		{94C21C52-B401-4179-B1C7-DF6767EA8E93}.Debug|ARM.Build.0 = Debug|Any CPU
		{94C21C52-B401-4179-B1C7-DF6767EA8E93}.Debug|x64.ActiveCfg = Debug|Any CPU
		{94C21C52-B401-4179-B1C7-DF6767EA8E93}.Debug|x64.Build.0 = Debug|Any CPU
		{94C21C52-B401-4179-B1C7-DF6767EA8E93}.Debug|x86.ActiveCfg = Debug|Any CPU
		{94C21C52-B401-4179-B1C7-DF6767EA8E93}.Debug|x86.Build.0 = Debug|Any CPU
		{94C21C52-B401-4179-B1C7-DF6767EA8E93}.Release|Any CPU.ActiveCfg = Release|Any CPU
		{94C21C52-B401-4179-B1C7-DF6767EA8E93}.Release|Any CPU.Build.0 = Release|Any CPU
		{94C21C52-B401-4179-B1C7-DF6767EA8E93}.Release|ARM.ActiveCfg = Release|Any CPU
		{94C21C52-B401-4179-B1C7-DF6767EA8E93}.Release|ARM.Build.0 = Release|Any CPU
		{94C21C52-B401-4179-B1C7-DF6767EA8E93}.Release|x64.ActiveCfg = Release|Any CPU
		{94C21C52-B401-4179-B1C7-DF6767EA8E93}.Release|x64.Build.0 = Release|Any CPU
		{94C21C52-B401-4179-B1C7-DF6767EA8E93}.Release|x86.ActiveCfg = Release|Any CPU
		{94C21C52-B401-4179-B1C7-DF6767EA8E93}.Release|x86.Build.0 = Release|Any CPU
		{DE2402AD-7896-4082-B91F-0AA5A2BA7970}.Debug|Any CPU.ActiveCfg = Debug|Any CPU
		{DE2402AD-7896-4082-B91F-0AA5A2BA7970}.Debug|Any CPU.Build.0 = Debug|Any CPU
		{DE2402AD-7896-4082-B91F-0AA5A2BA7970}.Debug|ARM.ActiveCfg = Debug|Any CPU
		{DE2402AD-7896-4082-B91F-0AA5A2BA7970}.Debug|ARM.Build.0 = Debug|Any CPU
		{DE2402AD-7896-4082-B91F-0AA5A2BA7970}.Debug|x64.ActiveCfg = Debug|Any CPU
		{DE2402AD-7896-4082-B91F-0AA5A2BA7970}.Debug|x64.Build.0 = Debug|Any CPU
		{DE2402AD-7896-4082-B91F-0AA5A2BA7970}.Debug|x86.ActiveCfg = Debug|Any CPU
		{DE2402AD-7896-4082-B91F-0AA5A2BA7970}.Debug|x86.Build.0 = Debug|Any CPU
		{DE2402AD-7896-4082-B91F-0AA5A2BA7970}.Release|Any CPU.ActiveCfg = Release|Any CPU
		{DE2402AD-7896-4082-B91F-0AA5A2BA7970}.Release|Any CPU.Build.0 = Release|Any CPU
		{DE2402AD-7896-4082-B91F-0AA5A2BA7970}.Release|ARM.ActiveCfg = Release|Any CPU
		{DE2402AD-7896-4082-B91F-0AA5A2BA7970}.Release|ARM.Build.0 = Release|Any CPU
		{DE2402AD-7896-4082-B91F-0AA5A2BA7970}.Release|x64.ActiveCfg = Release|Any CPU
		{DE2402AD-7896-4082-B91F-0AA5A2BA7970}.Release|x64.Build.0 = Release|Any CPU
		{DE2402AD-7896-4082-B91F-0AA5A2BA7970}.Release|x86.ActiveCfg = Release|Any CPU
		{DE2402AD-7896-4082-B91F-0AA5A2BA7970}.Release|x86.Build.0 = Release|Any CPU
		{1309B393-C2F1-48C8-B0B1-A0F6EF5F95CB}.Debug|Any CPU.ActiveCfg = Debug|Any CPU
		{1309B393-C2F1-48C8-B0B1-A0F6EF5F95CB}.Debug|Any CPU.Build.0 = Debug|Any CPU
		{1309B393-C2F1-48C8-B0B1-A0F6EF5F95CB}.Debug|ARM.ActiveCfg = Debug|Any CPU
		{1309B393-C2F1-48C8-B0B1-A0F6EF5F95CB}.Debug|ARM.Build.0 = Debug|Any CPU
		{1309B393-C2F1-48C8-B0B1-A0F6EF5F95CB}.Debug|x64.ActiveCfg = Debug|Any CPU
		{1309B393-C2F1-48C8-B0B1-A0F6EF5F95CB}.Debug|x64.Build.0 = Debug|Any CPU
		{1309B393-C2F1-48C8-B0B1-A0F6EF5F95CB}.Debug|x86.ActiveCfg = Debug|Any CPU
		{1309B393-C2F1-48C8-B0B1-A0F6EF5F95CB}.Debug|x86.Build.0 = Debug|Any CPU
		{1309B393-C2F1-48C8-B0B1-A0F6EF5F95CB}.Release|Any CPU.ActiveCfg = Release|Any CPU
		{1309B393-C2F1-48C8-B0B1-A0F6EF5F95CB}.Release|Any CPU.Build.0 = Release|Any CPU
		{1309B393-C2F1-48C8-B0B1-A0F6EF5F95CB}.Release|ARM.ActiveCfg = Release|Any CPU
		{1309B393-C2F1-48C8-B0B1-A0F6EF5F95CB}.Release|ARM.Build.0 = Release|Any CPU
		{1309B393-C2F1-48C8-B0B1-A0F6EF5F95CB}.Release|x64.ActiveCfg = Release|Any CPU
		{1309B393-C2F1-48C8-B0B1-A0F6EF5F95CB}.Release|x64.Build.0 = Release|Any CPU
		{1309B393-C2F1-48C8-B0B1-A0F6EF5F95CB}.Release|x86.ActiveCfg = Release|Any CPU
		{1309B393-C2F1-48C8-B0B1-A0F6EF5F95CB}.Release|x86.Build.0 = Release|Any CPU
		{E76A0DD6-D1DA-4568-AB7C-63D61E36FDEE}.Debug|Any CPU.ActiveCfg = Debug|Any CPU
		{E76A0DD6-D1DA-4568-AB7C-63D61E36FDEE}.Debug|Any CPU.Build.0 = Debug|Any CPU
		{E76A0DD6-D1DA-4568-AB7C-63D61E36FDEE}.Debug|ARM.ActiveCfg = Debug|Any CPU
		{E76A0DD6-D1DA-4568-AB7C-63D61E36FDEE}.Debug|ARM.Build.0 = Debug|Any CPU
		{E76A0DD6-D1DA-4568-AB7C-63D61E36FDEE}.Debug|x64.ActiveCfg = Debug|Any CPU
		{E76A0DD6-D1DA-4568-AB7C-63D61E36FDEE}.Debug|x64.Build.0 = Debug|Any CPU
		{E76A0DD6-D1DA-4568-AB7C-63D61E36FDEE}.Debug|x86.ActiveCfg = Debug|Any CPU
		{E76A0DD6-D1DA-4568-AB7C-63D61E36FDEE}.Debug|x86.Build.0 = Debug|Any CPU
		{E76A0DD6-D1DA-4568-AB7C-63D61E36FDEE}.Release|Any CPU.ActiveCfg = Release|Any CPU
		{E76A0DD6-D1DA-4568-AB7C-63D61E36FDEE}.Release|Any CPU.Build.0 = Release|Any CPU
		{E76A0DD6-D1DA-4568-AB7C-63D61E36FDEE}.Release|ARM.ActiveCfg = Release|Any CPU
		{E76A0DD6-D1DA-4568-AB7C-63D61E36FDEE}.Release|ARM.Build.0 = Release|Any CPU
		{E76A0DD6-D1DA-4568-AB7C-63D61E36FDEE}.Release|x64.ActiveCfg = Release|Any CPU
		{E76A0DD6-D1DA-4568-AB7C-63D61E36FDEE}.Release|x64.Build.0 = Release|Any CPU
		{E76A0DD6-D1DA-4568-AB7C-63D61E36FDEE}.Release|x86.ActiveCfg = Release|Any CPU
		{E76A0DD6-D1DA-4568-AB7C-63D61E36FDEE}.Release|x86.Build.0 = Release|Any CPU
		{A42F9535-96B3-4704-B2BE-1D1D71AE1B70}.Debug|Any CPU.ActiveCfg = Debug|Any CPU
		{A42F9535-96B3-4704-B2BE-1D1D71AE1B70}.Debug|Any CPU.Build.0 = Debug|Any CPU
		{A42F9535-96B3-4704-B2BE-1D1D71AE1B70}.Debug|ARM.ActiveCfg = Debug|Any CPU
		{A42F9535-96B3-4704-B2BE-1D1D71AE1B70}.Debug|ARM.Build.0 = Debug|Any CPU
		{A42F9535-96B3-4704-B2BE-1D1D71AE1B70}.Debug|x64.ActiveCfg = Debug|Any CPU
		{A42F9535-96B3-4704-B2BE-1D1D71AE1B70}.Debug|x64.Build.0 = Debug|Any CPU
		{A42F9535-96B3-4704-B2BE-1D1D71AE1B70}.Debug|x86.ActiveCfg = Debug|Any CPU
		{A42F9535-96B3-4704-B2BE-1D1D71AE1B70}.Debug|x86.Build.0 = Debug|Any CPU
		{A42F9535-96B3-4704-B2BE-1D1D71AE1B70}.Release|Any CPU.ActiveCfg = Release|Any CPU
		{A42F9535-96B3-4704-B2BE-1D1D71AE1B70}.Release|Any CPU.Build.0 = Release|Any CPU
		{A42F9535-96B3-4704-B2BE-1D1D71AE1B70}.Release|ARM.ActiveCfg = Release|Any CPU
		{A42F9535-96B3-4704-B2BE-1D1D71AE1B70}.Release|ARM.Build.0 = Release|Any CPU
		{A42F9535-96B3-4704-B2BE-1D1D71AE1B70}.Release|x64.ActiveCfg = Release|Any CPU
		{A42F9535-96B3-4704-B2BE-1D1D71AE1B70}.Release|x64.Build.0 = Release|Any CPU
		{A42F9535-96B3-4704-B2BE-1D1D71AE1B70}.Release|x86.ActiveCfg = Release|Any CPU
		{A42F9535-96B3-4704-B2BE-1D1D71AE1B70}.Release|x86.Build.0 = Release|Any CPU
		{3BE3000D-84BD-4C47-AD1F-F7CB084066CB}.Debug|Any CPU.ActiveCfg = Debug|Any CPU
		{3BE3000D-84BD-4C47-AD1F-F7CB084066CB}.Debug|Any CPU.Build.0 = Debug|Any CPU
		{3BE3000D-84BD-4C47-AD1F-F7CB084066CB}.Debug|ARM.ActiveCfg = Debug|Any CPU
		{3BE3000D-84BD-4C47-AD1F-F7CB084066CB}.Debug|ARM.Build.0 = Debug|Any CPU
		{3BE3000D-84BD-4C47-AD1F-F7CB084066CB}.Debug|x64.ActiveCfg = Debug|Any CPU
		{3BE3000D-84BD-4C47-AD1F-F7CB084066CB}.Debug|x64.Build.0 = Debug|Any CPU
		{3BE3000D-84BD-4C47-AD1F-F7CB084066CB}.Debug|x86.ActiveCfg = Debug|Any CPU
		{3BE3000D-84BD-4C47-AD1F-F7CB084066CB}.Debug|x86.Build.0 = Debug|Any CPU
		{3BE3000D-84BD-4C47-AD1F-F7CB084066CB}.Release|Any CPU.ActiveCfg = Release|Any CPU
		{3BE3000D-84BD-4C47-AD1F-F7CB084066CB}.Release|Any CPU.Build.0 = Release|Any CPU
		{3BE3000D-84BD-4C47-AD1F-F7CB084066CB}.Release|ARM.ActiveCfg = Release|Any CPU
		{3BE3000D-84BD-4C47-AD1F-F7CB084066CB}.Release|ARM.Build.0 = Release|Any CPU
		{3BE3000D-84BD-4C47-AD1F-F7CB084066CB}.Release|x64.ActiveCfg = Release|Any CPU
		{3BE3000D-84BD-4C47-AD1F-F7CB084066CB}.Release|x64.Build.0 = Release|Any CPU
		{3BE3000D-84BD-4C47-AD1F-F7CB084066CB}.Release|x86.ActiveCfg = Release|Any CPU
		{3BE3000D-84BD-4C47-AD1F-F7CB084066CB}.Release|x86.Build.0 = Release|Any CPU
		{65834EA1-F800-4FC2-A23F-2419542E5678}.Debug|Any CPU.ActiveCfg = Debug|Any CPU
		{65834EA1-F800-4FC2-A23F-2419542E5678}.Debug|Any CPU.Build.0 = Debug|Any CPU
		{65834EA1-F800-4FC2-A23F-2419542E5678}.Debug|ARM.ActiveCfg = Debug|Any CPU
		{65834EA1-F800-4FC2-A23F-2419542E5678}.Debug|ARM.Build.0 = Debug|Any CPU
		{65834EA1-F800-4FC2-A23F-2419542E5678}.Debug|x64.ActiveCfg = Debug|Any CPU
		{65834EA1-F800-4FC2-A23F-2419542E5678}.Debug|x64.Build.0 = Debug|Any CPU
		{65834EA1-F800-4FC2-A23F-2419542E5678}.Debug|x86.ActiveCfg = Debug|Any CPU
		{65834EA1-F800-4FC2-A23F-2419542E5678}.Debug|x86.Build.0 = Debug|Any CPU
		{65834EA1-F800-4FC2-A23F-2419542E5678}.Release|Any CPU.ActiveCfg = Release|Any CPU
		{65834EA1-F800-4FC2-A23F-2419542E5678}.Release|Any CPU.Build.0 = Release|Any CPU
		{65834EA1-F800-4FC2-A23F-2419542E5678}.Release|ARM.ActiveCfg = Release|Any CPU
		{65834EA1-F800-4FC2-A23F-2419542E5678}.Release|ARM.Build.0 = Release|Any CPU
		{65834EA1-F800-4FC2-A23F-2419542E5678}.Release|x64.ActiveCfg = Release|Any CPU
		{65834EA1-F800-4FC2-A23F-2419542E5678}.Release|x64.Build.0 = Release|Any CPU
		{65834EA1-F800-4FC2-A23F-2419542E5678}.Release|x86.ActiveCfg = Release|Any CPU
		{65834EA1-F800-4FC2-A23F-2419542E5678}.Release|x86.Build.0 = Release|Any CPU
		{F89EE43E-F0AE-4EA1-BEFF-6322C6E8EAF5}.Debug|Any CPU.ActiveCfg = Debug|Any CPU
		{F89EE43E-F0AE-4EA1-BEFF-6322C6E8EAF5}.Debug|Any CPU.Build.0 = Debug|Any CPU
		{F89EE43E-F0AE-4EA1-BEFF-6322C6E8EAF5}.Debug|ARM.ActiveCfg = Debug|Any CPU
		{F89EE43E-F0AE-4EA1-BEFF-6322C6E8EAF5}.Debug|ARM.Build.0 = Debug|Any CPU
		{F89EE43E-F0AE-4EA1-BEFF-6322C6E8EAF5}.Debug|x64.ActiveCfg = Debug|Any CPU
		{F89EE43E-F0AE-4EA1-BEFF-6322C6E8EAF5}.Debug|x64.Build.0 = Debug|Any CPU
		{F89EE43E-F0AE-4EA1-BEFF-6322C6E8EAF5}.Debug|x86.ActiveCfg = Debug|Any CPU
		{F89EE43E-F0AE-4EA1-BEFF-6322C6E8EAF5}.Debug|x86.Build.0 = Debug|Any CPU
		{F89EE43E-F0AE-4EA1-BEFF-6322C6E8EAF5}.Release|Any CPU.ActiveCfg = Release|Any CPU
		{F89EE43E-F0AE-4EA1-BEFF-6322C6E8EAF5}.Release|Any CPU.Build.0 = Release|Any CPU
		{F89EE43E-F0AE-4EA1-BEFF-6322C6E8EAF5}.Release|ARM.ActiveCfg = Release|Any CPU
		{F89EE43E-F0AE-4EA1-BEFF-6322C6E8EAF5}.Release|ARM.Build.0 = Release|Any CPU
		{F89EE43E-F0AE-4EA1-BEFF-6322C6E8EAF5}.Release|x64.ActiveCfg = Release|Any CPU
		{F89EE43E-F0AE-4EA1-BEFF-6322C6E8EAF5}.Release|x64.Build.0 = Release|Any CPU
		{F89EE43E-F0AE-4EA1-BEFF-6322C6E8EAF5}.Release|x86.ActiveCfg = Release|Any CPU
		{F89EE43E-F0AE-4EA1-BEFF-6322C6E8EAF5}.Release|x86.Build.0 = Release|Any CPU
		{E73F8609-66E0-423D-A434-706264CCF4DA}.Debug|Any CPU.ActiveCfg = Debug|Any CPU
		{E73F8609-66E0-423D-A434-706264CCF4DA}.Debug|Any CPU.Build.0 = Debug|Any CPU
		{E73F8609-66E0-423D-A434-706264CCF4DA}.Debug|ARM.ActiveCfg = Debug|Any CPU
		{E73F8609-66E0-423D-A434-706264CCF4DA}.Debug|ARM.Build.0 = Debug|Any CPU
		{E73F8609-66E0-423D-A434-706264CCF4DA}.Debug|x64.ActiveCfg = Debug|Any CPU
		{E73F8609-66E0-423D-A434-706264CCF4DA}.Debug|x64.Build.0 = Debug|Any CPU
		{E73F8609-66E0-423D-A434-706264CCF4DA}.Debug|x86.ActiveCfg = Debug|Any CPU
		{E73F8609-66E0-423D-A434-706264CCF4DA}.Debug|x86.Build.0 = Debug|Any CPU
		{E73F8609-66E0-423D-A434-706264CCF4DA}.Release|Any CPU.ActiveCfg = Release|Any CPU
		{E73F8609-66E0-423D-A434-706264CCF4DA}.Release|Any CPU.Build.0 = Release|Any CPU
		{E73F8609-66E0-423D-A434-706264CCF4DA}.Release|ARM.ActiveCfg = Release|Any CPU
		{E73F8609-66E0-423D-A434-706264CCF4DA}.Release|ARM.Build.0 = Release|Any CPU
		{E73F8609-66E0-423D-A434-706264CCF4DA}.Release|x64.ActiveCfg = Release|Any CPU
		{E73F8609-66E0-423D-A434-706264CCF4DA}.Release|x64.Build.0 = Release|Any CPU
		{E73F8609-66E0-423D-A434-706264CCF4DA}.Release|x86.ActiveCfg = Release|Any CPU
		{E73F8609-66E0-423D-A434-706264CCF4DA}.Release|x86.Build.0 = Release|Any CPU
		{87DD4EAA-BBCF-439F-A263-59044B6E8930}.Debug|Any CPU.ActiveCfg = Debug|Any CPU
		{87DD4EAA-BBCF-439F-A263-59044B6E8930}.Debug|Any CPU.Build.0 = Debug|Any CPU
		{87DD4EAA-BBCF-439F-A263-59044B6E8930}.Debug|ARM.ActiveCfg = Debug|Any CPU
		{87DD4EAA-BBCF-439F-A263-59044B6E8930}.Debug|ARM.Build.0 = Debug|Any CPU
		{87DD4EAA-BBCF-439F-A263-59044B6E8930}.Debug|x64.ActiveCfg = Debug|Any CPU
		{87DD4EAA-BBCF-439F-A263-59044B6E8930}.Debug|x64.Build.0 = Debug|Any CPU
		{87DD4EAA-BBCF-439F-A263-59044B6E8930}.Debug|x86.ActiveCfg = Debug|Any CPU
		{87DD4EAA-BBCF-439F-A263-59044B6E8930}.Debug|x86.Build.0 = Debug|Any CPU
		{87DD4EAA-BBCF-439F-A263-59044B6E8930}.Release|Any CPU.ActiveCfg = Release|Any CPU
		{87DD4EAA-BBCF-439F-A263-59044B6E8930}.Release|Any CPU.Build.0 = Release|Any CPU
		{87DD4EAA-BBCF-439F-A263-59044B6E8930}.Release|ARM.ActiveCfg = Release|Any CPU
		{87DD4EAA-BBCF-439F-A263-59044B6E8930}.Release|ARM.Build.0 = Release|Any CPU
		{87DD4EAA-BBCF-439F-A263-59044B6E8930}.Release|x64.ActiveCfg = Release|Any CPU
		{87DD4EAA-BBCF-439F-A263-59044B6E8930}.Release|x64.Build.0 = Release|Any CPU
		{87DD4EAA-BBCF-439F-A263-59044B6E8930}.Release|x86.ActiveCfg = Release|Any CPU
		{87DD4EAA-BBCF-439F-A263-59044B6E8930}.Release|x86.Build.0 = Release|Any CPU
		{26A8779A-44B1-46D4-A43E-FA2616EBFD02}.Debug|Any CPU.ActiveCfg = Debug|Any CPU
		{26A8779A-44B1-46D4-A43E-FA2616EBFD02}.Debug|Any CPU.Build.0 = Debug|Any CPU
		{26A8779A-44B1-46D4-A43E-FA2616EBFD02}.Debug|ARM.ActiveCfg = Debug|Any CPU
		{26A8779A-44B1-46D4-A43E-FA2616EBFD02}.Debug|ARM.Build.0 = Debug|Any CPU
		{26A8779A-44B1-46D4-A43E-FA2616EBFD02}.Debug|x64.ActiveCfg = Debug|Any CPU
		{26A8779A-44B1-46D4-A43E-FA2616EBFD02}.Debug|x64.Build.0 = Debug|Any CPU
		{26A8779A-44B1-46D4-A43E-FA2616EBFD02}.Debug|x86.ActiveCfg = Debug|Any CPU
		{26A8779A-44B1-46D4-A43E-FA2616EBFD02}.Debug|x86.Build.0 = Debug|Any CPU
		{26A8779A-44B1-46D4-A43E-FA2616EBFD02}.Release|Any CPU.ActiveCfg = Release|Any CPU
		{26A8779A-44B1-46D4-A43E-FA2616EBFD02}.Release|Any CPU.Build.0 = Release|Any CPU
		{26A8779A-44B1-46D4-A43E-FA2616EBFD02}.Release|ARM.ActiveCfg = Release|Any CPU
		{26A8779A-44B1-46D4-A43E-FA2616EBFD02}.Release|ARM.Build.0 = Release|Any CPU
		{26A8779A-44B1-46D4-A43E-FA2616EBFD02}.Release|x64.ActiveCfg = Release|Any CPU
		{26A8779A-44B1-46D4-A43E-FA2616EBFD02}.Release|x64.Build.0 = Release|Any CPU
		{26A8779A-44B1-46D4-A43E-FA2616EBFD02}.Release|x86.ActiveCfg = Release|Any CPU
		{26A8779A-44B1-46D4-A43E-FA2616EBFD02}.Release|x86.Build.0 = Release|Any CPU
		{BDDF75B4-4BAB-49DE-97A3-CA191C523636}.Debug|Any CPU.ActiveCfg = Debug|Any CPU
		{BDDF75B4-4BAB-49DE-97A3-CA191C523636}.Debug|Any CPU.Build.0 = Debug|Any CPU
		{BDDF75B4-4BAB-49DE-97A3-CA191C523636}.Debug|ARM.ActiveCfg = Debug|Any CPU
		{BDDF75B4-4BAB-49DE-97A3-CA191C523636}.Debug|ARM.Build.0 = Debug|Any CPU
		{BDDF75B4-4BAB-49DE-97A3-CA191C523636}.Debug|x64.ActiveCfg = Debug|Any CPU
		{BDDF75B4-4BAB-49DE-97A3-CA191C523636}.Debug|x64.Build.0 = Debug|Any CPU
		{BDDF75B4-4BAB-49DE-97A3-CA191C523636}.Debug|x86.ActiveCfg = Debug|Any CPU
		{BDDF75B4-4BAB-49DE-97A3-CA191C523636}.Debug|x86.Build.0 = Debug|Any CPU
		{BDDF75B4-4BAB-49DE-97A3-CA191C523636}.Release|Any CPU.ActiveCfg = Release|Any CPU
		{BDDF75B4-4BAB-49DE-97A3-CA191C523636}.Release|Any CPU.Build.0 = Release|Any CPU
		{BDDF75B4-4BAB-49DE-97A3-CA191C523636}.Release|ARM.ActiveCfg = Release|Any CPU
		{BDDF75B4-4BAB-49DE-97A3-CA191C523636}.Release|ARM.Build.0 = Release|Any CPU
		{BDDF75B4-4BAB-49DE-97A3-CA191C523636}.Release|x64.ActiveCfg = Release|Any CPU
		{BDDF75B4-4BAB-49DE-97A3-CA191C523636}.Release|x64.Build.0 = Release|Any CPU
		{BDDF75B4-4BAB-49DE-97A3-CA191C523636}.Release|x86.ActiveCfg = Release|Any CPU
		{BDDF75B4-4BAB-49DE-97A3-CA191C523636}.Release|x86.Build.0 = Release|Any CPU
		{5938CE7C-61CD-4C70-82B8-B236AC881A14}.Debug|Any CPU.ActiveCfg = Debug|Any CPU
		{5938CE7C-61CD-4C70-82B8-B236AC881A14}.Debug|Any CPU.Build.0 = Debug|Any CPU
		{5938CE7C-61CD-4C70-82B8-B236AC881A14}.Debug|ARM.ActiveCfg = Debug|Any CPU
		{5938CE7C-61CD-4C70-82B8-B236AC881A14}.Debug|ARM.Build.0 = Debug|Any CPU
		{5938CE7C-61CD-4C70-82B8-B236AC881A14}.Debug|x64.ActiveCfg = Debug|Any CPU
		{5938CE7C-61CD-4C70-82B8-B236AC881A14}.Debug|x64.Build.0 = Debug|Any CPU
		{5938CE7C-61CD-4C70-82B8-B236AC881A14}.Debug|x86.ActiveCfg = Debug|Any CPU
		{5938CE7C-61CD-4C70-82B8-B236AC881A14}.Debug|x86.Build.0 = Debug|Any CPU
		{5938CE7C-61CD-4C70-82B8-B236AC881A14}.Release|Any CPU.ActiveCfg = Release|Any CPU
		{5938CE7C-61CD-4C70-82B8-B236AC881A14}.Release|Any CPU.Build.0 = Release|Any CPU
		{5938CE7C-61CD-4C70-82B8-B236AC881A14}.Release|ARM.ActiveCfg = Release|Any CPU
		{5938CE7C-61CD-4C70-82B8-B236AC881A14}.Release|ARM.Build.0 = Release|Any CPU
		{5938CE7C-61CD-4C70-82B8-B236AC881A14}.Release|x64.ActiveCfg = Release|Any CPU
		{5938CE7C-61CD-4C70-82B8-B236AC881A14}.Release|x64.Build.0 = Release|Any CPU
		{5938CE7C-61CD-4C70-82B8-B236AC881A14}.Release|x86.ActiveCfg = Release|Any CPU
		{5938CE7C-61CD-4C70-82B8-B236AC881A14}.Release|x86.Build.0 = Release|Any CPU
		{F3AA2B9E-0AA7-4F13-B5F5-5BFF34FF8385}.Debug|Any CPU.ActiveCfg = Debug|Any CPU
		{F3AA2B9E-0AA7-4F13-B5F5-5BFF34FF8385}.Debug|Any CPU.Build.0 = Debug|Any CPU
		{F3AA2B9E-0AA7-4F13-B5F5-5BFF34FF8385}.Debug|ARM.ActiveCfg = Debug|Any CPU
		{F3AA2B9E-0AA7-4F13-B5F5-5BFF34FF8385}.Debug|ARM.Build.0 = Debug|Any CPU
		{F3AA2B9E-0AA7-4F13-B5F5-5BFF34FF8385}.Debug|x64.ActiveCfg = Debug|Any CPU
		{F3AA2B9E-0AA7-4F13-B5F5-5BFF34FF8385}.Debug|x64.Build.0 = Debug|Any CPU
		{F3AA2B9E-0AA7-4F13-B5F5-5BFF34FF8385}.Debug|x86.ActiveCfg = Debug|Any CPU
		{F3AA2B9E-0AA7-4F13-B5F5-5BFF34FF8385}.Debug|x86.Build.0 = Debug|Any CPU
		{F3AA2B9E-0AA7-4F13-B5F5-5BFF34FF8385}.Release|Any CPU.ActiveCfg = Release|Any CPU
		{F3AA2B9E-0AA7-4F13-B5F5-5BFF34FF8385}.Release|Any CPU.Build.0 = Release|Any CPU
		{F3AA2B9E-0AA7-4F13-B5F5-5BFF34FF8385}.Release|ARM.ActiveCfg = Release|Any CPU
		{F3AA2B9E-0AA7-4F13-B5F5-5BFF34FF8385}.Release|ARM.Build.0 = Release|Any CPU
		{F3AA2B9E-0AA7-4F13-B5F5-5BFF34FF8385}.Release|x64.ActiveCfg = Release|Any CPU
		{F3AA2B9E-0AA7-4F13-B5F5-5BFF34FF8385}.Release|x64.Build.0 = Release|Any CPU
		{F3AA2B9E-0AA7-4F13-B5F5-5BFF34FF8385}.Release|x86.ActiveCfg = Release|Any CPU
		{F3AA2B9E-0AA7-4F13-B5F5-5BFF34FF8385}.Release|x86.Build.0 = Release|Any CPU
		{DA148037-5219-49C2-B76F-9B0F2BFC5FA9}.Debug|Any CPU.ActiveCfg = Debug|Any CPU
		{DA148037-5219-49C2-B76F-9B0F2BFC5FA9}.Debug|Any CPU.Build.0 = Debug|Any CPU
		{DA148037-5219-49C2-B76F-9B0F2BFC5FA9}.Debug|ARM.ActiveCfg = Debug|Any CPU
		{DA148037-5219-49C2-B76F-9B0F2BFC5FA9}.Debug|ARM.Build.0 = Debug|Any CPU
		{DA148037-5219-49C2-B76F-9B0F2BFC5FA9}.Debug|x64.ActiveCfg = Debug|Any CPU
		{DA148037-5219-49C2-B76F-9B0F2BFC5FA9}.Debug|x64.Build.0 = Debug|Any CPU
		{DA148037-5219-49C2-B76F-9B0F2BFC5FA9}.Debug|x86.ActiveCfg = Debug|Any CPU
		{DA148037-5219-49C2-B76F-9B0F2BFC5FA9}.Debug|x86.Build.0 = Debug|Any CPU
		{DA148037-5219-49C2-B76F-9B0F2BFC5FA9}.Release|Any CPU.ActiveCfg = Release|Any CPU
		{DA148037-5219-49C2-B76F-9B0F2BFC5FA9}.Release|Any CPU.Build.0 = Release|Any CPU
		{DA148037-5219-49C2-B76F-9B0F2BFC5FA9}.Release|ARM.ActiveCfg = Release|Any CPU
		{DA148037-5219-49C2-B76F-9B0F2BFC5FA9}.Release|ARM.Build.0 = Release|Any CPU
		{DA148037-5219-49C2-B76F-9B0F2BFC5FA9}.Release|x64.ActiveCfg = Release|Any CPU
		{DA148037-5219-49C2-B76F-9B0F2BFC5FA9}.Release|x64.Build.0 = Release|Any CPU
		{DA148037-5219-49C2-B76F-9B0F2BFC5FA9}.Release|x86.ActiveCfg = Release|Any CPU
		{DA148037-5219-49C2-B76F-9B0F2BFC5FA9}.Release|x86.Build.0 = Release|Any CPU
		{CB072E56-8FA0-4F9B-8FC8-9FC9AD3B0ED9}.Debug|Any CPU.ActiveCfg = Debug|Any CPU
		{CB072E56-8FA0-4F9B-8FC8-9FC9AD3B0ED9}.Debug|Any CPU.Build.0 = Debug|Any CPU
		{CB072E56-8FA0-4F9B-8FC8-9FC9AD3B0ED9}.Debug|ARM.ActiveCfg = Debug|Any CPU
		{CB072E56-8FA0-4F9B-8FC8-9FC9AD3B0ED9}.Debug|ARM.Build.0 = Debug|Any CPU
		{CB072E56-8FA0-4F9B-8FC8-9FC9AD3B0ED9}.Debug|x64.ActiveCfg = Debug|Any CPU
		{CB072E56-8FA0-4F9B-8FC8-9FC9AD3B0ED9}.Debug|x64.Build.0 = Debug|Any CPU
		{CB072E56-8FA0-4F9B-8FC8-9FC9AD3B0ED9}.Debug|x86.ActiveCfg = Debug|Any CPU
		{CB072E56-8FA0-4F9B-8FC8-9FC9AD3B0ED9}.Debug|x86.Build.0 = Debug|Any CPU
		{CB072E56-8FA0-4F9B-8FC8-9FC9AD3B0ED9}.Release|Any CPU.ActiveCfg = Release|Any CPU
		{CB072E56-8FA0-4F9B-8FC8-9FC9AD3B0ED9}.Release|Any CPU.Build.0 = Release|Any CPU
		{CB072E56-8FA0-4F9B-8FC8-9FC9AD3B0ED9}.Release|ARM.ActiveCfg = Release|Any CPU
		{CB072E56-8FA0-4F9B-8FC8-9FC9AD3B0ED9}.Release|ARM.Build.0 = Release|Any CPU
		{CB072E56-8FA0-4F9B-8FC8-9FC9AD3B0ED9}.Release|x64.ActiveCfg = Release|Any CPU
		{CB072E56-8FA0-4F9B-8FC8-9FC9AD3B0ED9}.Release|x64.Build.0 = Release|Any CPU
		{CB072E56-8FA0-4F9B-8FC8-9FC9AD3B0ED9}.Release|x86.ActiveCfg = Release|Any CPU
		{CB072E56-8FA0-4F9B-8FC8-9FC9AD3B0ED9}.Release|x86.Build.0 = Release|Any CPU
		{374E33F2-658D-473B-A918-08766B3EAFA0}.Debug|Any CPU.ActiveCfg = Debug|Any CPU
		{374E33F2-658D-473B-A918-08766B3EAFA0}.Debug|Any CPU.Build.0 = Debug|Any CPU
		{374E33F2-658D-473B-A918-08766B3EAFA0}.Debug|ARM.ActiveCfg = Debug|Any CPU
		{374E33F2-658D-473B-A918-08766B3EAFA0}.Debug|ARM.Build.0 = Debug|Any CPU
		{374E33F2-658D-473B-A918-08766B3EAFA0}.Debug|x64.ActiveCfg = Debug|Any CPU
		{374E33F2-658D-473B-A918-08766B3EAFA0}.Debug|x64.Build.0 = Debug|Any CPU
		{374E33F2-658D-473B-A918-08766B3EAFA0}.Debug|x86.ActiveCfg = Debug|Any CPU
		{374E33F2-658D-473B-A918-08766B3EAFA0}.Debug|x86.Build.0 = Debug|Any CPU
		{374E33F2-658D-473B-A918-08766B3EAFA0}.Release|Any CPU.ActiveCfg = Release|Any CPU
		{374E33F2-658D-473B-A918-08766B3EAFA0}.Release|Any CPU.Build.0 = Release|Any CPU
		{374E33F2-658D-473B-A918-08766B3EAFA0}.Release|ARM.ActiveCfg = Release|Any CPU
		{374E33F2-658D-473B-A918-08766B3EAFA0}.Release|ARM.Build.0 = Release|Any CPU
		{374E33F2-658D-473B-A918-08766B3EAFA0}.Release|x64.ActiveCfg = Release|Any CPU
		{374E33F2-658D-473B-A918-08766B3EAFA0}.Release|x64.Build.0 = Release|Any CPU
		{374E33F2-658D-473B-A918-08766B3EAFA0}.Release|x86.ActiveCfg = Release|Any CPU
		{374E33F2-658D-473B-A918-08766B3EAFA0}.Release|x86.Build.0 = Release|Any CPU
		{23B1BB20-978A-4747-8AA0-FA009D71B8C3}.Debug|Any CPU.ActiveCfg = Debug|Any CPU
		{23B1BB20-978A-4747-8AA0-FA009D71B8C3}.Debug|Any CPU.Build.0 = Debug|Any CPU
		{23B1BB20-978A-4747-8AA0-FA009D71B8C3}.Debug|ARM.ActiveCfg = Debug|Any CPU
		{23B1BB20-978A-4747-8AA0-FA009D71B8C3}.Debug|ARM.Build.0 = Debug|Any CPU
		{23B1BB20-978A-4747-8AA0-FA009D71B8C3}.Debug|x64.ActiveCfg = Debug|Any CPU
		{23B1BB20-978A-4747-8AA0-FA009D71B8C3}.Debug|x64.Build.0 = Debug|Any CPU
		{23B1BB20-978A-4747-8AA0-FA009D71B8C3}.Debug|x86.ActiveCfg = Debug|Any CPU
		{23B1BB20-978A-4747-8AA0-FA009D71B8C3}.Debug|x86.Build.0 = Debug|Any CPU
		{23B1BB20-978A-4747-8AA0-FA009D71B8C3}.Release|Any CPU.ActiveCfg = Release|Any CPU
		{23B1BB20-978A-4747-8AA0-FA009D71B8C3}.Release|Any CPU.Build.0 = Release|Any CPU
		{23B1BB20-978A-4747-8AA0-FA009D71B8C3}.Release|ARM.ActiveCfg = Release|Any CPU
		{23B1BB20-978A-4747-8AA0-FA009D71B8C3}.Release|ARM.Build.0 = Release|Any CPU
		{23B1BB20-978A-4747-8AA0-FA009D71B8C3}.Release|x64.ActiveCfg = Release|Any CPU
		{23B1BB20-978A-4747-8AA0-FA009D71B8C3}.Release|x64.Build.0 = Release|Any CPU
		{23B1BB20-978A-4747-8AA0-FA009D71B8C3}.Release|x86.ActiveCfg = Release|Any CPU
		{23B1BB20-978A-4747-8AA0-FA009D71B8C3}.Release|x86.Build.0 = Release|Any CPU
		{0EC9B5D2-3E6D-402E-B1AD-D89A827F6ECE}.Debug|Any CPU.ActiveCfg = Debug|Any CPU
		{0EC9B5D2-3E6D-402E-B1AD-D89A827F6ECE}.Debug|Any CPU.Build.0 = Debug|Any CPU
		{0EC9B5D2-3E6D-402E-B1AD-D89A827F6ECE}.Debug|ARM.ActiveCfg = Debug|Any CPU
		{0EC9B5D2-3E6D-402E-B1AD-D89A827F6ECE}.Debug|ARM.Build.0 = Debug|Any CPU
		{0EC9B5D2-3E6D-402E-B1AD-D89A827F6ECE}.Debug|x64.ActiveCfg = Debug|Any CPU
		{0EC9B5D2-3E6D-402E-B1AD-D89A827F6ECE}.Debug|x64.Build.0 = Debug|Any CPU
		{0EC9B5D2-3E6D-402E-B1AD-D89A827F6ECE}.Debug|x86.ActiveCfg = Debug|Any CPU
		{0EC9B5D2-3E6D-402E-B1AD-D89A827F6ECE}.Debug|x86.Build.0 = Debug|Any CPU
		{0EC9B5D2-3E6D-402E-B1AD-D89A827F6ECE}.Release|Any CPU.ActiveCfg = Release|Any CPU
		{0EC9B5D2-3E6D-402E-B1AD-D89A827F6ECE}.Release|Any CPU.Build.0 = Release|Any CPU
		{0EC9B5D2-3E6D-402E-B1AD-D89A827F6ECE}.Release|ARM.ActiveCfg = Release|Any CPU
		{0EC9B5D2-3E6D-402E-B1AD-D89A827F6ECE}.Release|ARM.Build.0 = Release|Any CPU
		{0EC9B5D2-3E6D-402E-B1AD-D89A827F6ECE}.Release|x64.ActiveCfg = Release|Any CPU
		{0EC9B5D2-3E6D-402E-B1AD-D89A827F6ECE}.Release|x64.Build.0 = Release|Any CPU
		{0EC9B5D2-3E6D-402E-B1AD-D89A827F6ECE}.Release|x86.ActiveCfg = Release|Any CPU
		{0EC9B5D2-3E6D-402E-B1AD-D89A827F6ECE}.Release|x86.Build.0 = Release|Any CPU
		{252F8798-A717-4DDD-9F4F-4CEA55622E03}.Debug|Any CPU.ActiveCfg = Debug|Any CPU
		{252F8798-A717-4DDD-9F4F-4CEA55622E03}.Debug|Any CPU.Build.0 = Debug|Any CPU
		{252F8798-A717-4DDD-9F4F-4CEA55622E03}.Debug|ARM.ActiveCfg = Debug|Any CPU
		{252F8798-A717-4DDD-9F4F-4CEA55622E03}.Debug|ARM.Build.0 = Debug|Any CPU
		{252F8798-A717-4DDD-9F4F-4CEA55622E03}.Debug|x64.ActiveCfg = Debug|Any CPU
		{252F8798-A717-4DDD-9F4F-4CEA55622E03}.Debug|x64.Build.0 = Debug|Any CPU
		{252F8798-A717-4DDD-9F4F-4CEA55622E03}.Debug|x86.ActiveCfg = Debug|Any CPU
		{252F8798-A717-4DDD-9F4F-4CEA55622E03}.Debug|x86.Build.0 = Debug|Any CPU
		{252F8798-A717-4DDD-9F4F-4CEA55622E03}.Release|Any CPU.ActiveCfg = Release|Any CPU
		{252F8798-A717-4DDD-9F4F-4CEA55622E03}.Release|Any CPU.Build.0 = Release|Any CPU
		{252F8798-A717-4DDD-9F4F-4CEA55622E03}.Release|ARM.ActiveCfg = Release|Any CPU
		{252F8798-A717-4DDD-9F4F-4CEA55622E03}.Release|ARM.Build.0 = Release|Any CPU
		{252F8798-A717-4DDD-9F4F-4CEA55622E03}.Release|x64.ActiveCfg = Release|Any CPU
		{252F8798-A717-4DDD-9F4F-4CEA55622E03}.Release|x64.Build.0 = Release|Any CPU
		{252F8798-A717-4DDD-9F4F-4CEA55622E03}.Release|x86.ActiveCfg = Release|Any CPU
		{252F8798-A717-4DDD-9F4F-4CEA55622E03}.Release|x86.Build.0 = Release|Any CPU
		{03B7CCE8-0E90-4E83-9875-EA0065C5960C}.Debug|Any CPU.ActiveCfg = Debug|Any CPU
		{03B7CCE8-0E90-4E83-9875-EA0065C5960C}.Debug|Any CPU.Build.0 = Debug|Any CPU
		{03B7CCE8-0E90-4E83-9875-EA0065C5960C}.Debug|ARM.ActiveCfg = Debug|Any CPU
		{03B7CCE8-0E90-4E83-9875-EA0065C5960C}.Debug|ARM.Build.0 = Debug|Any CPU
		{03B7CCE8-0E90-4E83-9875-EA0065C5960C}.Debug|x64.ActiveCfg = Debug|Any CPU
		{03B7CCE8-0E90-4E83-9875-EA0065C5960C}.Debug|x64.Build.0 = Debug|Any CPU
		{03B7CCE8-0E90-4E83-9875-EA0065C5960C}.Debug|x86.ActiveCfg = Debug|Any CPU
		{03B7CCE8-0E90-4E83-9875-EA0065C5960C}.Debug|x86.Build.0 = Debug|Any CPU
		{03B7CCE8-0E90-4E83-9875-EA0065C5960C}.Release|Any CPU.ActiveCfg = Release|Any CPU
		{03B7CCE8-0E90-4E83-9875-EA0065C5960C}.Release|Any CPU.Build.0 = Release|Any CPU
		{03B7CCE8-0E90-4E83-9875-EA0065C5960C}.Release|ARM.ActiveCfg = Release|Any CPU
		{03B7CCE8-0E90-4E83-9875-EA0065C5960C}.Release|ARM.Build.0 = Release|Any CPU
		{03B7CCE8-0E90-4E83-9875-EA0065C5960C}.Release|x64.ActiveCfg = Release|Any CPU
		{03B7CCE8-0E90-4E83-9875-EA0065C5960C}.Release|x64.Build.0 = Release|Any CPU
		{03B7CCE8-0E90-4E83-9875-EA0065C5960C}.Release|x86.ActiveCfg = Release|Any CPU
		{03B7CCE8-0E90-4E83-9875-EA0065C5960C}.Release|x86.Build.0 = Release|Any CPU
		{4346E553-5AFC-41AE-B5DD-F1F9A9642432}.Debug|Any CPU.ActiveCfg = Debug|Any CPU
		{4346E553-5AFC-41AE-B5DD-F1F9A9642432}.Debug|Any CPU.Build.0 = Debug|Any CPU
		{4346E553-5AFC-41AE-B5DD-F1F9A9642432}.Debug|ARM.ActiveCfg = Debug|Any CPU
		{4346E553-5AFC-41AE-B5DD-F1F9A9642432}.Debug|ARM.Build.0 = Debug|Any CPU
		{4346E553-5AFC-41AE-B5DD-F1F9A9642432}.Debug|x64.ActiveCfg = Debug|Any CPU
		{4346E553-5AFC-41AE-B5DD-F1F9A9642432}.Debug|x64.Build.0 = Debug|Any CPU
		{4346E553-5AFC-41AE-B5DD-F1F9A9642432}.Debug|x86.ActiveCfg = Debug|Any CPU
		{4346E553-5AFC-41AE-B5DD-F1F9A9642432}.Debug|x86.Build.0 = Debug|Any CPU
		{4346E553-5AFC-41AE-B5DD-F1F9A9642432}.Release|Any CPU.ActiveCfg = Release|Any CPU
		{4346E553-5AFC-41AE-B5DD-F1F9A9642432}.Release|Any CPU.Build.0 = Release|Any CPU
		{4346E553-5AFC-41AE-B5DD-F1F9A9642432}.Release|ARM.ActiveCfg = Release|Any CPU
		{4346E553-5AFC-41AE-B5DD-F1F9A9642432}.Release|ARM.Build.0 = Release|Any CPU
		{4346E553-5AFC-41AE-B5DD-F1F9A9642432}.Release|x64.ActiveCfg = Release|Any CPU
		{4346E553-5AFC-41AE-B5DD-F1F9A9642432}.Release|x64.Build.0 = Release|Any CPU
		{4346E553-5AFC-41AE-B5DD-F1F9A9642432}.Release|x86.ActiveCfg = Release|Any CPU
		{4346E553-5AFC-41AE-B5DD-F1F9A9642432}.Release|x86.Build.0 = Release|Any CPU
		{C6614231-9FF8-482E-BDA1-CD2F73D352D9}.Debug|Any CPU.ActiveCfg = Debug|Any CPU
		{C6614231-9FF8-482E-BDA1-CD2F73D352D9}.Debug|Any CPU.Build.0 = Debug|Any CPU
		{C6614231-9FF8-482E-BDA1-CD2F73D352D9}.Debug|ARM.ActiveCfg = Debug|Any CPU
		{C6614231-9FF8-482E-BDA1-CD2F73D352D9}.Debug|ARM.Build.0 = Debug|Any CPU
		{C6614231-9FF8-482E-BDA1-CD2F73D352D9}.Debug|x64.ActiveCfg = Debug|Any CPU
		{C6614231-9FF8-482E-BDA1-CD2F73D352D9}.Debug|x64.Build.0 = Debug|Any CPU
		{C6614231-9FF8-482E-BDA1-CD2F73D352D9}.Debug|x86.ActiveCfg = Debug|Any CPU
		{C6614231-9FF8-482E-BDA1-CD2F73D352D9}.Debug|x86.Build.0 = Debug|Any CPU
		{C6614231-9FF8-482E-BDA1-CD2F73D352D9}.Release|Any CPU.ActiveCfg = Release|Any CPU
		{C6614231-9FF8-482E-BDA1-CD2F73D352D9}.Release|Any CPU.Build.0 = Release|Any CPU
		{C6614231-9FF8-482E-BDA1-CD2F73D352D9}.Release|ARM.ActiveCfg = Release|Any CPU
		{C6614231-9FF8-482E-BDA1-CD2F73D352D9}.Release|ARM.Build.0 = Release|Any CPU
		{C6614231-9FF8-482E-BDA1-CD2F73D352D9}.Release|x64.ActiveCfg = Release|Any CPU
		{C6614231-9FF8-482E-BDA1-CD2F73D352D9}.Release|x64.Build.0 = Release|Any CPU
		{C6614231-9FF8-482E-BDA1-CD2F73D352D9}.Release|x86.ActiveCfg = Release|Any CPU
		{C6614231-9FF8-482E-BDA1-CD2F73D352D9}.Release|x86.Build.0 = Release|Any CPU
		{D0883904-B597-4F1C-ADB5-60095C0EC5D8}.Debug|Any CPU.ActiveCfg = Debug|Any CPU
		{D0883904-B597-4F1C-ADB5-60095C0EC5D8}.Debug|Any CPU.Build.0 = Debug|Any CPU
		{D0883904-B597-4F1C-ADB5-60095C0EC5D8}.Debug|ARM.ActiveCfg = Debug|Any CPU
		{D0883904-B597-4F1C-ADB5-60095C0EC5D8}.Debug|ARM.Build.0 = Debug|Any CPU
		{D0883904-B597-4F1C-ADB5-60095C0EC5D8}.Debug|x64.ActiveCfg = Debug|Any CPU
		{D0883904-B597-4F1C-ADB5-60095C0EC5D8}.Debug|x64.Build.0 = Debug|Any CPU
		{D0883904-B597-4F1C-ADB5-60095C0EC5D8}.Debug|x86.ActiveCfg = Debug|Any CPU
		{D0883904-B597-4F1C-ADB5-60095C0EC5D8}.Debug|x86.Build.0 = Debug|Any CPU
		{D0883904-B597-4F1C-ADB5-60095C0EC5D8}.Release|Any CPU.ActiveCfg = Release|Any CPU
		{D0883904-B597-4F1C-ADB5-60095C0EC5D8}.Release|Any CPU.Build.0 = Release|Any CPU
		{D0883904-B597-4F1C-ADB5-60095C0EC5D8}.Release|ARM.ActiveCfg = Release|Any CPU
		{D0883904-B597-4F1C-ADB5-60095C0EC5D8}.Release|ARM.Build.0 = Release|Any CPU
		{D0883904-B597-4F1C-ADB5-60095C0EC5D8}.Release|x64.ActiveCfg = Release|Any CPU
		{D0883904-B597-4F1C-ADB5-60095C0EC5D8}.Release|x64.Build.0 = Release|Any CPU
		{D0883904-B597-4F1C-ADB5-60095C0EC5D8}.Release|x86.ActiveCfg = Release|Any CPU
		{D0883904-B597-4F1C-ADB5-60095C0EC5D8}.Release|x86.Build.0 = Release|Any CPU
		{E238A908-56B1-4CFC-8790-DCB4F9C19DF0}.Debug|Any CPU.ActiveCfg = Debug|Any CPU
		{E238A908-56B1-4CFC-8790-DCB4F9C19DF0}.Debug|Any CPU.Build.0 = Debug|Any CPU
		{E238A908-56B1-4CFC-8790-DCB4F9C19DF0}.Debug|ARM.ActiveCfg = Debug|Any CPU
		{E238A908-56B1-4CFC-8790-DCB4F9C19DF0}.Debug|ARM.Build.0 = Debug|Any CPU
		{E238A908-56B1-4CFC-8790-DCB4F9C19DF0}.Debug|x64.ActiveCfg = Debug|Any CPU
		{E238A908-56B1-4CFC-8790-DCB4F9C19DF0}.Debug|x64.Build.0 = Debug|Any CPU
		{E238A908-56B1-4CFC-8790-DCB4F9C19DF0}.Debug|x86.ActiveCfg = Debug|Any CPU
		{E238A908-56B1-4CFC-8790-DCB4F9C19DF0}.Debug|x86.Build.0 = Debug|Any CPU
		{E238A908-56B1-4CFC-8790-DCB4F9C19DF0}.Release|Any CPU.ActiveCfg = Release|Any CPU
		{E238A908-56B1-4CFC-8790-DCB4F9C19DF0}.Release|Any CPU.Build.0 = Release|Any CPU
		{E238A908-56B1-4CFC-8790-DCB4F9C19DF0}.Release|ARM.ActiveCfg = Release|Any CPU
		{E238A908-56B1-4CFC-8790-DCB4F9C19DF0}.Release|ARM.Build.0 = Release|Any CPU
		{E238A908-56B1-4CFC-8790-DCB4F9C19DF0}.Release|x64.ActiveCfg = Release|Any CPU
		{E238A908-56B1-4CFC-8790-DCB4F9C19DF0}.Release|x64.Build.0 = Release|Any CPU
		{E238A908-56B1-4CFC-8790-DCB4F9C19DF0}.Release|x86.ActiveCfg = Release|Any CPU
		{E238A908-56B1-4CFC-8790-DCB4F9C19DF0}.Release|x86.Build.0 = Release|Any CPU
	EndGlobalSection
	GlobalSection(SolutionProperties) = preSolution
		HideSolutionNode = FALSE
	EndGlobalSection
	GlobalSection(NestedProjects) = preSolution
		{3B9613C3-0FE1-4F7A-AD5A-454952629867} = {3D04C4DC-6F8E-4326-9569-92F3E26C6EEB}
		{0040F4F7-B6F8-4823-A6F6-1ABC16C20098} = {3D04C4DC-6F8E-4326-9569-92F3E26C6EEB}
		{C2A9F2F6-363A-4AE0-8080-6830CB204996} = {3D04C4DC-6F8E-4326-9569-92F3E26C6EEB}
		{D02DB5E8-FD54-46C4-8793-F117B7165D7D} = {3D04C4DC-6F8E-4326-9569-92F3E26C6EEB}
		{B4E683BC-92EA-4ADC-8B99-BA7208507D80} = {3D04C4DC-6F8E-4326-9569-92F3E26C6EEB}
		{D8AE3ECA-1BE6-44C5-9174-7C92CCFBEFC2} = {3D04C4DC-6F8E-4326-9569-92F3E26C6EEB}
		{4ED4B313-21BA-473E-ADC0-FF36E64C2DCF} = {3D04C4DC-6F8E-4326-9569-92F3E26C6EEB}
		{BA163586-F875-4488-9188-53A4A14DFD34} = {3511E2D1-F581-420E-8DC4-8F0386947621}
		{34952808-CF66-4693-8733-78B543AE94E2} = {01F3CC7E-F996-411E-AFD6-72673A826549}
		{08E7FEC5-EE03-43EA-AC4F-94BE1B5EF555} = {01F3CC7E-F996-411E-AFD6-72673A826549}
		{3F633E1E-CD49-455E-B05F-1DDEE54561D4} = {01F3CC7E-F996-411E-AFD6-72673A826549}
		{5DD65A95-E74E-4885-96A4-CAC8E9CF4907} = {78B5F58B-549D-42E7-BA3D-9E85B7CBCC78}
		{4DF7D1DB-B3B2-4A73-A46A-1AB995BC2DB8} = {01F3CC7E-F996-411E-AFD6-72673A826549}
		{4EAAC55D-B1C4-418C-A003-C0954095F734} = {01F3CC7E-F996-411E-AFD6-72673A826549}
		{63815732-2108-4C10-B478-2FD40BF41AC0} = {01F3CC7E-F996-411E-AFD6-72673A826549}
		{8843CA84-546C-4B06-8DDC-A66F30D0C3A6} = {01F3CC7E-F996-411E-AFD6-72673A826549}
		{00058D0F-5F0F-4D97-AD04-19B9FBB7F0BD} = {01F3CC7E-F996-411E-AFD6-72673A826549}
		{03A4B573-20B9-44D7-85B4-1016C75E5731} = {01F3CC7E-F996-411E-AFD6-72673A826549}
		{590ABBD0-BC8D-4807-9049-C011DA4925E8} = {3511E2D1-F581-420E-8DC4-8F0386947621}
		{D4060423-41B9-43C5-A6C9-D44990863745} = {3511E2D1-F581-420E-8DC4-8F0386947621}
		{D1CA5CE3-72DF-4FC2-BC00-D6A56E400880} = {3511E2D1-F581-420E-8DC4-8F0386947621}
		{F56AFBDD-0E50-4BF3-AF9B-760005FBFD14} = {3511E2D1-F581-420E-8DC4-8F0386947621}
		{4499E6D0-B876-417A-8DC3-022DF7D2939C} = {3511E2D1-F581-420E-8DC4-8F0386947621}
		{94C21C52-B401-4179-B1C7-DF6767EA8E93} = {3511E2D1-F581-420E-8DC4-8F0386947621}
		{DE2402AD-7896-4082-B91F-0AA5A2BA7970} = {3511E2D1-F581-420E-8DC4-8F0386947621}
		{1309B393-C2F1-48C8-B0B1-A0F6EF5F95CB} = {3511E2D1-F581-420E-8DC4-8F0386947621}
		{E76A0DD6-D1DA-4568-AB7C-63D61E36FDEE} = {3511E2D1-F581-420E-8DC4-8F0386947621}
		{A42F9535-96B3-4704-B2BE-1D1D71AE1B70} = {3511E2D1-F581-420E-8DC4-8F0386947621}
		{3BE3000D-84BD-4C47-AD1F-F7CB084066CB} = {3511E2D1-F581-420E-8DC4-8F0386947621}
		{65834EA1-F800-4FC2-A23F-2419542E5678} = {3511E2D1-F581-420E-8DC4-8F0386947621}
		{F89EE43E-F0AE-4EA1-BEFF-6322C6E8EAF5} = {3D04C4DC-6F8E-4326-9569-92F3E26C6EEB}
		{E73F8609-66E0-423D-A434-706264CCF4DA} = {3511E2D1-F581-420E-8DC4-8F0386947621}
		{87DD4EAA-BBCF-439F-A263-59044B6E8930} = {3D04C4DC-6F8E-4326-9569-92F3E26C6EEB}
		{26A8779A-44B1-46D4-A43E-FA2616EBFD02} = {01F3CC7E-F996-411E-AFD6-72673A826549}
		{BDDF75B4-4BAB-49DE-97A3-CA191C523636} = {3511E2D1-F581-420E-8DC4-8F0386947621}
		{5938CE7C-61CD-4C70-82B8-B236AC881A14} = {01F3CC7E-F996-411E-AFD6-72673A826549}
		{F3AA2B9E-0AA7-4F13-B5F5-5BFF34FF8385} = {3511E2D1-F581-420E-8DC4-8F0386947621}
		{DA148037-5219-49C2-B76F-9B0F2BFC5FA9} = {3511E2D1-F581-420E-8DC4-8F0386947621}
		{CB072E56-8FA0-4F9B-8FC8-9FC9AD3B0ED9} = {3511E2D1-F581-420E-8DC4-8F0386947621}
		{374E33F2-658D-473B-A918-08766B3EAFA0} = {3511E2D1-F581-420E-8DC4-8F0386947621}
		{C7F8DBE6-77B7-494D-AF00-018F7579548C} = {B6984E67-A4D0-459E-B3C9-01CA4DBBE241}
		{D90E9B82-6317-4055-82E3-FE8625C143E9} = {B6984E67-A4D0-459E-B3C9-01CA4DBBE241}
		{23B1BB20-978A-4747-8AA0-FA009D71B8C3} = {3D04C4DC-6F8E-4326-9569-92F3E26C6EEB}
		{0EC9B5D2-3E6D-402E-B1AD-D89A827F6ECE} = {01F3CC7E-F996-411E-AFD6-72673A826549}
		{252F8798-A717-4DDD-9F4F-4CEA55622E03} = {3511E2D1-F581-420E-8DC4-8F0386947621}
		{03B7CCE8-0E90-4E83-9875-EA0065C5960C} = {3511E2D1-F581-420E-8DC4-8F0386947621}
		{4346E553-5AFC-41AE-B5DD-F1F9A9642432} = {3511E2D1-F581-420E-8DC4-8F0386947621}
		{C6614231-9FF8-482E-BDA1-CD2F73D352D9} = {3511E2D1-F581-420E-8DC4-8F0386947621}
		{D0883904-B597-4F1C-ADB5-60095C0EC5D8} = {3511E2D1-F581-420E-8DC4-8F0386947621}
		{E238A908-56B1-4CFC-8790-DCB4F9C19DF0} = {01F3CC7E-F996-411E-AFD6-72673A826549}
	EndGlobalSection
	GlobalSection(ExtensibilityGlobals) = postSolution
		SolutionGuid = {A659CEFB-DDB3-49BE-AEDD-FF2F1B3297DB}
	EndGlobalSection
EndGlobal
