
Microsoft Visual Studio Solution File, Format Version 12.00
# Visual Studio Version 16
VisualStudioVersion = 16.0.29926.136
MinimumVisualStudioVersion = 10.0.40219.1
Project("{2150E333-8FDC-42A3-9474-1A3956D46DE8}") = "Solution Items", "Solution Items", "{013DFD29-E1DB-4968-A67B-C2342E6F5B6E}"
	ProjectSection(SolutionItems) = preProject
		build.cmd = build.cmd
		build.fsx = build.fsx
		build.ps1 = build.ps1
		build.sh = build.sh
		buildNetstandard.cmd = buildNetstandard.cmd
		buildNetstandard.fsx = buildNetstandard.fsx
		buildNetstandard.ps1 = buildNetstandard.ps1
		buildNetstandard.sh = buildNetstandard.sh
		global.json = global.json
		NuGet.Config = NuGet.Config
		README.md = README.md
		RELEASE_NOTES.md = RELEASE_NOTES.md
	EndProjectSection
EndProject
Project("{2150E333-8FDC-42A3-9474-1A3956D46DE8}") = "src", "src", "{3D04C4DC-6F8E-4326-9569-92F3E26C6EEB}"
EndProject
Project("{9A19103F-16F7-4668-BE54-9A1E7A4F7556}") = "DotNetty.Common.Netstandard", "src\DotNetty.Common\DotNetty.Common.Netstandard.csproj", "{8611221E-2C19-4867-BEDD-8156A0AD3C5D}"
EndProject
Project("{9A19103F-16F7-4668-BE54-9A1E7A4F7556}") = "DotNetty.Buffers.Netstandard", "src\DotNetty.Buffers\DotNetty.Buffers.Netstandard.csproj", "{B2E74544-631D-4E52-A466-32590653D2A2}"
EndProject
Project("{9A19103F-16F7-4668-BE54-9A1E7A4F7556}") = "DotNetty.Transport.Netstandard", "src\DotNetty.Transport\DotNetty.Transport.Netstandard.csproj", "{C648941D-A4EB-4629-A6E4-EF5922828A59}"
EndProject
Project("{9A19103F-16F7-4668-BE54-9A1E7A4F7556}") = "DotNetty.Codecs.Netstandard", "src\DotNetty.Codecs\DotNetty.Codecs.Netstandard.csproj", "{3E3F8F09-8870-4D7B-AC07-23EB7AB51FC0}"
EndProject
Project("{9A19103F-16F7-4668-BE54-9A1E7A4F7556}") = "DotNetty.Transport.Libuv.Netstandard", "src\DotNetty.Transport.Libuv\DotNetty.Transport.Libuv.Netstandard.csproj", "{2D0685FD-C89D-4EE0-B08D-C8F95F175CA9}"
EndProject
Project("{9A19103F-16F7-4668-BE54-9A1E7A4F7556}") = "DotNetty.Codecs.Http.Netstandard", "src\DotNetty.Codecs.Http\DotNetty.Codecs.Http.Netstandard.csproj", "{3B859848-F330-48FD-9FB3-CDDEC78219B4}"
EndProject
Project("{9A19103F-16F7-4668-BE54-9A1E7A4F7556}") = "DotNetty.Handlers.Netstandard", "src\DotNetty.Handlers\DotNetty.Handlers.Netstandard.csproj", "{701255CD-4ED5-4E38-A25A-345C6207D3E9}"
EndProject
Project("{9A19103F-16F7-4668-BE54-9A1E7A4F7556}") = "DotNetty.Codecs.Http2.Netstandard", "src\DotNetty.Codecs.Http2\DotNetty.Codecs.Http2.Netstandard.csproj", "{C35D0697-F8FF-489D-882C-DD4462AC8754}"
EndProject
Project("{9A19103F-16F7-4668-BE54-9A1E7A4F7556}") = "DotNetty.Codecs.Mqtt.Netstandard", "src\DotNetty.Codecs.Mqtt\DotNetty.Codecs.Mqtt.Netstandard.csproj", "{251D458B-8B02-4A3F-A90A-C0A968B48FBF}"
EndProject
Project("{9A19103F-16F7-4668-BE54-9A1E7A4F7556}") = "DotNetty.Codecs.Redis.Netstandard", "src\DotNetty.Codecs.Redis\DotNetty.Codecs.Redis.Netstandard.csproj", "{3A69471A-36E8-486B-B82B-DE55D4828F69}"
EndProject
Project("{2150E333-8FDC-42A3-9474-1A3956D46DE8}") = "test", "test", "{2CCCD679-102A-4422-97D8-DA1A55DAFCA5}"
EndProject
Project("{9A19103F-16F7-4668-BE54-9A1E7A4F7556}") = "DotNetty.Tests.Common", "test\DotNetty.Tests.Common.Netstandard\DotNetty.Tests.Common.csproj", "{13C05A33-3B06-407D-A224-611B6CBC7F6B}"
EndProject
Project("{9A19103F-16F7-4668-BE54-9A1E7A4F7556}") = "DotNetty.Buffers.Tests", "test\DotNetty.Buffers.Tests.Netstandard\DotNetty.Buffers.Tests.csproj", "{6241B2C5-6D9E-4E53-A43B-AEF642FD466E}"
EndProject
Project("{9A19103F-16F7-4668-BE54-9A1E7A4F7556}") = "DotNetty.Codecs.Http.Tests", "test\DotNetty.Codecs.Http.Tests.Netstandard\DotNetty.Codecs.Http.Tests.csproj", "{45230B8E-FA32-491B-B8CB-5EB7E4A563E4}"
EndProject
Project("{9A19103F-16F7-4668-BE54-9A1E7A4F7556}") = "DotNetty.Codecs.Http2.Tests", "test\DotNetty.Codecs.Http2.Tests.Netstandard\DotNetty.Codecs.Http2.Tests.csproj", "{16EB59CC-2375-4A48-8372-9744A5624810}"
EndProject
Project("{9A19103F-16F7-4668-BE54-9A1E7A4F7556}") = "DotNetty.Codecs.Mqtt.Tests", "test\DotNetty.Codecs.Mqtt.Tests.Netstandard\DotNetty.Codecs.Mqtt.Tests.csproj", "{075599D2-E924-4E6E-838D-EEE8F8E1C478}"
EndProject
Project("{9A19103F-16F7-4668-BE54-9A1E7A4F7556}") = "DotNetty.Codecs.Redis.Tests", "test\DotNetty.Codecs.Redis.Tests.Netstandard\DotNetty.Codecs.Redis.Tests.csproj", "{2854F083-34F6-4D31-81EF-025B3A43C7EB}"
EndProject
Project("{9A19103F-16F7-4668-BE54-9A1E7A4F7556}") = "DotNetty.Codecs.Tests", "test\DotNetty.Codecs.Tests.Netstandard\DotNetty.Codecs.Tests.csproj", "{86F7257D-03E0-42EA-924F-0B7134E1B002}"
EndProject
Project("{9A19103F-16F7-4668-BE54-9A1E7A4F7556}") = "DotNetty.Common.Tests", "test\DotNetty.Common.Tests.Netstandard\DotNetty.Common.Tests.csproj", "{17D10517-F6F1-4A64-B32D-9CE98E7C4764}"
EndProject
Project("{9A19103F-16F7-4668-BE54-9A1E7A4F7556}") = "DotNetty.Handlers.Tests", "test\DotNetty.Handlers.Tests.Netstandard\DotNetty.Handlers.Tests.csproj", "{53B076D5-424C-4848-A6B5-52055859344F}"
EndProject
Project("{9A19103F-16F7-4668-BE54-9A1E7A4F7556}") = "DotNetty.Transport.Libuv.Tests", "test\DotNetty.Transport.Libuv.Tests.Netstandard\DotNetty.Transport.Libuv.Tests.csproj", "{B6E196AB-F447-4C89-A72C-9E39ACB838F8}"
EndProject
Project("{9A19103F-16F7-4668-BE54-9A1E7A4F7556}") = "DotNetty.Transport.Tests", "test\DotNetty.Transport.Tests.Netstandard\DotNetty.Transport.Tests.csproj", "{DB184943-0CE5-4D89-B808-9B6DFFAFE720}"
EndProject
Project("{9A19103F-16F7-4668-BE54-9A1E7A4F7556}") = "DotNetty.Codecs.Protobuf.Netstandard", "src\DotNetty.Codecs.Protobuf\DotNetty.Codecs.Protobuf.Netstandard.csproj", "{F1355115-E7A6-439B-AFD8-521D543F458B}"
EndProject
Project("{9A19103F-16F7-4668-BE54-9A1E7A4F7556}") = "DotNetty.Codecs.Protobuf.Tests", "test\DotNetty.Codecs.Protobuf.Tests.Netstandard\DotNetty.Codecs.Protobuf.Tests.csproj", "{EE14EB67-04A4-45AE-91F0-0A0DB36D7C0B}"
EndProject
Project("{9A19103F-16F7-4668-BE54-9A1E7A4F7556}") = "DotNetty.End2End.Tests", "test\DotNetty.End2End.Tests.Netstandard\DotNetty.End2End.Tests.csproj", "{37F48AC6-2A51-45AF-AEF0-1C83CB076B4E}"
EndProject
Project("{9A19103F-16F7-4668-BE54-9A1E7A4F7556}") = "DotNetty.Suite.Tests", "test\DotNetty.Suite.Tests.Netstandard\DotNetty.Suite.Tests.csproj", "{D7063A5D-CEEE-4496-96E9-AA244B44744B}"
EndProject
Project("{2150E333-8FDC-42A3-9474-1A3956D46DE8}") = "azure-pipelines", "azure-pipelines", "{7AF386B8-794E-449E-9174-D6FD9ADD99EF}"
	ProjectSection(SolutionItems) = preProject
		build\templates\azure-pipeline.template.yaml = build\templates\azure-pipeline.template.yaml
		build\pr-netfx-validation.yaml = build\pr-netfx-validation.yaml
		build\pr-validation.yaml = build\pr-validation.yaml
	EndProjectSection
EndProject
Project("{2150E333-8FDC-42A3-9474-1A3956D46DE8}") = "local-build", "local-build", "{468C56AA-C2DC-4D2E-A5E3-92CF53703867}"
	ProjectSection(SolutionItems) = preProject
		DotnetCLIVersion.txt = DotnetCLIVersion.txt
		Ensure-DotNetSdk.cmd = Ensure-DotNetSdk.cmd
		init-tools.cmd = init-tools.cmd
		localBuild.cmd = localBuild.cmd
		localPublish.cmd = localPublish.cmd
		localRestore.cmd = localRestore.cmd
	EndProjectSection
EndProject
Global
	GlobalSection(SolutionConfigurationPlatforms) = preSolution
		Debug|Any CPU = Debug|Any CPU
		Debug|ARM = Debug|ARM
		Debug|x64 = Debug|x64
		Debug|x86 = Debug|x86
		Release|Any CPU = Release|Any CPU
		Release|ARM = Release|ARM
		Release|x64 = Release|x64
		Release|x86 = Release|x86
	EndGlobalSection
	GlobalSection(ProjectConfigurationPlatforms) = postSolution
		{8611221E-2C19-4867-BEDD-8156A0AD3C5D}.Debug|Any CPU.ActiveCfg = Debug|Any CPU
		{8611221E-2C19-4867-BEDD-8156A0AD3C5D}.Debug|Any CPU.Build.0 = Debug|Any CPU
		{8611221E-2C19-4867-BEDD-8156A0AD3C5D}.Debug|ARM.ActiveCfg = Debug|Any CPU
		{8611221E-2C19-4867-BEDD-8156A0AD3C5D}.Debug|ARM.Build.0 = Debug|Any CPU
		{8611221E-2C19-4867-BEDD-8156A0AD3C5D}.Debug|x64.ActiveCfg = Debug|Any CPU
		{8611221E-2C19-4867-BEDD-8156A0AD3C5D}.Debug|x64.Build.0 = Debug|Any CPU
		{8611221E-2C19-4867-BEDD-8156A0AD3C5D}.Debug|x86.ActiveCfg = Debug|Any CPU
		{8611221E-2C19-4867-BEDD-8156A0AD3C5D}.Debug|x86.Build.0 = Debug|Any CPU
		{8611221E-2C19-4867-BEDD-8156A0AD3C5D}.Release|Any CPU.ActiveCfg = Release|Any CPU
		{8611221E-2C19-4867-BEDD-8156A0AD3C5D}.Release|Any CPU.Build.0 = Release|Any CPU
		{8611221E-2C19-4867-BEDD-8156A0AD3C5D}.Release|ARM.ActiveCfg = Release|Any CPU
		{8611221E-2C19-4867-BEDD-8156A0AD3C5D}.Release|ARM.Build.0 = Release|Any CPU
		{8611221E-2C19-4867-BEDD-8156A0AD3C5D}.Release|x64.ActiveCfg = Release|Any CPU
		{8611221E-2C19-4867-BEDD-8156A0AD3C5D}.Release|x64.Build.0 = Release|Any CPU
		{8611221E-2C19-4867-BEDD-8156A0AD3C5D}.Release|x86.ActiveCfg = Release|Any CPU
		{8611221E-2C19-4867-BEDD-8156A0AD3C5D}.Release|x86.Build.0 = Release|Any CPU
		{B2E74544-631D-4E52-A466-32590653D2A2}.Debug|Any CPU.ActiveCfg = Debug|Any CPU
		{B2E74544-631D-4E52-A466-32590653D2A2}.Debug|Any CPU.Build.0 = Debug|Any CPU
		{B2E74544-631D-4E52-A466-32590653D2A2}.Debug|ARM.ActiveCfg = Debug|Any CPU
		{B2E74544-631D-4E52-A466-32590653D2A2}.Debug|ARM.Build.0 = Debug|Any CPU
		{B2E74544-631D-4E52-A466-32590653D2A2}.Debug|x64.ActiveCfg = Debug|Any CPU
		{B2E74544-631D-4E52-A466-32590653D2A2}.Debug|x64.Build.0 = Debug|Any CPU
		{B2E74544-631D-4E52-A466-32590653D2A2}.Debug|x86.ActiveCfg = Debug|Any CPU
		{B2E74544-631D-4E52-A466-32590653D2A2}.Debug|x86.Build.0 = Debug|Any CPU
		{B2E74544-631D-4E52-A466-32590653D2A2}.Release|Any CPU.ActiveCfg = Release|Any CPU
		{B2E74544-631D-4E52-A466-32590653D2A2}.Release|Any CPU.Build.0 = Release|Any CPU
		{B2E74544-631D-4E52-A466-32590653D2A2}.Release|ARM.ActiveCfg = Release|Any CPU
		{B2E74544-631D-4E52-A466-32590653D2A2}.Release|ARM.Build.0 = Release|Any CPU
		{B2E74544-631D-4E52-A466-32590653D2A2}.Release|x64.ActiveCfg = Release|Any CPU
		{B2E74544-631D-4E52-A466-32590653D2A2}.Release|x64.Build.0 = Release|Any CPU
		{B2E74544-631D-4E52-A466-32590653D2A2}.Release|x86.ActiveCfg = Release|Any CPU
		{B2E74544-631D-4E52-A466-32590653D2A2}.Release|x86.Build.0 = Release|Any CPU
		{C648941D-A4EB-4629-A6E4-EF5922828A59}.Debug|Any CPU.ActiveCfg = Debug|Any CPU
		{C648941D-A4EB-4629-A6E4-EF5922828A59}.Debug|Any CPU.Build.0 = Debug|Any CPU
		{C648941D-A4EB-4629-A6E4-EF5922828A59}.Debug|ARM.ActiveCfg = Debug|Any CPU
		{C648941D-A4EB-4629-A6E4-EF5922828A59}.Debug|ARM.Build.0 = Debug|Any CPU
		{C648941D-A4EB-4629-A6E4-EF5922828A59}.Debug|x64.ActiveCfg = Debug|Any CPU
		{C648941D-A4EB-4629-A6E4-EF5922828A59}.Debug|x64.Build.0 = Debug|Any CPU
		{C648941D-A4EB-4629-A6E4-EF5922828A59}.Debug|x86.ActiveCfg = Debug|Any CPU
		{C648941D-A4EB-4629-A6E4-EF5922828A59}.Debug|x86.Build.0 = Debug|Any CPU
		{C648941D-A4EB-4629-A6E4-EF5922828A59}.Release|Any CPU.ActiveCfg = Release|Any CPU
		{C648941D-A4EB-4629-A6E4-EF5922828A59}.Release|Any CPU.Build.0 = Release|Any CPU
		{C648941D-A4EB-4629-A6E4-EF5922828A59}.Release|ARM.ActiveCfg = Release|Any CPU
		{C648941D-A4EB-4629-A6E4-EF5922828A59}.Release|ARM.Build.0 = Release|Any CPU
		{C648941D-A4EB-4629-A6E4-EF5922828A59}.Release|x64.ActiveCfg = Release|Any CPU
		{C648941D-A4EB-4629-A6E4-EF5922828A59}.Release|x64.Build.0 = Release|Any CPU
		{C648941D-A4EB-4629-A6E4-EF5922828A59}.Release|x86.ActiveCfg = Release|Any CPU
		{C648941D-A4EB-4629-A6E4-EF5922828A59}.Release|x86.Build.0 = Release|Any CPU
		{3E3F8F09-8870-4D7B-AC07-23EB7AB51FC0}.Debug|Any CPU.ActiveCfg = Debug|Any CPU
		{3E3F8F09-8870-4D7B-AC07-23EB7AB51FC0}.Debug|Any CPU.Build.0 = Debug|Any CPU
		{3E3F8F09-8870-4D7B-AC07-23EB7AB51FC0}.Debug|ARM.ActiveCfg = Debug|Any CPU
		{3E3F8F09-8870-4D7B-AC07-23EB7AB51FC0}.Debug|ARM.Build.0 = Debug|Any CPU
		{3E3F8F09-8870-4D7B-AC07-23EB7AB51FC0}.Debug|x64.ActiveCfg = Debug|Any CPU
		{3E3F8F09-8870-4D7B-AC07-23EB7AB51FC0}.Debug|x64.Build.0 = Debug|Any CPU
		{3E3F8F09-8870-4D7B-AC07-23EB7AB51FC0}.Debug|x86.ActiveCfg = Debug|Any CPU
		{3E3F8F09-8870-4D7B-AC07-23EB7AB51FC0}.Debug|x86.Build.0 = Debug|Any CPU
		{3E3F8F09-8870-4D7B-AC07-23EB7AB51FC0}.Release|Any CPU.ActiveCfg = Release|Any CPU
		{3E3F8F09-8870-4D7B-AC07-23EB7AB51FC0}.Release|Any CPU.Build.0 = Release|Any CPU
		{3E3F8F09-8870-4D7B-AC07-23EB7AB51FC0}.Release|ARM.ActiveCfg = Release|Any CPU
		{3E3F8F09-8870-4D7B-AC07-23EB7AB51FC0}.Release|ARM.Build.0 = Release|Any CPU
		{3E3F8F09-8870-4D7B-AC07-23EB7AB51FC0}.Release|x64.ActiveCfg = Release|Any CPU
		{3E3F8F09-8870-4D7B-AC07-23EB7AB51FC0}.Release|x64.Build.0 = Release|Any CPU
		{3E3F8F09-8870-4D7B-AC07-23EB7AB51FC0}.Release|x86.ActiveCfg = Release|Any CPU
		{3E3F8F09-8870-4D7B-AC07-23EB7AB51FC0}.Release|x86.Build.0 = Release|Any CPU
		{2D0685FD-C89D-4EE0-B08D-C8F95F175CA9}.Debug|Any CPU.ActiveCfg = Debug|Any CPU
		{2D0685FD-C89D-4EE0-B08D-C8F95F175CA9}.Debug|Any CPU.Build.0 = Debug|Any CPU
		{2D0685FD-C89D-4EE0-B08D-C8F95F175CA9}.Debug|ARM.ActiveCfg = Debug|Any CPU
		{2D0685FD-C89D-4EE0-B08D-C8F95F175CA9}.Debug|ARM.Build.0 = Debug|Any CPU
		{2D0685FD-C89D-4EE0-B08D-C8F95F175CA9}.Debug|x64.ActiveCfg = Debug|Any CPU
		{2D0685FD-C89D-4EE0-B08D-C8F95F175CA9}.Debug|x64.Build.0 = Debug|Any CPU
		{2D0685FD-C89D-4EE0-B08D-C8F95F175CA9}.Debug|x86.ActiveCfg = Debug|Any CPU
		{2D0685FD-C89D-4EE0-B08D-C8F95F175CA9}.Debug|x86.Build.0 = Debug|Any CPU
		{2D0685FD-C89D-4EE0-B08D-C8F95F175CA9}.Release|Any CPU.ActiveCfg = Release|Any CPU
		{2D0685FD-C89D-4EE0-B08D-C8F95F175CA9}.Release|Any CPU.Build.0 = Release|Any CPU
		{2D0685FD-C89D-4EE0-B08D-C8F95F175CA9}.Release|ARM.ActiveCfg = Release|Any CPU
		{2D0685FD-C89D-4EE0-B08D-C8F95F175CA9}.Release|ARM.Build.0 = Release|Any CPU
		{2D0685FD-C89D-4EE0-B08D-C8F95F175CA9}.Release|x64.ActiveCfg = Release|Any CPU
		{2D0685FD-C89D-4EE0-B08D-C8F95F175CA9}.Release|x64.Build.0 = Release|Any CPU
		{2D0685FD-C89D-4EE0-B08D-C8F95F175CA9}.Release|x86.ActiveCfg = Release|Any CPU
		{2D0685FD-C89D-4EE0-B08D-C8F95F175CA9}.Release|x86.Build.0 = Release|Any CPU
		{3B859848-F330-48FD-9FB3-CDDEC78219B4}.Debug|Any CPU.ActiveCfg = Debug|Any CPU
		{3B859848-F330-48FD-9FB3-CDDEC78219B4}.Debug|Any CPU.Build.0 = Debug|Any CPU
		{3B859848-F330-48FD-9FB3-CDDEC78219B4}.Debug|ARM.ActiveCfg = Debug|Any CPU
		{3B859848-F330-48FD-9FB3-CDDEC78219B4}.Debug|ARM.Build.0 = Debug|Any CPU
		{3B859848-F330-48FD-9FB3-CDDEC78219B4}.Debug|x64.ActiveCfg = Debug|Any CPU
		{3B859848-F330-48FD-9FB3-CDDEC78219B4}.Debug|x64.Build.0 = Debug|Any CPU
		{3B859848-F330-48FD-9FB3-CDDEC78219B4}.Debug|x86.ActiveCfg = Debug|Any CPU
		{3B859848-F330-48FD-9FB3-CDDEC78219B4}.Debug|x86.Build.0 = Debug|Any CPU
		{3B859848-F330-48FD-9FB3-CDDEC78219B4}.Release|Any CPU.ActiveCfg = Release|Any CPU
		{3B859848-F330-48FD-9FB3-CDDEC78219B4}.Release|Any CPU.Build.0 = Release|Any CPU
		{3B859848-F330-48FD-9FB3-CDDEC78219B4}.Release|ARM.ActiveCfg = Release|Any CPU
		{3B859848-F330-48FD-9FB3-CDDEC78219B4}.Release|ARM.Build.0 = Release|Any CPU
		{3B859848-F330-48FD-9FB3-CDDEC78219B4}.Release|x64.ActiveCfg = Release|Any CPU
		{3B859848-F330-48FD-9FB3-CDDEC78219B4}.Release|x64.Build.0 = Release|Any CPU
		{3B859848-F330-48FD-9FB3-CDDEC78219B4}.Release|x86.ActiveCfg = Release|Any CPU
		{3B859848-F330-48FD-9FB3-CDDEC78219B4}.Release|x86.Build.0 = Release|Any CPU
		{701255CD-4ED5-4E38-A25A-345C6207D3E9}.Debug|Any CPU.ActiveCfg = Debug|Any CPU
		{701255CD-4ED5-4E38-A25A-345C6207D3E9}.Debug|Any CPU.Build.0 = Debug|Any CPU
		{701255CD-4ED5-4E38-A25A-345C6207D3E9}.Debug|ARM.ActiveCfg = Debug|Any CPU
		{701255CD-4ED5-4E38-A25A-345C6207D3E9}.Debug|ARM.Build.0 = Debug|Any CPU
		{701255CD-4ED5-4E38-A25A-345C6207D3E9}.Debug|x64.ActiveCfg = Debug|Any CPU
		{701255CD-4ED5-4E38-A25A-345C6207D3E9}.Debug|x64.Build.0 = Debug|Any CPU
		{701255CD-4ED5-4E38-A25A-345C6207D3E9}.Debug|x86.ActiveCfg = Debug|Any CPU
		{701255CD-4ED5-4E38-A25A-345C6207D3E9}.Debug|x86.Build.0 = Debug|Any CPU
		{701255CD-4ED5-4E38-A25A-345C6207D3E9}.Release|Any CPU.ActiveCfg = Release|Any CPU
		{701255CD-4ED5-4E38-A25A-345C6207D3E9}.Release|Any CPU.Build.0 = Release|Any CPU
		{701255CD-4ED5-4E38-A25A-345C6207D3E9}.Release|ARM.ActiveCfg = Release|Any CPU
		{701255CD-4ED5-4E38-A25A-345C6207D3E9}.Release|ARM.Build.0 = Release|Any CPU
		{701255CD-4ED5-4E38-A25A-345C6207D3E9}.Release|x64.ActiveCfg = Release|Any CPU
		{701255CD-4ED5-4E38-A25A-345C6207D3E9}.Release|x64.Build.0 = Release|Any CPU
		{701255CD-4ED5-4E38-A25A-345C6207D3E9}.Release|x86.ActiveCfg = Release|Any CPU
		{701255CD-4ED5-4E38-A25A-345C6207D3E9}.Release|x86.Build.0 = Release|Any CPU
		{C35D0697-F8FF-489D-882C-DD4462AC8754}.Debug|Any CPU.ActiveCfg = Debug|Any CPU
		{C35D0697-F8FF-489D-882C-DD4462AC8754}.Debug|Any CPU.Build.0 = Debug|Any CPU
		{C35D0697-F8FF-489D-882C-DD4462AC8754}.Debug|ARM.ActiveCfg = Debug|Any CPU
		{C35D0697-F8FF-489D-882C-DD4462AC8754}.Debug|ARM.Build.0 = Debug|Any CPU
		{C35D0697-F8FF-489D-882C-DD4462AC8754}.Debug|x64.ActiveCfg = Debug|Any CPU
		{C35D0697-F8FF-489D-882C-DD4462AC8754}.Debug|x64.Build.0 = Debug|Any CPU
		{C35D0697-F8FF-489D-882C-DD4462AC8754}.Debug|x86.ActiveCfg = Debug|Any CPU
		{C35D0697-F8FF-489D-882C-DD4462AC8754}.Debug|x86.Build.0 = Debug|Any CPU
		{C35D0697-F8FF-489D-882C-DD4462AC8754}.Release|Any CPU.ActiveCfg = Release|Any CPU
		{C35D0697-F8FF-489D-882C-DD4462AC8754}.Release|Any CPU.Build.0 = Release|Any CPU
		{C35D0697-F8FF-489D-882C-DD4462AC8754}.Release|ARM.ActiveCfg = Release|Any CPU
		{C35D0697-F8FF-489D-882C-DD4462AC8754}.Release|ARM.Build.0 = Release|Any CPU
		{C35D0697-F8FF-489D-882C-DD4462AC8754}.Release|x64.ActiveCfg = Release|Any CPU
		{C35D0697-F8FF-489D-882C-DD4462AC8754}.Release|x64.Build.0 = Release|Any CPU
		{C35D0697-F8FF-489D-882C-DD4462AC8754}.Release|x86.ActiveCfg = Release|Any CPU
		{C35D0697-F8FF-489D-882C-DD4462AC8754}.Release|x86.Build.0 = Release|Any CPU
		{251D458B-8B02-4A3F-A90A-C0A968B48FBF}.Debug|Any CPU.ActiveCfg = Debug|Any CPU
		{251D458B-8B02-4A3F-A90A-C0A968B48FBF}.Debug|Any CPU.Build.0 = Debug|Any CPU
		{251D458B-8B02-4A3F-A90A-C0A968B48FBF}.Debug|ARM.ActiveCfg = Debug|Any CPU
		{251D458B-8B02-4A3F-A90A-C0A968B48FBF}.Debug|ARM.Build.0 = Debug|Any CPU
		{251D458B-8B02-4A3F-A90A-C0A968B48FBF}.Debug|x64.ActiveCfg = Debug|Any CPU
		{251D458B-8B02-4A3F-A90A-C0A968B48FBF}.Debug|x64.Build.0 = Debug|Any CPU
		{251D458B-8B02-4A3F-A90A-C0A968B48FBF}.Debug|x86.ActiveCfg = Debug|Any CPU
		{251D458B-8B02-4A3F-A90A-C0A968B48FBF}.Debug|x86.Build.0 = Debug|Any CPU
		{251D458B-8B02-4A3F-A90A-C0A968B48FBF}.Release|Any CPU.ActiveCfg = Release|Any CPU
		{251D458B-8B02-4A3F-A90A-C0A968B48FBF}.Release|Any CPU.Build.0 = Release|Any CPU
		{251D458B-8B02-4A3F-A90A-C0A968B48FBF}.Release|ARM.ActiveCfg = Release|Any CPU
		{251D458B-8B02-4A3F-A90A-C0A968B48FBF}.Release|ARM.Build.0 = Release|Any CPU
		{251D458B-8B02-4A3F-A90A-C0A968B48FBF}.Release|x64.ActiveCfg = Release|Any CPU
		{251D458B-8B02-4A3F-A90A-C0A968B48FBF}.Release|x64.Build.0 = Release|Any CPU
		{251D458B-8B02-4A3F-A90A-C0A968B48FBF}.Release|x86.ActiveCfg = Release|Any CPU
		{251D458B-8B02-4A3F-A90A-C0A968B48FBF}.Release|x86.Build.0 = Release|Any CPU
		{3A69471A-36E8-486B-B82B-DE55D4828F69}.Debug|Any CPU.ActiveCfg = Debug|Any CPU
		{3A69471A-36E8-486B-B82B-DE55D4828F69}.Debug|Any CPU.Build.0 = Debug|Any CPU
		{3A69471A-36E8-486B-B82B-DE55D4828F69}.Debug|ARM.ActiveCfg = Debug|Any CPU
		{3A69471A-36E8-486B-B82B-DE55D4828F69}.Debug|ARM.Build.0 = Debug|Any CPU
		{3A69471A-36E8-486B-B82B-DE55D4828F69}.Debug|x64.ActiveCfg = Debug|Any CPU
		{3A69471A-36E8-486B-B82B-DE55D4828F69}.Debug|x64.Build.0 = Debug|Any CPU
		{3A69471A-36E8-486B-B82B-DE55D4828F69}.Debug|x86.ActiveCfg = Debug|Any CPU
		{3A69471A-36E8-486B-B82B-DE55D4828F69}.Debug|x86.Build.0 = Debug|Any CPU
		{3A69471A-36E8-486B-B82B-DE55D4828F69}.Release|Any CPU.ActiveCfg = Release|Any CPU
		{3A69471A-36E8-486B-B82B-DE55D4828F69}.Release|Any CPU.Build.0 = Release|Any CPU
		{3A69471A-36E8-486B-B82B-DE55D4828F69}.Release|ARM.ActiveCfg = Release|Any CPU
		{3A69471A-36E8-486B-B82B-DE55D4828F69}.Release|ARM.Build.0 = Release|Any CPU
		{3A69471A-36E8-486B-B82B-DE55D4828F69}.Release|x64.ActiveCfg = Release|Any CPU
		{3A69471A-36E8-486B-B82B-DE55D4828F69}.Release|x64.Build.0 = Release|Any CPU
		{3A69471A-36E8-486B-B82B-DE55D4828F69}.Release|x86.ActiveCfg = Release|Any CPU
		{3A69471A-36E8-486B-B82B-DE55D4828F69}.Release|x86.Build.0 = Release|Any CPU
		{13C05A33-3B06-407D-A224-611B6CBC7F6B}.Debug|Any CPU.ActiveCfg = Debug|Any CPU
		{13C05A33-3B06-407D-A224-611B6CBC7F6B}.Debug|Any CPU.Build.0 = Debug|Any CPU
		{13C05A33-3B06-407D-A224-611B6CBC7F6B}.Debug|ARM.ActiveCfg = Debug|Any CPU
		{13C05A33-3B06-407D-A224-611B6CBC7F6B}.Debug|ARM.Build.0 = Debug|Any CPU
		{13C05A33-3B06-407D-A224-611B6CBC7F6B}.Debug|x64.ActiveCfg = Debug|Any CPU
		{13C05A33-3B06-407D-A224-611B6CBC7F6B}.Debug|x64.Build.0 = Debug|Any CPU
		{13C05A33-3B06-407D-A224-611B6CBC7F6B}.Debug|x86.ActiveCfg = Debug|Any CPU
		{13C05A33-3B06-407D-A224-611B6CBC7F6B}.Debug|x86.Build.0 = Debug|Any CPU
		{13C05A33-3B06-407D-A224-611B6CBC7F6B}.Release|Any CPU.ActiveCfg = Release|Any CPU
		{13C05A33-3B06-407D-A224-611B6CBC7F6B}.Release|Any CPU.Build.0 = Release|Any CPU
		{13C05A33-3B06-407D-A224-611B6CBC7F6B}.Release|ARM.ActiveCfg = Release|Any CPU
		{13C05A33-3B06-407D-A224-611B6CBC7F6B}.Release|ARM.Build.0 = Release|Any CPU
		{13C05A33-3B06-407D-A224-611B6CBC7F6B}.Release|x64.ActiveCfg = Release|Any CPU
		{13C05A33-3B06-407D-A224-611B6CBC7F6B}.Release|x64.Build.0 = Release|Any CPU
		{13C05A33-3B06-407D-A224-611B6CBC7F6B}.Release|x86.ActiveCfg = Release|Any CPU
		{13C05A33-3B06-407D-A224-611B6CBC7F6B}.Release|x86.Build.0 = Release|Any CPU
		{6241B2C5-6D9E-4E53-A43B-AEF642FD466E}.Debug|Any CPU.ActiveCfg = Debug|Any CPU
		{6241B2C5-6D9E-4E53-A43B-AEF642FD466E}.Debug|Any CPU.Build.0 = Debug|Any CPU
		{6241B2C5-6D9E-4E53-A43B-AEF642FD466E}.Debug|ARM.ActiveCfg = Debug|Any CPU
		{6241B2C5-6D9E-4E53-A43B-AEF642FD466E}.Debug|ARM.Build.0 = Debug|Any CPU
		{6241B2C5-6D9E-4E53-A43B-AEF642FD466E}.Debug|x64.ActiveCfg = Debug|Any CPU
		{6241B2C5-6D9E-4E53-A43B-AEF642FD466E}.Debug|x64.Build.0 = Debug|Any CPU
		{6241B2C5-6D9E-4E53-A43B-AEF642FD466E}.Debug|x86.ActiveCfg = Debug|Any CPU
		{6241B2C5-6D9E-4E53-A43B-AEF642FD466E}.Debug|x86.Build.0 = Debug|Any CPU
		{6241B2C5-6D9E-4E53-A43B-AEF642FD466E}.Release|Any CPU.ActiveCfg = Release|Any CPU
		{6241B2C5-6D9E-4E53-A43B-AEF642FD466E}.Release|Any CPU.Build.0 = Release|Any CPU
		{6241B2C5-6D9E-4E53-A43B-AEF642FD466E}.Release|ARM.ActiveCfg = Release|Any CPU
		{6241B2C5-6D9E-4E53-A43B-AEF642FD466E}.Release|ARM.Build.0 = Release|Any CPU
		{6241B2C5-6D9E-4E53-A43B-AEF642FD466E}.Release|x64.ActiveCfg = Release|Any CPU
		{6241B2C5-6D9E-4E53-A43B-AEF642FD466E}.Release|x64.Build.0 = Release|Any CPU
		{6241B2C5-6D9E-4E53-A43B-AEF642FD466E}.Release|x86.ActiveCfg = Release|Any CPU
		{6241B2C5-6D9E-4E53-A43B-AEF642FD466E}.Release|x86.Build.0 = Release|Any CPU
		{45230B8E-FA32-491B-B8CB-5EB7E4A563E4}.Debug|Any CPU.ActiveCfg = Debug|Any CPU
		{45230B8E-FA32-491B-B8CB-5EB7E4A563E4}.Debug|Any CPU.Build.0 = Debug|Any CPU
		{45230B8E-FA32-491B-B8CB-5EB7E4A563E4}.Debug|ARM.ActiveCfg = Debug|Any CPU
		{45230B8E-FA32-491B-B8CB-5EB7E4A563E4}.Debug|ARM.Build.0 = Debug|Any CPU
		{45230B8E-FA32-491B-B8CB-5EB7E4A563E4}.Debug|x64.ActiveCfg = Debug|Any CPU
		{45230B8E-FA32-491B-B8CB-5EB7E4A563E4}.Debug|x64.Build.0 = Debug|Any CPU
		{45230B8E-FA32-491B-B8CB-5EB7E4A563E4}.Debug|x86.ActiveCfg = Debug|Any CPU
		{45230B8E-FA32-491B-B8CB-5EB7E4A563E4}.Debug|x86.Build.0 = Debug|Any CPU
		{45230B8E-FA32-491B-B8CB-5EB7E4A563E4}.Release|Any CPU.ActiveCfg = Release|Any CPU
		{45230B8E-FA32-491B-B8CB-5EB7E4A563E4}.Release|Any CPU.Build.0 = Release|Any CPU
		{45230B8E-FA32-491B-B8CB-5EB7E4A563E4}.Release|ARM.ActiveCfg = Release|Any CPU
		{45230B8E-FA32-491B-B8CB-5EB7E4A563E4}.Release|ARM.Build.0 = Release|Any CPU
		{45230B8E-FA32-491B-B8CB-5EB7E4A563E4}.Release|x64.ActiveCfg = Release|Any CPU
		{45230B8E-FA32-491B-B8CB-5EB7E4A563E4}.Release|x64.Build.0 = Release|Any CPU
		{45230B8E-FA32-491B-B8CB-5EB7E4A563E4}.Release|x86.ActiveCfg = Release|Any CPU
		{45230B8E-FA32-491B-B8CB-5EB7E4A563E4}.Release|x86.Build.0 = Release|Any CPU
		{16EB59CC-2375-4A48-8372-9744A5624810}.Debug|Any CPU.ActiveCfg = Debug|Any CPU
		{16EB59CC-2375-4A48-8372-9744A5624810}.Debug|Any CPU.Build.0 = Debug|Any CPU
		{16EB59CC-2375-4A48-8372-9744A5624810}.Debug|ARM.ActiveCfg = Debug|Any CPU
		{16EB59CC-2375-4A48-8372-9744A5624810}.Debug|ARM.Build.0 = Debug|Any CPU
		{16EB59CC-2375-4A48-8372-9744A5624810}.Debug|x64.ActiveCfg = Debug|Any CPU
		{16EB59CC-2375-4A48-8372-9744A5624810}.Debug|x64.Build.0 = Debug|Any CPU
		{16EB59CC-2375-4A48-8372-9744A5624810}.Debug|x86.ActiveCfg = Debug|Any CPU
		{16EB59CC-2375-4A48-8372-9744A5624810}.Debug|x86.Build.0 = Debug|Any CPU
		{16EB59CC-2375-4A48-8372-9744A5624810}.Release|Any CPU.ActiveCfg = Release|Any CPU
		{16EB59CC-2375-4A48-8372-9744A5624810}.Release|Any CPU.Build.0 = Release|Any CPU
		{16EB59CC-2375-4A48-8372-9744A5624810}.Release|ARM.ActiveCfg = Release|Any CPU
		{16EB59CC-2375-4A48-8372-9744A5624810}.Release|ARM.Build.0 = Release|Any CPU
		{16EB59CC-2375-4A48-8372-9744A5624810}.Release|x64.ActiveCfg = Release|Any CPU
		{16EB59CC-2375-4A48-8372-9744A5624810}.Release|x64.Build.0 = Release|Any CPU
		{16EB59CC-2375-4A48-8372-9744A5624810}.Release|x86.ActiveCfg = Release|Any CPU
		{16EB59CC-2375-4A48-8372-9744A5624810}.Release|x86.Build.0 = Release|Any CPU
		{075599D2-E924-4E6E-838D-EEE8F8E1C478}.Debug|Any CPU.ActiveCfg = Debug|Any CPU
		{075599D2-E924-4E6E-838D-EEE8F8E1C478}.Debug|Any CPU.Build.0 = Debug|Any CPU
		{075599D2-E924-4E6E-838D-EEE8F8E1C478}.Debug|ARM.ActiveCfg = Debug|Any CPU
		{075599D2-E924-4E6E-838D-EEE8F8E1C478}.Debug|ARM.Build.0 = Debug|Any CPU
		{075599D2-E924-4E6E-838D-EEE8F8E1C478}.Debug|x64.ActiveCfg = Debug|Any CPU
		{075599D2-E924-4E6E-838D-EEE8F8E1C478}.Debug|x64.Build.0 = Debug|Any CPU
		{075599D2-E924-4E6E-838D-EEE8F8E1C478}.Debug|x86.ActiveCfg = Debug|Any CPU
		{075599D2-E924-4E6E-838D-EEE8F8E1C478}.Debug|x86.Build.0 = Debug|Any CPU
		{075599D2-E924-4E6E-838D-EEE8F8E1C478}.Release|Any CPU.ActiveCfg = Release|Any CPU
		{075599D2-E924-4E6E-838D-EEE8F8E1C478}.Release|Any CPU.Build.0 = Release|Any CPU
		{075599D2-E924-4E6E-838D-EEE8F8E1C478}.Release|ARM.ActiveCfg = Release|Any CPU
		{075599D2-E924-4E6E-838D-EEE8F8E1C478}.Release|ARM.Build.0 = Release|Any CPU
		{075599D2-E924-4E6E-838D-EEE8F8E1C478}.Release|x64.ActiveCfg = Release|Any CPU
		{075599D2-E924-4E6E-838D-EEE8F8E1C478}.Release|x64.Build.0 = Release|Any CPU
		{075599D2-E924-4E6E-838D-EEE8F8E1C478}.Release|x86.ActiveCfg = Release|Any CPU
		{075599D2-E924-4E6E-838D-EEE8F8E1C478}.Release|x86.Build.0 = Release|Any CPU
		{2854F083-34F6-4D31-81EF-025B3A43C7EB}.Debug|Any CPU.ActiveCfg = Debug|Any CPU
		{2854F083-34F6-4D31-81EF-025B3A43C7EB}.Debug|Any CPU.Build.0 = Debug|Any CPU
		{2854F083-34F6-4D31-81EF-025B3A43C7EB}.Debug|ARM.ActiveCfg = Debug|Any CPU
		{2854F083-34F6-4D31-81EF-025B3A43C7EB}.Debug|ARM.Build.0 = Debug|Any CPU
		{2854F083-34F6-4D31-81EF-025B3A43C7EB}.Debug|x64.ActiveCfg = Debug|Any CPU
		{2854F083-34F6-4D31-81EF-025B3A43C7EB}.Debug|x64.Build.0 = Debug|Any CPU
		{2854F083-34F6-4D31-81EF-025B3A43C7EB}.Debug|x86.ActiveCfg = Debug|Any CPU
		{2854F083-34F6-4D31-81EF-025B3A43C7EB}.Debug|x86.Build.0 = Debug|Any CPU
		{2854F083-34F6-4D31-81EF-025B3A43C7EB}.Release|Any CPU.ActiveCfg = Release|Any CPU
		{2854F083-34F6-4D31-81EF-025B3A43C7EB}.Release|Any CPU.Build.0 = Release|Any CPU
		{2854F083-34F6-4D31-81EF-025B3A43C7EB}.Release|ARM.ActiveCfg = Release|Any CPU
		{2854F083-34F6-4D31-81EF-025B3A43C7EB}.Release|ARM.Build.0 = Release|Any CPU
		{2854F083-34F6-4D31-81EF-025B3A43C7EB}.Release|x64.ActiveCfg = Release|Any CPU
		{2854F083-34F6-4D31-81EF-025B3A43C7EB}.Release|x64.Build.0 = Release|Any CPU
		{2854F083-34F6-4D31-81EF-025B3A43C7EB}.Release|x86.ActiveCfg = Release|Any CPU
		{2854F083-34F6-4D31-81EF-025B3A43C7EB}.Release|x86.Build.0 = Release|Any CPU
		{86F7257D-03E0-42EA-924F-0B7134E1B002}.Debug|Any CPU.ActiveCfg = Debug|Any CPU
		{86F7257D-03E0-42EA-924F-0B7134E1B002}.Debug|Any CPU.Build.0 = Debug|Any CPU
		{86F7257D-03E0-42EA-924F-0B7134E1B002}.Debug|ARM.ActiveCfg = Debug|Any CPU
		{86F7257D-03E0-42EA-924F-0B7134E1B002}.Debug|ARM.Build.0 = Debug|Any CPU
		{86F7257D-03E0-42EA-924F-0B7134E1B002}.Debug|x64.ActiveCfg = Debug|Any CPU
		{86F7257D-03E0-42EA-924F-0B7134E1B002}.Debug|x64.Build.0 = Debug|Any CPU
		{86F7257D-03E0-42EA-924F-0B7134E1B002}.Debug|x86.ActiveCfg = Debug|Any CPU
		{86F7257D-03E0-42EA-924F-0B7134E1B002}.Debug|x86.Build.0 = Debug|Any CPU
		{86F7257D-03E0-42EA-924F-0B7134E1B002}.Release|Any CPU.ActiveCfg = Release|Any CPU
		{86F7257D-03E0-42EA-924F-0B7134E1B002}.Release|Any CPU.Build.0 = Release|Any CPU
		{86F7257D-03E0-42EA-924F-0B7134E1B002}.Release|ARM.ActiveCfg = Release|Any CPU
		{86F7257D-03E0-42EA-924F-0B7134E1B002}.Release|ARM.Build.0 = Release|Any CPU
		{86F7257D-03E0-42EA-924F-0B7134E1B002}.Release|x64.ActiveCfg = Release|Any CPU
		{86F7257D-03E0-42EA-924F-0B7134E1B002}.Release|x64.Build.0 = Release|Any CPU
		{86F7257D-03E0-42EA-924F-0B7134E1B002}.Release|x86.ActiveCfg = Release|Any CPU
		{86F7257D-03E0-42EA-924F-0B7134E1B002}.Release|x86.Build.0 = Release|Any CPU
		{17D10517-F6F1-4A64-B32D-9CE98E7C4764}.Debug|Any CPU.ActiveCfg = Debug|Any CPU
		{17D10517-F6F1-4A64-B32D-9CE98E7C4764}.Debug|Any CPU.Build.0 = Debug|Any CPU
		{17D10517-F6F1-4A64-B32D-9CE98E7C4764}.Debug|ARM.ActiveCfg = Debug|Any CPU
		{17D10517-F6F1-4A64-B32D-9CE98E7C4764}.Debug|ARM.Build.0 = Debug|Any CPU
		{17D10517-F6F1-4A64-B32D-9CE98E7C4764}.Debug|x64.ActiveCfg = Debug|Any CPU
		{17D10517-F6F1-4A64-B32D-9CE98E7C4764}.Debug|x64.Build.0 = Debug|Any CPU
		{17D10517-F6F1-4A64-B32D-9CE98E7C4764}.Debug|x86.ActiveCfg = Debug|Any CPU
		{17D10517-F6F1-4A64-B32D-9CE98E7C4764}.Debug|x86.Build.0 = Debug|Any CPU
		{17D10517-F6F1-4A64-B32D-9CE98E7C4764}.Release|Any CPU.ActiveCfg = Release|Any CPU
		{17D10517-F6F1-4A64-B32D-9CE98E7C4764}.Release|Any CPU.Build.0 = Release|Any CPU
		{17D10517-F6F1-4A64-B32D-9CE98E7C4764}.Release|ARM.ActiveCfg = Release|Any CPU
		{17D10517-F6F1-4A64-B32D-9CE98E7C4764}.Release|ARM.Build.0 = Release|Any CPU
		{17D10517-F6F1-4A64-B32D-9CE98E7C4764}.Release|x64.ActiveCfg = Release|Any CPU
		{17D10517-F6F1-4A64-B32D-9CE98E7C4764}.Release|x64.Build.0 = Release|Any CPU
		{17D10517-F6F1-4A64-B32D-9CE98E7C4764}.Release|x86.ActiveCfg = Release|Any CPU
		{17D10517-F6F1-4A64-B32D-9CE98E7C4764}.Release|x86.Build.0 = Release|Any CPU
		{53B076D5-424C-4848-A6B5-52055859344F}.Debug|Any CPU.ActiveCfg = Debug|Any CPU
		{53B076D5-424C-4848-A6B5-52055859344F}.Debug|Any CPU.Build.0 = Debug|Any CPU
		{53B076D5-424C-4848-A6B5-52055859344F}.Debug|ARM.ActiveCfg = Debug|Any CPU
		{53B076D5-424C-4848-A6B5-52055859344F}.Debug|ARM.Build.0 = Debug|Any CPU
		{53B076D5-424C-4848-A6B5-52055859344F}.Debug|x64.ActiveCfg = Debug|Any CPU
		{53B076D5-424C-4848-A6B5-52055859344F}.Debug|x64.Build.0 = Debug|Any CPU
		{53B076D5-424C-4848-A6B5-52055859344F}.Debug|x86.ActiveCfg = Debug|Any CPU
		{53B076D5-424C-4848-A6B5-52055859344F}.Debug|x86.Build.0 = Debug|Any CPU
		{53B076D5-424C-4848-A6B5-52055859344F}.Release|Any CPU.ActiveCfg = Release|Any CPU
		{53B076D5-424C-4848-A6B5-52055859344F}.Release|Any CPU.Build.0 = Release|Any CPU
		{53B076D5-424C-4848-A6B5-52055859344F}.Release|ARM.ActiveCfg = Release|Any CPU
		{53B076D5-424C-4848-A6B5-52055859344F}.Release|ARM.Build.0 = Release|Any CPU
		{53B076D5-424C-4848-A6B5-52055859344F}.Release|x64.ActiveCfg = Release|Any CPU
		{53B076D5-424C-4848-A6B5-52055859344F}.Release|x64.Build.0 = Release|Any CPU
		{53B076D5-424C-4848-A6B5-52055859344F}.Release|x86.ActiveCfg = Release|Any CPU
		{53B076D5-424C-4848-A6B5-52055859344F}.Release|x86.Build.0 = Release|Any CPU
		{B6E196AB-F447-4C89-A72C-9E39ACB838F8}.Debug|Any CPU.ActiveCfg = Debug|Any CPU
		{B6E196AB-F447-4C89-A72C-9E39ACB838F8}.Debug|Any CPU.Build.0 = Debug|Any CPU
		{B6E196AB-F447-4C89-A72C-9E39ACB838F8}.Debug|ARM.ActiveCfg = Debug|Any CPU
		{B6E196AB-F447-4C89-A72C-9E39ACB838F8}.Debug|ARM.Build.0 = Debug|Any CPU
		{B6E196AB-F447-4C89-A72C-9E39ACB838F8}.Debug|x64.ActiveCfg = Debug|Any CPU
		{B6E196AB-F447-4C89-A72C-9E39ACB838F8}.Debug|x64.Build.0 = Debug|Any CPU
		{B6E196AB-F447-4C89-A72C-9E39ACB838F8}.Debug|x86.ActiveCfg = Debug|Any CPU
		{B6E196AB-F447-4C89-A72C-9E39ACB838F8}.Debug|x86.Build.0 = Debug|Any CPU
		{B6E196AB-F447-4C89-A72C-9E39ACB838F8}.Release|Any CPU.ActiveCfg = Release|Any CPU
		{B6E196AB-F447-4C89-A72C-9E39ACB838F8}.Release|Any CPU.Build.0 = Release|Any CPU
		{B6E196AB-F447-4C89-A72C-9E39ACB838F8}.Release|ARM.ActiveCfg = Release|Any CPU
		{B6E196AB-F447-4C89-A72C-9E39ACB838F8}.Release|ARM.Build.0 = Release|Any CPU
		{B6E196AB-F447-4C89-A72C-9E39ACB838F8}.Release|x64.ActiveCfg = Release|Any CPU
		{B6E196AB-F447-4C89-A72C-9E39ACB838F8}.Release|x64.Build.0 = Release|Any CPU
		{B6E196AB-F447-4C89-A72C-9E39ACB838F8}.Release|x86.ActiveCfg = Release|Any CPU
		{B6E196AB-F447-4C89-A72C-9E39ACB838F8}.Release|x86.Build.0 = Release|Any CPU
		{DB184943-0CE5-4D89-B808-9B6DFFAFE720}.Debug|Any CPU.ActiveCfg = Debug|Any CPU
		{DB184943-0CE5-4D89-B808-9B6DFFAFE720}.Debug|Any CPU.Build.0 = Debug|Any CPU
		{DB184943-0CE5-4D89-B808-9B6DFFAFE720}.Debug|ARM.ActiveCfg = Debug|Any CPU
		{DB184943-0CE5-4D89-B808-9B6DFFAFE720}.Debug|ARM.Build.0 = Debug|Any CPU
		{DB184943-0CE5-4D89-B808-9B6DFFAFE720}.Debug|x64.ActiveCfg = Debug|Any CPU
		{DB184943-0CE5-4D89-B808-9B6DFFAFE720}.Debug|x64.Build.0 = Debug|Any CPU
		{DB184943-0CE5-4D89-B808-9B6DFFAFE720}.Debug|x86.ActiveCfg = Debug|Any CPU
		{DB184943-0CE5-4D89-B808-9B6DFFAFE720}.Debug|x86.Build.0 = Debug|Any CPU
		{DB184943-0CE5-4D89-B808-9B6DFFAFE720}.Release|Any CPU.ActiveCfg = Release|Any CPU
		{DB184943-0CE5-4D89-B808-9B6DFFAFE720}.Release|Any CPU.Build.0 = Release|Any CPU
		{DB184943-0CE5-4D89-B808-9B6DFFAFE720}.Release|ARM.ActiveCfg = Release|Any CPU
		{DB184943-0CE5-4D89-B808-9B6DFFAFE720}.Release|ARM.Build.0 = Release|Any CPU
		{DB184943-0CE5-4D89-B808-9B6DFFAFE720}.Release|x64.ActiveCfg = Release|Any CPU
		{DB184943-0CE5-4D89-B808-9B6DFFAFE720}.Release|x64.Build.0 = Release|Any CPU
		{DB184943-0CE5-4D89-B808-9B6DFFAFE720}.Release|x86.ActiveCfg = Release|Any CPU
		{DB184943-0CE5-4D89-B808-9B6DFFAFE720}.Release|x86.Build.0 = Release|Any CPU
		{F1355115-E7A6-439B-AFD8-521D543F458B}.Debug|Any CPU.ActiveCfg = Debug|Any CPU
		{F1355115-E7A6-439B-AFD8-521D543F458B}.Debug|Any CPU.Build.0 = Debug|Any CPU
		{F1355115-E7A6-439B-AFD8-521D543F458B}.Debug|ARM.ActiveCfg = Debug|Any CPU
		{F1355115-E7A6-439B-AFD8-521D543F458B}.Debug|ARM.Build.0 = Debug|Any CPU
		{F1355115-E7A6-439B-AFD8-521D543F458B}.Debug|x64.ActiveCfg = Debug|Any CPU
		{F1355115-E7A6-439B-AFD8-521D543F458B}.Debug|x64.Build.0 = Debug|Any CPU
		{F1355115-E7A6-439B-AFD8-521D543F458B}.Debug|x86.ActiveCfg = Debug|Any CPU
		{F1355115-E7A6-439B-AFD8-521D543F458B}.Debug|x86.Build.0 = Debug|Any CPU
		{F1355115-E7A6-439B-AFD8-521D543F458B}.Release|Any CPU.ActiveCfg = Release|Any CPU
		{F1355115-E7A6-439B-AFD8-521D543F458B}.Release|Any CPU.Build.0 = Release|Any CPU
		{F1355115-E7A6-439B-AFD8-521D543F458B}.Release|ARM.ActiveCfg = Release|Any CPU
		{F1355115-E7A6-439B-AFD8-521D543F458B}.Release|ARM.Build.0 = Release|Any CPU
		{F1355115-E7A6-439B-AFD8-521D543F458B}.Release|x64.ActiveCfg = Release|Any CPU
		{F1355115-E7A6-439B-AFD8-521D543F458B}.Release|x64.Build.0 = Release|Any CPU
		{F1355115-E7A6-439B-AFD8-521D543F458B}.Release|x86.ActiveCfg = Release|Any CPU
		{F1355115-E7A6-439B-AFD8-521D543F458B}.Release|x86.Build.0 = Release|Any CPU
		{EE14EB67-04A4-45AE-91F0-0A0DB36D7C0B}.Debug|Any CPU.ActiveCfg = Debug|Any CPU
		{EE14EB67-04A4-45AE-91F0-0A0DB36D7C0B}.Debug|Any CPU.Build.0 = Debug|Any CPU
		{EE14EB67-04A4-45AE-91F0-0A0DB36D7C0B}.Debug|ARM.ActiveCfg = Debug|Any CPU
		{EE14EB67-04A4-45AE-91F0-0A0DB36D7C0B}.Debug|ARM.Build.0 = Debug|Any CPU
		{EE14EB67-04A4-45AE-91F0-0A0DB36D7C0B}.Debug|x64.ActiveCfg = Debug|Any CPU
		{EE14EB67-04A4-45AE-91F0-0A0DB36D7C0B}.Debug|x64.Build.0 = Debug|Any CPU
		{EE14EB67-04A4-45AE-91F0-0A0DB36D7C0B}.Debug|x86.ActiveCfg = Debug|Any CPU
		{EE14EB67-04A4-45AE-91F0-0A0DB36D7C0B}.Debug|x86.Build.0 = Debug|Any CPU
		{EE14EB67-04A4-45AE-91F0-0A0DB36D7C0B}.Release|Any CPU.ActiveCfg = Release|Any CPU
		{EE14EB67-04A4-45AE-91F0-0A0DB36D7C0B}.Release|Any CPU.Build.0 = Release|Any CPU
		{EE14EB67-04A4-45AE-91F0-0A0DB36D7C0B}.Release|ARM.ActiveCfg = Release|Any CPU
		{EE14EB67-04A4-45AE-91F0-0A0DB36D7C0B}.Release|ARM.Build.0 = Release|Any CPU
		{EE14EB67-04A4-45AE-91F0-0A0DB36D7C0B}.Release|x64.ActiveCfg = Release|Any CPU
		{EE14EB67-04A4-45AE-91F0-0A0DB36D7C0B}.Release|x64.Build.0 = Release|Any CPU
		{EE14EB67-04A4-45AE-91F0-0A0DB36D7C0B}.Release|x86.ActiveCfg = Release|Any CPU
		{EE14EB67-04A4-45AE-91F0-0A0DB36D7C0B}.Release|x86.Build.0 = Release|Any CPU
		{37F48AC6-2A51-45AF-AEF0-1C83CB076B4E}.Debug|Any CPU.ActiveCfg = Debug|Any CPU
		{37F48AC6-2A51-45AF-AEF0-1C83CB076B4E}.Debug|Any CPU.Build.0 = Debug|Any CPU
		{37F48AC6-2A51-45AF-AEF0-1C83CB076B4E}.Debug|ARM.ActiveCfg = Debug|Any CPU
		{37F48AC6-2A51-45AF-AEF0-1C83CB076B4E}.Debug|ARM.Build.0 = Debug|Any CPU
		{37F48AC6-2A51-45AF-AEF0-1C83CB076B4E}.Debug|x64.ActiveCfg = Debug|Any CPU
		{37F48AC6-2A51-45AF-AEF0-1C83CB076B4E}.Debug|x64.Build.0 = Debug|Any CPU
		{37F48AC6-2A51-45AF-AEF0-1C83CB076B4E}.Debug|x86.ActiveCfg = Debug|Any CPU
		{37F48AC6-2A51-45AF-AEF0-1C83CB076B4E}.Debug|x86.Build.0 = Debug|Any CPU
		{37F48AC6-2A51-45AF-AEF0-1C83CB076B4E}.Release|Any CPU.ActiveCfg = Release|Any CPU
		{37F48AC6-2A51-45AF-AEF0-1C83CB076B4E}.Release|Any CPU.Build.0 = Release|Any CPU
		{37F48AC6-2A51-45AF-AEF0-1C83CB076B4E}.Release|ARM.ActiveCfg = Release|Any CPU
		{37F48AC6-2A51-45AF-AEF0-1C83CB076B4E}.Release|ARM.Build.0 = Release|Any CPU
		{37F48AC6-2A51-45AF-AEF0-1C83CB076B4E}.Release|x64.ActiveCfg = Release|Any CPU
		{37F48AC6-2A51-45AF-AEF0-1C83CB076B4E}.Release|x64.Build.0 = Release|Any CPU
		{37F48AC6-2A51-45AF-AEF0-1C83CB076B4E}.Release|x86.ActiveCfg = Release|Any CPU
		{37F48AC6-2A51-45AF-AEF0-1C83CB076B4E}.Release|x86.Build.0 = Release|Any CPU
		{D7063A5D-CEEE-4496-96E9-AA244B44744B}.Debug|Any CPU.ActiveCfg = Debug|Any CPU
		{D7063A5D-CEEE-4496-96E9-AA244B44744B}.Debug|Any CPU.Build.0 = Debug|Any CPU
		{D7063A5D-CEEE-4496-96E9-AA244B44744B}.Debug|ARM.ActiveCfg = Debug|Any CPU
		{D7063A5D-CEEE-4496-96E9-AA244B44744B}.Debug|ARM.Build.0 = Debug|Any CPU
		{D7063A5D-CEEE-4496-96E9-AA244B44744B}.Debug|x64.ActiveCfg = Debug|Any CPU
		{D7063A5D-CEEE-4496-96E9-AA244B44744B}.Debug|x64.Build.0 = Debug|Any CPU
		{D7063A5D-CEEE-4496-96E9-AA244B44744B}.Debug|x86.ActiveCfg = Debug|Any CPU
		{D7063A5D-CEEE-4496-96E9-AA244B44744B}.Debug|x86.Build.0 = Debug|Any CPU
		{D7063A5D-CEEE-4496-96E9-AA244B44744B}.Release|Any CPU.ActiveCfg = Release|Any CPU
		{D7063A5D-CEEE-4496-96E9-AA244B44744B}.Release|Any CPU.Build.0 = Release|Any CPU
		{D7063A5D-CEEE-4496-96E9-AA244B44744B}.Release|ARM.ActiveCfg = Release|Any CPU
		{D7063A5D-CEEE-4496-96E9-AA244B44744B}.Release|ARM.Build.0 = Release|Any CPU
		{D7063A5D-CEEE-4496-96E9-AA244B44744B}.Release|x64.ActiveCfg = Release|Any CPU
		{D7063A5D-CEEE-4496-96E9-AA244B44744B}.Release|x64.Build.0 = Release|Any CPU
		{D7063A5D-CEEE-4496-96E9-AA244B44744B}.Release|x86.ActiveCfg = Release|Any CPU
		{D7063A5D-CEEE-4496-96E9-AA244B44744B}.Release|x86.Build.0 = Release|Any CPU
	EndGlobalSection
	GlobalSection(SolutionProperties) = preSolution
		HideSolutionNode = FALSE
	EndGlobalSection
	GlobalSection(NestedProjects) = preSolution
		{8611221E-2C19-4867-BEDD-8156A0AD3C5D} = {3D04C4DC-6F8E-4326-9569-92F3E26C6EEB}
		{B2E74544-631D-4E52-A466-32590653D2A2} = {3D04C4DC-6F8E-4326-9569-92F3E26C6EEB}
		{C648941D-A4EB-4629-A6E4-EF5922828A59} = {3D04C4DC-6F8E-4326-9569-92F3E26C6EEB}
		{3E3F8F09-8870-4D7B-AC07-23EB7AB51FC0} = {3D04C4DC-6F8E-4326-9569-92F3E26C6EEB}
		{2D0685FD-C89D-4EE0-B08D-C8F95F175CA9} = {3D04C4DC-6F8E-4326-9569-92F3E26C6EEB}
		{3B859848-F330-48FD-9FB3-CDDEC78219B4} = {3D04C4DC-6F8E-4326-9569-92F3E26C6EEB}
		{701255CD-4ED5-4E38-A25A-345C6207D3E9} = {3D04C4DC-6F8E-4326-9569-92F3E26C6EEB}
		{C35D0697-F8FF-489D-882C-DD4462AC8754} = {3D04C4DC-6F8E-4326-9569-92F3E26C6EEB}
		{251D458B-8B02-4A3F-A90A-C0A968B48FBF} = {3D04C4DC-6F8E-4326-9569-92F3E26C6EEB}
		{3A69471A-36E8-486B-B82B-DE55D4828F69} = {3D04C4DC-6F8E-4326-9569-92F3E26C6EEB}
		{13C05A33-3B06-407D-A224-611B6CBC7F6B} = {2CCCD679-102A-4422-97D8-DA1A55DAFCA5}
		{6241B2C5-6D9E-4E53-A43B-AEF642FD466E} = {2CCCD679-102A-4422-97D8-DA1A55DAFCA5}
		{45230B8E-FA32-491B-B8CB-5EB7E4A563E4} = {2CCCD679-102A-4422-97D8-DA1A55DAFCA5}
		{16EB59CC-2375-4A48-8372-9744A5624810} = {2CCCD679-102A-4422-97D8-DA1A55DAFCA5}
		{075599D2-E924-4E6E-838D-EEE8F8E1C478} = {2CCCD679-102A-4422-97D8-DA1A55DAFCA5}
		{2854F083-34F6-4D31-81EF-025B3A43C7EB} = {2CCCD679-102A-4422-97D8-DA1A55DAFCA5}
		{86F7257D-03E0-42EA-924F-0B7134E1B002} = {2CCCD679-102A-4422-97D8-DA1A55DAFCA5}
		{17D10517-F6F1-4A64-B32D-9CE98E7C4764} = {2CCCD679-102A-4422-97D8-DA1A55DAFCA5}
		{53B076D5-424C-4848-A6B5-52055859344F} = {2CCCD679-102A-4422-97D8-DA1A55DAFCA5}
		{B6E196AB-F447-4C89-A72C-9E39ACB838F8} = {2CCCD679-102A-4422-97D8-DA1A55DAFCA5}
		{DB184943-0CE5-4D89-B808-9B6DFFAFE720} = {2CCCD679-102A-4422-97D8-DA1A55DAFCA5}
		{F1355115-E7A6-439B-AFD8-521D543F458B} = {3D04C4DC-6F8E-4326-9569-92F3E26C6EEB}
		{EE14EB67-04A4-45AE-91F0-0A0DB36D7C0B} = {2CCCD679-102A-4422-97D8-DA1A55DAFCA5}
		{37F48AC6-2A51-45AF-AEF0-1C83CB076B4E} = {2CCCD679-102A-4422-97D8-DA1A55DAFCA5}
		{D7063A5D-CEEE-4496-96E9-AA244B44744B} = {2CCCD679-102A-4422-97D8-DA1A55DAFCA5}
		{7AF386B8-794E-449E-9174-D6FD9ADD99EF} = {013DFD29-E1DB-4968-A67B-C2342E6F5B6E}
		{468C56AA-C2DC-4D2E-A5E3-92CF53703867} = {013DFD29-E1DB-4968-A67B-C2342E6F5B6E}
	EndGlobalSection
	GlobalSection(ExtensibilityGlobals) = postSolution
		SolutionGuid = {A659CEFB-DDB3-49BE-AEDD-FF2F1B3297DB}
	EndGlobalSection
EndGlobal
