
Microsoft Visual Studio Solution File, Format Version 12.00
# Visual Studio 15
VisualStudioVersion = 15.0.27004.2010
MinimumVisualStudioVersion = 10.0.40219.1
Project("{2150E333-8FDC-42A3-9474-1A3956D46DE8}") = "Solution Items", "Solution Items", "{013DFD29-E1DB-4968-A67B-C2342E6F5B6E}"
	ProjectSection(SolutionItems) = preProject
		Clean.cmd = Clean.cmd
		Issue.txt = Issue.txt
		NuGet.Config = NuGet.Config
	EndProjectSection
EndProject
Project("{2150E333-8FDC-42A3-9474-1A3956D46DE8}") = "tests", "tests", "{01F3CC7E-F996-411E-AFD6-72673A826549}"
EndProject
Project("{2150E333-8FDC-42A3-9474-1A3956D46DE8}") = "src", "src", "{3D04C4DC-6F8E-4326-9569-92F3E26C6EEB}"
EndProject
Project("{2150E333-8FDC-42A3-9474-1A3956D46DE8}") = "shared", "shared", "{B6984E67-A4D0-459E-B3C9-01CA4DBBE241}"
EndProject
Project("{D954291E-2A0B-460D-934E-DC6B0785DB48}") = "CuteAnt.Extensions.Reflection.Sources", "..\CuteAnt.Extensions.Common\src\CuteAnt.Extensions.Reflection.Sources\CuteAnt.Extensions.Reflection.Sources.shproj", "{C7F8DBE6-77B7-494D-AF00-018F7579548C}"
EndProject
Project("{9A19103F-16F7-4668-BE54-9A1E7A4F7556}") = "DotNetty.Common", "src\DotNetty.Common\DotNetty.Common.csproj", "{3B9613C3-0FE1-4F7A-AD5A-454952629867}"
EndProject
Project("{9A19103F-16F7-4668-BE54-9A1E7A4F7556}") = "DotNetty.Buffers", "src\DotNetty.Buffers\DotNetty.Buffers.csproj", "{0040F4F7-B6F8-4823-A6F6-1ABC16C20098}"
EndProject
Project("{9A19103F-16F7-4668-BE54-9A1E7A4F7556}") = "DotNetty.Transport", "src\DotNetty.Transport\DotNetty.Transport.csproj", "{C2A9F2F6-363A-4AE0-8080-6830CB204996}"
EndProject
Project("{D954291E-2A0B-460D-934E-DC6B0785DB48}") = "Nito.AsyncEx.ExceptionEnlightenment.Sources", "..\CuteAnt.Extensions.Common\src\Nito.AsyncEx.ExceptionEnlightenment.Sources\Nito.AsyncEx.ExceptionEnlightenment.Sources.shproj", "{D90E9B82-6317-4055-82E3-FE8625C143E9}"
EndProject
Project("{9A19103F-16F7-4668-BE54-9A1E7A4F7556}") = "DotNetty.Codecs", "src\DotNetty.Codecs\DotNetty.Codecs.csproj", "{D02DB5E8-FD54-46C4-8793-F117B7165D7D}"
EndProject
Project("{9A19103F-16F7-4668-BE54-9A1E7A4F7556}") = "DotNetty.Handlers", "src\DotNetty.Handlers\DotNetty.Handlers.csproj", "{B4E683BC-92EA-4ADC-8B99-BA7208507D80}"
EndProject
Project("{9A19103F-16F7-4668-BE54-9A1E7A4F7556}") = "DotNetty.Codecs.Mqtt", "src\DotNetty.Codecs.Mqtt\DotNetty.Codecs.Mqtt.csproj", "{D8AE3ECA-1BE6-44C5-9174-7C92CCFBEFC2}"
EndProject
Project("{9A19103F-16F7-4668-BE54-9A1E7A4F7556}") = "DotNetty.Codecs.Redis", "src\DotNetty.Codecs.Redis\DotNetty.Codecs.Redis.csproj", "{4ED4B313-21BA-473E-ADC0-FF36E64C2DCF}"
EndProject
Project("{9A19103F-16F7-4668-BE54-9A1E7A4F7556}") = "DotNetty.Tests.Common", "test\DotNetty.Tests.Common.Net40\DotNetty.Tests.Common.csproj", "{23BA9A56-8FD6-4ACC-AC34-F6D6122A9141}"
EndProject
Project("{9A19103F-16F7-4668-BE54-9A1E7A4F7556}") = "DotNetty.Buffers.Tests", "test\DotNetty.Buffers.Tests.Net40\DotNetty.Buffers.Tests.csproj", "{2CE6DC69-0C2E-4243-A5C1-DCDB96453916}"
	ProjectSection(ProjectDependencies) = postProject
		{0040F4F7-B6F8-4823-A6F6-1ABC16C20098} = {0040F4F7-B6F8-4823-A6F6-1ABC16C20098}
	EndProjectSection
EndProject
Project("{9A19103F-16F7-4668-BE54-9A1E7A4F7556}") = "DotNetty.Codecs.Mqtt.Tests", "test\DotNetty.Codecs.Mqtt.Tests.Net40\DotNetty.Codecs.Mqtt.Tests.csproj", "{0C84F94E-9E0E-4B84-8008-CEFF8AF393DD}"
EndProject
Project("{9A19103F-16F7-4668-BE54-9A1E7A4F7556}") = "DotNetty.Codecs.Redis.Tests", "test\DotNetty.Codecs.Redis.Tests.Net40\DotNetty.Codecs.Redis.Tests.csproj", "{BE46378C-08EE-47CC-B39D-DAAD6D108E17}"
EndProject
Project("{9A19103F-16F7-4668-BE54-9A1E7A4F7556}") = "DotNetty.Codecs.Tests", "test\DotNetty.Codecs.Tests.Net40\DotNetty.Codecs.Tests.csproj", "{925B4417-F650-4FE9-AB2B-2B10B9167ECF}"
EndProject
Project("{9A19103F-16F7-4668-BE54-9A1E7A4F7556}") = "DotNetty.Common.Tests", "test\DotNetty.Common.Tests.Net40\DotNetty.Common.Tests.csproj", "{13E5CB74-9697-454D-8AB4-CCE71597E71F}"
EndProject
Project("{9A19103F-16F7-4668-BE54-9A1E7A4F7556}") = "DotNetty.Handlers.Tests", "test\DotNetty.Handlers.Tests.Net40\DotNetty.Handlers.Tests.csproj", "{C3547DFD-E9DE-4519-9D18-0FD286EC9ED5}"
EndProject
Project("{9A19103F-16F7-4668-BE54-9A1E7A4F7556}") = "DotNetty.Tests.End2End", "test\DotNetty.Tests.End2End.Net40\DotNetty.Tests.End2End.csproj", "{ED44B51F-2A04-4FBF-B143-F48E4B8425C5}"
EndProject
Project("{9A19103F-16F7-4668-BE54-9A1E7A4F7556}") = "DotNetty.Transport.Tests", "test\DotNetty.Transport.Tests.Net40\DotNetty.Transport.Tests.csproj", "{FAFCF780-29A8-4563-8FE7-9C04C2A28A25}"
EndProject
Global
	GlobalSection(SharedMSBuildProjectFiles) = preSolution
		..\CuteAnt.Extensions.Common\src\CuteAnt.Extensions.Reflection.Sources\CuteAnt.Extensions.Reflection.Sources.projitems*{c7f8dbe6-77b7-494d-af00-018f7579548c}*SharedItemsImports = 13
		..\CuteAnt.Extensions.Common\src\Nito.AsyncEx.ExceptionEnlightenment.Sources\Nito.AsyncEx.ExceptionEnlightenment.Sources.projitems*{d90e9b82-6317-4055-82e3-fe8625c143e9}*SharedItemsImports = 13
	EndGlobalSection
	GlobalSection(SolutionConfigurationPlatforms) = preSolution
		Debug|Any CPU = Debug|Any CPU
		Debug|ARM = Debug|ARM
		Debug|x64 = Debug|x64
		Debug|x86 = Debug|x86
		Release|Any CPU = Release|Any CPU
		Release|ARM = Release|ARM
		Release|x64 = Release|x64
		Release|x86 = Release|x86
	EndGlobalSection
	GlobalSection(ProjectConfigurationPlatforms) = postSolution
		{3B9613C3-0FE1-4F7A-AD5A-454952629867}.Debug|Any CPU.ActiveCfg = Debug|Any CPU
		{3B9613C3-0FE1-4F7A-AD5A-454952629867}.Debug|Any CPU.Build.0 = Debug|Any CPU
		{3B9613C3-0FE1-4F7A-AD5A-454952629867}.Debug|ARM.ActiveCfg = Debug|Any CPU
		{3B9613C3-0FE1-4F7A-AD5A-454952629867}.Debug|ARM.Build.0 = Debug|Any CPU
		{3B9613C3-0FE1-4F7A-AD5A-454952629867}.Debug|x64.ActiveCfg = Debug|Any CPU
		{3B9613C3-0FE1-4F7A-AD5A-454952629867}.Debug|x64.Build.0 = Debug|Any CPU
		{3B9613C3-0FE1-4F7A-AD5A-454952629867}.Debug|x86.ActiveCfg = Debug|Any CPU
		{3B9613C3-0FE1-4F7A-AD5A-454952629867}.Debug|x86.Build.0 = Debug|Any CPU
		{3B9613C3-0FE1-4F7A-AD5A-454952629867}.Release|Any CPU.ActiveCfg = Release|Any CPU
		{3B9613C3-0FE1-4F7A-AD5A-454952629867}.Release|Any CPU.Build.0 = Release|Any CPU
		{3B9613C3-0FE1-4F7A-AD5A-454952629867}.Release|ARM.ActiveCfg = Release|Any CPU
		{3B9613C3-0FE1-4F7A-AD5A-454952629867}.Release|ARM.Build.0 = Release|Any CPU
		{3B9613C3-0FE1-4F7A-AD5A-454952629867}.Release|x64.ActiveCfg = Release|Any CPU
		{3B9613C3-0FE1-4F7A-AD5A-454952629867}.Release|x64.Build.0 = Release|Any CPU
		{3B9613C3-0FE1-4F7A-AD5A-454952629867}.Release|x86.ActiveCfg = Release|Any CPU
		{3B9613C3-0FE1-4F7A-AD5A-454952629867}.Release|x86.Build.0 = Release|Any CPU
		{0040F4F7-B6F8-4823-A6F6-1ABC16C20098}.Debug|Any CPU.ActiveCfg = Debug|Any CPU
		{0040F4F7-B6F8-4823-A6F6-1ABC16C20098}.Debug|Any CPU.Build.0 = Debug|Any CPU
		{0040F4F7-B6F8-4823-A6F6-1ABC16C20098}.Debug|ARM.ActiveCfg = Debug|Any CPU
		{0040F4F7-B6F8-4823-A6F6-1ABC16C20098}.Debug|ARM.Build.0 = Debug|Any CPU
		{0040F4F7-B6F8-4823-A6F6-1ABC16C20098}.Debug|x64.ActiveCfg = Debug|Any CPU
		{0040F4F7-B6F8-4823-A6F6-1ABC16C20098}.Debug|x64.Build.0 = Debug|Any CPU
		{0040F4F7-B6F8-4823-A6F6-1ABC16C20098}.Debug|x86.ActiveCfg = Debug|Any CPU
		{0040F4F7-B6F8-4823-A6F6-1ABC16C20098}.Debug|x86.Build.0 = Debug|Any CPU
		{0040F4F7-B6F8-4823-A6F6-1ABC16C20098}.Release|Any CPU.ActiveCfg = Release|Any CPU
		{0040F4F7-B6F8-4823-A6F6-1ABC16C20098}.Release|Any CPU.Build.0 = Release|Any CPU
		{0040F4F7-B6F8-4823-A6F6-1ABC16C20098}.Release|ARM.ActiveCfg = Release|Any CPU
		{0040F4F7-B6F8-4823-A6F6-1ABC16C20098}.Release|ARM.Build.0 = Release|Any CPU
		{0040F4F7-B6F8-4823-A6F6-1ABC16C20098}.Release|x64.ActiveCfg = Release|Any CPU
		{0040F4F7-B6F8-4823-A6F6-1ABC16C20098}.Release|x64.Build.0 = Release|Any CPU
		{0040F4F7-B6F8-4823-A6F6-1ABC16C20098}.Release|x86.ActiveCfg = Release|Any CPU
		{0040F4F7-B6F8-4823-A6F6-1ABC16C20098}.Release|x86.Build.0 = Release|Any CPU
		{C2A9F2F6-363A-4AE0-8080-6830CB204996}.Debug|Any CPU.ActiveCfg = Debug|Any CPU
		{C2A9F2F6-363A-4AE0-8080-6830CB204996}.Debug|Any CPU.Build.0 = Debug|Any CPU
		{C2A9F2F6-363A-4AE0-8080-6830CB204996}.Debug|ARM.ActiveCfg = Debug|Any CPU
		{C2A9F2F6-363A-4AE0-8080-6830CB204996}.Debug|ARM.Build.0 = Debug|Any CPU
		{C2A9F2F6-363A-4AE0-8080-6830CB204996}.Debug|x64.ActiveCfg = Debug|Any CPU
		{C2A9F2F6-363A-4AE0-8080-6830CB204996}.Debug|x64.Build.0 = Debug|Any CPU
		{C2A9F2F6-363A-4AE0-8080-6830CB204996}.Debug|x86.ActiveCfg = Debug|Any CPU
		{C2A9F2F6-363A-4AE0-8080-6830CB204996}.Debug|x86.Build.0 = Debug|Any CPU
		{C2A9F2F6-363A-4AE0-8080-6830CB204996}.Release|Any CPU.ActiveCfg = Release|Any CPU
		{C2A9F2F6-363A-4AE0-8080-6830CB204996}.Release|Any CPU.Build.0 = Release|Any CPU
		{C2A9F2F6-363A-4AE0-8080-6830CB204996}.Release|ARM.ActiveCfg = Release|Any CPU
		{C2A9F2F6-363A-4AE0-8080-6830CB204996}.Release|ARM.Build.0 = Release|Any CPU
		{C2A9F2F6-363A-4AE0-8080-6830CB204996}.Release|x64.ActiveCfg = Release|Any CPU
		{C2A9F2F6-363A-4AE0-8080-6830CB204996}.Release|x64.Build.0 = Release|Any CPU
		{C2A9F2F6-363A-4AE0-8080-6830CB204996}.Release|x86.ActiveCfg = Release|Any CPU
		{C2A9F2F6-363A-4AE0-8080-6830CB204996}.Release|x86.Build.0 = Release|Any CPU
		{D02DB5E8-FD54-46C4-8793-F117B7165D7D}.Debug|Any CPU.ActiveCfg = Debug|Any CPU
		{D02DB5E8-FD54-46C4-8793-F117B7165D7D}.Debug|Any CPU.Build.0 = Debug|Any CPU
		{D02DB5E8-FD54-46C4-8793-F117B7165D7D}.Debug|ARM.ActiveCfg = Debug|Any CPU
		{D02DB5E8-FD54-46C4-8793-F117B7165D7D}.Debug|ARM.Build.0 = Debug|Any CPU
		{D02DB5E8-FD54-46C4-8793-F117B7165D7D}.Debug|x64.ActiveCfg = Debug|Any CPU
		{D02DB5E8-FD54-46C4-8793-F117B7165D7D}.Debug|x64.Build.0 = Debug|Any CPU
		{D02DB5E8-FD54-46C4-8793-F117B7165D7D}.Debug|x86.ActiveCfg = Debug|Any CPU
		{D02DB5E8-FD54-46C4-8793-F117B7165D7D}.Debug|x86.Build.0 = Debug|Any CPU
		{D02DB5E8-FD54-46C4-8793-F117B7165D7D}.Release|Any CPU.ActiveCfg = Release|Any CPU
		{D02DB5E8-FD54-46C4-8793-F117B7165D7D}.Release|Any CPU.Build.0 = Release|Any CPU
		{D02DB5E8-FD54-46C4-8793-F117B7165D7D}.Release|ARM.ActiveCfg = Release|Any CPU
		{D02DB5E8-FD54-46C4-8793-F117B7165D7D}.Release|ARM.Build.0 = Release|Any CPU
		{D02DB5E8-FD54-46C4-8793-F117B7165D7D}.Release|x64.ActiveCfg = Release|Any CPU
		{D02DB5E8-FD54-46C4-8793-F117B7165D7D}.Release|x64.Build.0 = Release|Any CPU
		{D02DB5E8-FD54-46C4-8793-F117B7165D7D}.Release|x86.ActiveCfg = Release|Any CPU
		{D02DB5E8-FD54-46C4-8793-F117B7165D7D}.Release|x86.Build.0 = Release|Any CPU
		{B4E683BC-92EA-4ADC-8B99-BA7208507D80}.Debug|Any CPU.ActiveCfg = Debug|Any CPU
		{B4E683BC-92EA-4ADC-8B99-BA7208507D80}.Debug|Any CPU.Build.0 = Debug|Any CPU
		{B4E683BC-92EA-4ADC-8B99-BA7208507D80}.Debug|ARM.ActiveCfg = Debug|Any CPU
		{B4E683BC-92EA-4ADC-8B99-BA7208507D80}.Debug|ARM.Build.0 = Debug|Any CPU
		{B4E683BC-92EA-4ADC-8B99-BA7208507D80}.Debug|x64.ActiveCfg = Debug|Any CPU
		{B4E683BC-92EA-4ADC-8B99-BA7208507D80}.Debug|x64.Build.0 = Debug|Any CPU
		{B4E683BC-92EA-4ADC-8B99-BA7208507D80}.Debug|x86.ActiveCfg = Debug|Any CPU
		{B4E683BC-92EA-4ADC-8B99-BA7208507D80}.Debug|x86.Build.0 = Debug|Any CPU
		{B4E683BC-92EA-4ADC-8B99-BA7208507D80}.Release|Any CPU.ActiveCfg = Release|Any CPU
		{B4E683BC-92EA-4ADC-8B99-BA7208507D80}.Release|Any CPU.Build.0 = Release|Any CPU
		{B4E683BC-92EA-4ADC-8B99-BA7208507D80}.Release|ARM.ActiveCfg = Release|Any CPU
		{B4E683BC-92EA-4ADC-8B99-BA7208507D80}.Release|ARM.Build.0 = Release|Any CPU
		{B4E683BC-92EA-4ADC-8B99-BA7208507D80}.Release|x64.ActiveCfg = Release|Any CPU
		{B4E683BC-92EA-4ADC-8B99-BA7208507D80}.Release|x64.Build.0 = Release|Any CPU
		{B4E683BC-92EA-4ADC-8B99-BA7208507D80}.Release|x86.ActiveCfg = Release|Any CPU
		{B4E683BC-92EA-4ADC-8B99-BA7208507D80}.Release|x86.Build.0 = Release|Any CPU
		{D8AE3ECA-1BE6-44C5-9174-7C92CCFBEFC2}.Debug|Any CPU.ActiveCfg = Debug|Any CPU
		{D8AE3ECA-1BE6-44C5-9174-7C92CCFBEFC2}.Debug|Any CPU.Build.0 = Debug|Any CPU
		{D8AE3ECA-1BE6-44C5-9174-7C92CCFBEFC2}.Debug|ARM.ActiveCfg = Debug|Any CPU
		{D8AE3ECA-1BE6-44C5-9174-7C92CCFBEFC2}.Debug|ARM.Build.0 = Debug|Any CPU
		{D8AE3ECA-1BE6-44C5-9174-7C92CCFBEFC2}.Debug|x64.ActiveCfg = Debug|Any CPU
		{D8AE3ECA-1BE6-44C5-9174-7C92CCFBEFC2}.Debug|x64.Build.0 = Debug|Any CPU
		{D8AE3ECA-1BE6-44C5-9174-7C92CCFBEFC2}.Debug|x86.ActiveCfg = Debug|Any CPU
		{D8AE3ECA-1BE6-44C5-9174-7C92CCFBEFC2}.Debug|x86.Build.0 = Debug|Any CPU
		{D8AE3ECA-1BE6-44C5-9174-7C92CCFBEFC2}.Release|Any CPU.ActiveCfg = Release|Any CPU
		{D8AE3ECA-1BE6-44C5-9174-7C92CCFBEFC2}.Release|Any CPU.Build.0 = Release|Any CPU
		{D8AE3ECA-1BE6-44C5-9174-7C92CCFBEFC2}.Release|ARM.ActiveCfg = Release|Any CPU
		{D8AE3ECA-1BE6-44C5-9174-7C92CCFBEFC2}.Release|ARM.Build.0 = Release|Any CPU
		{D8AE3ECA-1BE6-44C5-9174-7C92CCFBEFC2}.Release|x64.ActiveCfg = Release|Any CPU
		{D8AE3ECA-1BE6-44C5-9174-7C92CCFBEFC2}.Release|x64.Build.0 = Release|Any CPU
		{D8AE3ECA-1BE6-44C5-9174-7C92CCFBEFC2}.Release|x86.ActiveCfg = Release|Any CPU
		{D8AE3ECA-1BE6-44C5-9174-7C92CCFBEFC2}.Release|x86.Build.0 = Release|Any CPU
		{4ED4B313-21BA-473E-ADC0-FF36E64C2DCF}.Debug|Any CPU.ActiveCfg = Debug|Any CPU
		{4ED4B313-21BA-473E-ADC0-FF36E64C2DCF}.Debug|Any CPU.Build.0 = Debug|Any CPU
		{4ED4B313-21BA-473E-ADC0-FF36E64C2DCF}.Debug|ARM.ActiveCfg = Debug|Any CPU
		{4ED4B313-21BA-473E-ADC0-FF36E64C2DCF}.Debug|ARM.Build.0 = Debug|Any CPU
		{4ED4B313-21BA-473E-ADC0-FF36E64C2DCF}.Debug|x64.ActiveCfg = Debug|Any CPU
		{4ED4B313-21BA-473E-ADC0-FF36E64C2DCF}.Debug|x64.Build.0 = Debug|Any CPU
		{4ED4B313-21BA-473E-ADC0-FF36E64C2DCF}.Debug|x86.ActiveCfg = Debug|Any CPU
		{4ED4B313-21BA-473E-ADC0-FF36E64C2DCF}.Debug|x86.Build.0 = Debug|Any CPU
		{4ED4B313-21BA-473E-ADC0-FF36E64C2DCF}.Release|Any CPU.ActiveCfg = Release|Any CPU
		{4ED4B313-21BA-473E-ADC0-FF36E64C2DCF}.Release|Any CPU.Build.0 = Release|Any CPU
		{4ED4B313-21BA-473E-ADC0-FF36E64C2DCF}.Release|ARM.ActiveCfg = Release|Any CPU
		{4ED4B313-21BA-473E-ADC0-FF36E64C2DCF}.Release|ARM.Build.0 = Release|Any CPU
		{4ED4B313-21BA-473E-ADC0-FF36E64C2DCF}.Release|x64.ActiveCfg = Release|Any CPU
		{4ED4B313-21BA-473E-ADC0-FF36E64C2DCF}.Release|x64.Build.0 = Release|Any CPU
		{4ED4B313-21BA-473E-ADC0-FF36E64C2DCF}.Release|x86.ActiveCfg = Release|Any CPU
		{4ED4B313-21BA-473E-ADC0-FF36E64C2DCF}.Release|x86.Build.0 = Release|Any CPU
		{23BA9A56-8FD6-4ACC-AC34-F6D6122A9141}.Debug|Any CPU.ActiveCfg = Debug|Any CPU
		{23BA9A56-8FD6-4ACC-AC34-F6D6122A9141}.Debug|Any CPU.Build.0 = Debug|Any CPU
		{23BA9A56-8FD6-4ACC-AC34-F6D6122A9141}.Debug|ARM.ActiveCfg = Debug|Any CPU
		{23BA9A56-8FD6-4ACC-AC34-F6D6122A9141}.Debug|ARM.Build.0 = Debug|Any CPU
		{23BA9A56-8FD6-4ACC-AC34-F6D6122A9141}.Debug|x64.ActiveCfg = Debug|Any CPU
		{23BA9A56-8FD6-4ACC-AC34-F6D6122A9141}.Debug|x64.Build.0 = Debug|Any CPU
		{23BA9A56-8FD6-4ACC-AC34-F6D6122A9141}.Debug|x86.ActiveCfg = Debug|Any CPU
		{23BA9A56-8FD6-4ACC-AC34-F6D6122A9141}.Debug|x86.Build.0 = Debug|Any CPU
		{23BA9A56-8FD6-4ACC-AC34-F6D6122A9141}.Release|Any CPU.ActiveCfg = Release|Any CPU
		{23BA9A56-8FD6-4ACC-AC34-F6D6122A9141}.Release|Any CPU.Build.0 = Release|Any CPU
		{23BA9A56-8FD6-4ACC-AC34-F6D6122A9141}.Release|ARM.ActiveCfg = Release|Any CPU
		{23BA9A56-8FD6-4ACC-AC34-F6D6122A9141}.Release|ARM.Build.0 = Release|Any CPU
		{23BA9A56-8FD6-4ACC-AC34-F6D6122A9141}.Release|x64.ActiveCfg = Release|Any CPU
		{23BA9A56-8FD6-4ACC-AC34-F6D6122A9141}.Release|x64.Build.0 = Release|Any CPU
		{23BA9A56-8FD6-4ACC-AC34-F6D6122A9141}.Release|x86.ActiveCfg = Release|Any CPU
		{23BA9A56-8FD6-4ACC-AC34-F6D6122A9141}.Release|x86.Build.0 = Release|Any CPU
		{2CE6DC69-0C2E-4243-A5C1-DCDB96453916}.Debug|Any CPU.ActiveCfg = Debug|Any CPU
		{2CE6DC69-0C2E-4243-A5C1-DCDB96453916}.Debug|Any CPU.Build.0 = Debug|Any CPU
		{2CE6DC69-0C2E-4243-A5C1-DCDB96453916}.Debug|ARM.ActiveCfg = Debug|Any CPU
		{2CE6DC69-0C2E-4243-A5C1-DCDB96453916}.Debug|ARM.Build.0 = Debug|Any CPU
		{2CE6DC69-0C2E-4243-A5C1-DCDB96453916}.Debug|x64.ActiveCfg = Debug|Any CPU
		{2CE6DC69-0C2E-4243-A5C1-DCDB96453916}.Debug|x64.Build.0 = Debug|Any CPU
		{2CE6DC69-0C2E-4243-A5C1-DCDB96453916}.Debug|x86.ActiveCfg = Debug|Any CPU
		{2CE6DC69-0C2E-4243-A5C1-DCDB96453916}.Debug|x86.Build.0 = Debug|Any CPU
		{2CE6DC69-0C2E-4243-A5C1-DCDB96453916}.Release|Any CPU.ActiveCfg = Release|Any CPU
		{2CE6DC69-0C2E-4243-A5C1-DCDB96453916}.Release|Any CPU.Build.0 = Release|Any CPU
		{2CE6DC69-0C2E-4243-A5C1-DCDB96453916}.Release|ARM.ActiveCfg = Release|Any CPU
		{2CE6DC69-0C2E-4243-A5C1-DCDB96453916}.Release|ARM.Build.0 = Release|Any CPU
		{2CE6DC69-0C2E-4243-A5C1-DCDB96453916}.Release|x64.ActiveCfg = Release|Any CPU
		{2CE6DC69-0C2E-4243-A5C1-DCDB96453916}.Release|x64.Build.0 = Release|Any CPU
		{2CE6DC69-0C2E-4243-A5C1-DCDB96453916}.Release|x86.ActiveCfg = Release|Any CPU
		{2CE6DC69-0C2E-4243-A5C1-DCDB96453916}.Release|x86.Build.0 = Release|Any CPU
		{0C84F94E-9E0E-4B84-8008-CEFF8AF393DD}.Debug|Any CPU.ActiveCfg = Debug|Any CPU
		{0C84F94E-9E0E-4B84-8008-CEFF8AF393DD}.Debug|Any CPU.Build.0 = Debug|Any CPU
		{0C84F94E-9E0E-4B84-8008-CEFF8AF393DD}.Debug|ARM.ActiveCfg = Debug|Any CPU
		{0C84F94E-9E0E-4B84-8008-CEFF8AF393DD}.Debug|ARM.Build.0 = Debug|Any CPU
		{0C84F94E-9E0E-4B84-8008-CEFF8AF393DD}.Debug|x64.ActiveCfg = Debug|Any CPU
		{0C84F94E-9E0E-4B84-8008-CEFF8AF393DD}.Debug|x64.Build.0 = Debug|Any CPU
		{0C84F94E-9E0E-4B84-8008-CEFF8AF393DD}.Debug|x86.ActiveCfg = Debug|Any CPU
		{0C84F94E-9E0E-4B84-8008-CEFF8AF393DD}.Debug|x86.Build.0 = Debug|Any CPU
		{0C84F94E-9E0E-4B84-8008-CEFF8AF393DD}.Release|Any CPU.ActiveCfg = Release|Any CPU
		{0C84F94E-9E0E-4B84-8008-CEFF8AF393DD}.Release|Any CPU.Build.0 = Release|Any CPU
		{0C84F94E-9E0E-4B84-8008-CEFF8AF393DD}.Release|ARM.ActiveCfg = Release|Any CPU
		{0C84F94E-9E0E-4B84-8008-CEFF8AF393DD}.Release|ARM.Build.0 = Release|Any CPU
		{0C84F94E-9E0E-4B84-8008-CEFF8AF393DD}.Release|x64.ActiveCfg = Release|Any CPU
		{0C84F94E-9E0E-4B84-8008-CEFF8AF393DD}.Release|x64.Build.0 = Release|Any CPU
		{0C84F94E-9E0E-4B84-8008-CEFF8AF393DD}.Release|x86.ActiveCfg = Release|Any CPU
		{0C84F94E-9E0E-4B84-8008-CEFF8AF393DD}.Release|x86.Build.0 = Release|Any CPU
		{BE46378C-08EE-47CC-B39D-DAAD6D108E17}.Debug|Any CPU.ActiveCfg = Debug|Any CPU
		{BE46378C-08EE-47CC-B39D-DAAD6D108E17}.Debug|Any CPU.Build.0 = Debug|Any CPU
		{BE46378C-08EE-47CC-B39D-DAAD6D108E17}.Debug|ARM.ActiveCfg = Debug|Any CPU
		{BE46378C-08EE-47CC-B39D-DAAD6D108E17}.Debug|ARM.Build.0 = Debug|Any CPU
		{BE46378C-08EE-47CC-B39D-DAAD6D108E17}.Debug|x64.ActiveCfg = Debug|Any CPU
		{BE46378C-08EE-47CC-B39D-DAAD6D108E17}.Debug|x64.Build.0 = Debug|Any CPU
		{BE46378C-08EE-47CC-B39D-DAAD6D108E17}.Debug|x86.ActiveCfg = Debug|Any CPU
		{BE46378C-08EE-47CC-B39D-DAAD6D108E17}.Debug|x86.Build.0 = Debug|Any CPU
		{BE46378C-08EE-47CC-B39D-DAAD6D108E17}.Release|Any CPU.ActiveCfg = Release|Any CPU
		{BE46378C-08EE-47CC-B39D-DAAD6D108E17}.Release|Any CPU.Build.0 = Release|Any CPU
		{BE46378C-08EE-47CC-B39D-DAAD6D108E17}.Release|ARM.ActiveCfg = Release|Any CPU
		{BE46378C-08EE-47CC-B39D-DAAD6D108E17}.Release|ARM.Build.0 = Release|Any CPU
		{BE46378C-08EE-47CC-B39D-DAAD6D108E17}.Release|x64.ActiveCfg = Release|Any CPU
		{BE46378C-08EE-47CC-B39D-DAAD6D108E17}.Release|x64.Build.0 = Release|Any CPU
		{BE46378C-08EE-47CC-B39D-DAAD6D108E17}.Release|x86.ActiveCfg = Release|Any CPU
		{BE46378C-08EE-47CC-B39D-DAAD6D108E17}.Release|x86.Build.0 = Release|Any CPU
		{925B4417-F650-4FE9-AB2B-2B10B9167ECF}.Debug|Any CPU.ActiveCfg = Debug|Any CPU
		{925B4417-F650-4FE9-AB2B-2B10B9167ECF}.Debug|Any CPU.Build.0 = Debug|Any CPU
		{925B4417-F650-4FE9-AB2B-2B10B9167ECF}.Debug|ARM.ActiveCfg = Debug|Any CPU
		{925B4417-F650-4FE9-AB2B-2B10B9167ECF}.Debug|ARM.Build.0 = Debug|Any CPU
		{925B4417-F650-4FE9-AB2B-2B10B9167ECF}.Debug|x64.ActiveCfg = Debug|Any CPU
		{925B4417-F650-4FE9-AB2B-2B10B9167ECF}.Debug|x64.Build.0 = Debug|Any CPU
		{925B4417-F650-4FE9-AB2B-2B10B9167ECF}.Debug|x86.ActiveCfg = Debug|Any CPU
		{925B4417-F650-4FE9-AB2B-2B10B9167ECF}.Debug|x86.Build.0 = Debug|Any CPU
		{925B4417-F650-4FE9-AB2B-2B10B9167ECF}.Release|Any CPU.ActiveCfg = Release|Any CPU
		{925B4417-F650-4FE9-AB2B-2B10B9167ECF}.Release|Any CPU.Build.0 = Release|Any CPU
		{925B4417-F650-4FE9-AB2B-2B10B9167ECF}.Release|ARM.ActiveCfg = Release|Any CPU
		{925B4417-F650-4FE9-AB2B-2B10B9167ECF}.Release|ARM.Build.0 = Release|Any CPU
		{925B4417-F650-4FE9-AB2B-2B10B9167ECF}.Release|x64.ActiveCfg = Release|Any CPU
		{925B4417-F650-4FE9-AB2B-2B10B9167ECF}.Release|x64.Build.0 = Release|Any CPU
		{925B4417-F650-4FE9-AB2B-2B10B9167ECF}.Release|x86.ActiveCfg = Release|Any CPU
		{925B4417-F650-4FE9-AB2B-2B10B9167ECF}.Release|x86.Build.0 = Release|Any CPU
		{13E5CB74-9697-454D-8AB4-CCE71597E71F}.Debug|Any CPU.ActiveCfg = Debug|Any CPU
		{13E5CB74-9697-454D-8AB4-CCE71597E71F}.Debug|Any CPU.Build.0 = Debug|Any CPU
		{13E5CB74-9697-454D-8AB4-CCE71597E71F}.Debug|ARM.ActiveCfg = Debug|Any CPU
		{13E5CB74-9697-454D-8AB4-CCE71597E71F}.Debug|ARM.Build.0 = Debug|Any CPU
		{13E5CB74-9697-454D-8AB4-CCE71597E71F}.Debug|x64.ActiveCfg = Debug|Any CPU
		{13E5CB74-9697-454D-8AB4-CCE71597E71F}.Debug|x64.Build.0 = Debug|Any CPU
		{13E5CB74-9697-454D-8AB4-CCE71597E71F}.Debug|x86.ActiveCfg = Debug|Any CPU
		{13E5CB74-9697-454D-8AB4-CCE71597E71F}.Debug|x86.Build.0 = Debug|Any CPU
		{13E5CB74-9697-454D-8AB4-CCE71597E71F}.Release|Any CPU.ActiveCfg = Release|Any CPU
		{13E5CB74-9697-454D-8AB4-CCE71597E71F}.Release|Any CPU.Build.0 = Release|Any CPU
		{13E5CB74-9697-454D-8AB4-CCE71597E71F}.Release|ARM.ActiveCfg = Release|Any CPU
		{13E5CB74-9697-454D-8AB4-CCE71597E71F}.Release|ARM.Build.0 = Release|Any CPU
		{13E5CB74-9697-454D-8AB4-CCE71597E71F}.Release|x64.ActiveCfg = Release|Any CPU
		{13E5CB74-9697-454D-8AB4-CCE71597E71F}.Release|x64.Build.0 = Release|Any CPU
		{13E5CB74-9697-454D-8AB4-CCE71597E71F}.Release|x86.ActiveCfg = Release|Any CPU
		{13E5CB74-9697-454D-8AB4-CCE71597E71F}.Release|x86.Build.0 = Release|Any CPU
		{C3547DFD-E9DE-4519-9D18-0FD286EC9ED5}.Debug|Any CPU.ActiveCfg = Debug|Any CPU
		{C3547DFD-E9DE-4519-9D18-0FD286EC9ED5}.Debug|Any CPU.Build.0 = Debug|Any CPU
		{C3547DFD-E9DE-4519-9D18-0FD286EC9ED5}.Debug|ARM.ActiveCfg = Debug|Any CPU
		{C3547DFD-E9DE-4519-9D18-0FD286EC9ED5}.Debug|ARM.Build.0 = Debug|Any CPU
		{C3547DFD-E9DE-4519-9D18-0FD286EC9ED5}.Debug|x64.ActiveCfg = Debug|Any CPU
		{C3547DFD-E9DE-4519-9D18-0FD286EC9ED5}.Debug|x64.Build.0 = Debug|Any CPU
		{C3547DFD-E9DE-4519-9D18-0FD286EC9ED5}.Debug|x86.ActiveCfg = Debug|Any CPU
		{C3547DFD-E9DE-4519-9D18-0FD286EC9ED5}.Debug|x86.Build.0 = Debug|Any CPU
		{C3547DFD-E9DE-4519-9D18-0FD286EC9ED5}.Release|Any CPU.ActiveCfg = Release|Any CPU
		{C3547DFD-E9DE-4519-9D18-0FD286EC9ED5}.Release|Any CPU.Build.0 = Release|Any CPU
		{C3547DFD-E9DE-4519-9D18-0FD286EC9ED5}.Release|ARM.ActiveCfg = Release|Any CPU
		{C3547DFD-E9DE-4519-9D18-0FD286EC9ED5}.Release|ARM.Build.0 = Release|Any CPU
		{C3547DFD-E9DE-4519-9D18-0FD286EC9ED5}.Release|x64.ActiveCfg = Release|Any CPU
		{C3547DFD-E9DE-4519-9D18-0FD286EC9ED5}.Release|x64.Build.0 = Release|Any CPU
		{C3547DFD-E9DE-4519-9D18-0FD286EC9ED5}.Release|x86.ActiveCfg = Release|Any CPU
		{C3547DFD-E9DE-4519-9D18-0FD286EC9ED5}.Release|x86.Build.0 = Release|Any CPU
		{ED44B51F-2A04-4FBF-B143-F48E4B8425C5}.Debug|Any CPU.ActiveCfg = Debug|Any CPU
		{ED44B51F-2A04-4FBF-B143-F48E4B8425C5}.Debug|Any CPU.Build.0 = Debug|Any CPU
		{ED44B51F-2A04-4FBF-B143-F48E4B8425C5}.Debug|ARM.ActiveCfg = Debug|Any CPU
		{ED44B51F-2A04-4FBF-B143-F48E4B8425C5}.Debug|ARM.Build.0 = Debug|Any CPU
		{ED44B51F-2A04-4FBF-B143-F48E4B8425C5}.Debug|x64.ActiveCfg = Debug|Any CPU
		{ED44B51F-2A04-4FBF-B143-F48E4B8425C5}.Debug|x64.Build.0 = Debug|Any CPU
		{ED44B51F-2A04-4FBF-B143-F48E4B8425C5}.Debug|x86.ActiveCfg = Debug|Any CPU
		{ED44B51F-2A04-4FBF-B143-F48E4B8425C5}.Debug|x86.Build.0 = Debug|Any CPU
		{ED44B51F-2A04-4FBF-B143-F48E4B8425C5}.Release|Any CPU.ActiveCfg = Release|Any CPU
		{ED44B51F-2A04-4FBF-B143-F48E4B8425C5}.Release|Any CPU.Build.0 = Release|Any CPU
		{ED44B51F-2A04-4FBF-B143-F48E4B8425C5}.Release|ARM.ActiveCfg = Release|Any CPU
		{ED44B51F-2A04-4FBF-B143-F48E4B8425C5}.Release|ARM.Build.0 = Release|Any CPU
		{ED44B51F-2A04-4FBF-B143-F48E4B8425C5}.Release|x64.ActiveCfg = Release|Any CPU
		{ED44B51F-2A04-4FBF-B143-F48E4B8425C5}.Release|x64.Build.0 = Release|Any CPU
		{ED44B51F-2A04-4FBF-B143-F48E4B8425C5}.Release|x86.ActiveCfg = Release|Any CPU
		{ED44B51F-2A04-4FBF-B143-F48E4B8425C5}.Release|x86.Build.0 = Release|Any CPU
		{FAFCF780-29A8-4563-8FE7-9C04C2A28A25}.Debug|Any CPU.ActiveCfg = Debug|Any CPU
		{FAFCF780-29A8-4563-8FE7-9C04C2A28A25}.Debug|Any CPU.Build.0 = Debug|Any CPU
		{FAFCF780-29A8-4563-8FE7-9C04C2A28A25}.Debug|ARM.ActiveCfg = Debug|Any CPU
		{FAFCF780-29A8-4563-8FE7-9C04C2A28A25}.Debug|ARM.Build.0 = Debug|Any CPU
		{FAFCF780-29A8-4563-8FE7-9C04C2A28A25}.Debug|x64.ActiveCfg = Debug|Any CPU
		{FAFCF780-29A8-4563-8FE7-9C04C2A28A25}.Debug|x64.Build.0 = Debug|Any CPU
		{FAFCF780-29A8-4563-8FE7-9C04C2A28A25}.Debug|x86.ActiveCfg = Debug|Any CPU
		{FAFCF780-29A8-4563-8FE7-9C04C2A28A25}.Debug|x86.Build.0 = Debug|Any CPU
		{FAFCF780-29A8-4563-8FE7-9C04C2A28A25}.Release|Any CPU.ActiveCfg = Release|Any CPU
		{FAFCF780-29A8-4563-8FE7-9C04C2A28A25}.Release|Any CPU.Build.0 = Release|Any CPU
		{FAFCF780-29A8-4563-8FE7-9C04C2A28A25}.Release|ARM.ActiveCfg = Release|Any CPU
		{FAFCF780-29A8-4563-8FE7-9C04C2A28A25}.Release|ARM.Build.0 = Release|Any CPU
		{FAFCF780-29A8-4563-8FE7-9C04C2A28A25}.Release|x64.ActiveCfg = Release|Any CPU
		{FAFCF780-29A8-4563-8FE7-9C04C2A28A25}.Release|x64.Build.0 = Release|Any CPU
		{FAFCF780-29A8-4563-8FE7-9C04C2A28A25}.Release|x86.ActiveCfg = Release|Any CPU
		{FAFCF780-29A8-4563-8FE7-9C04C2A28A25}.Release|x86.Build.0 = Release|Any CPU
	EndGlobalSection
	GlobalSection(SolutionProperties) = preSolution
		HideSolutionNode = FALSE
	EndGlobalSection
	GlobalSection(NestedProjects) = preSolution
		{C7F8DBE6-77B7-494D-AF00-018F7579548C} = {B6984E67-A4D0-459E-B3C9-01CA4DBBE241}
		{3B9613C3-0FE1-4F7A-AD5A-454952629867} = {3D04C4DC-6F8E-4326-9569-92F3E26C6EEB}
		{0040F4F7-B6F8-4823-A6F6-1ABC16C20098} = {3D04C4DC-6F8E-4326-9569-92F3E26C6EEB}
		{C2A9F2F6-363A-4AE0-8080-6830CB204996} = {3D04C4DC-6F8E-4326-9569-92F3E26C6EEB}
		{D90E9B82-6317-4055-82E3-FE8625C143E9} = {B6984E67-A4D0-459E-B3C9-01CA4DBBE241}
		{D02DB5E8-FD54-46C4-8793-F117B7165D7D} = {3D04C4DC-6F8E-4326-9569-92F3E26C6EEB}
		{B4E683BC-92EA-4ADC-8B99-BA7208507D80} = {3D04C4DC-6F8E-4326-9569-92F3E26C6EEB}
		{D8AE3ECA-1BE6-44C5-9174-7C92CCFBEFC2} = {3D04C4DC-6F8E-4326-9569-92F3E26C6EEB}
		{4ED4B313-21BA-473E-ADC0-FF36E64C2DCF} = {3D04C4DC-6F8E-4326-9569-92F3E26C6EEB}
		{23BA9A56-8FD6-4ACC-AC34-F6D6122A9141} = {01F3CC7E-F996-411E-AFD6-72673A826549}
		{2CE6DC69-0C2E-4243-A5C1-DCDB96453916} = {01F3CC7E-F996-411E-AFD6-72673A826549}
		{0C84F94E-9E0E-4B84-8008-CEFF8AF393DD} = {01F3CC7E-F996-411E-AFD6-72673A826549}
		{BE46378C-08EE-47CC-B39D-DAAD6D108E17} = {01F3CC7E-F996-411E-AFD6-72673A826549}
		{925B4417-F650-4FE9-AB2B-2B10B9167ECF} = {01F3CC7E-F996-411E-AFD6-72673A826549}
		{13E5CB74-9697-454D-8AB4-CCE71597E71F} = {01F3CC7E-F996-411E-AFD6-72673A826549}
		{C3547DFD-E9DE-4519-9D18-0FD286EC9ED5} = {01F3CC7E-F996-411E-AFD6-72673A826549}
		{ED44B51F-2A04-4FBF-B143-F48E4B8425C5} = {01F3CC7E-F996-411E-AFD6-72673A826549}
		{FAFCF780-29A8-4563-8FE7-9C04C2A28A25} = {01F3CC7E-F996-411E-AFD6-72673A826549}
	EndGlobalSection
	GlobalSection(ExtensibilityGlobals) = postSolution
		SolutionGuid = {A659CEFB-DDB3-49BE-AEDD-FF2F1B3297DB}
	EndGlobalSection
EndGlobal
